// !$*UTF8*$!
{
	archiveVersion = 1;
	classes = {
	};
	objectVersion = 55;
	objects = {

/* Begin PBXBuildFile section */
		85075C5A28CC90E900FAF6BA /* UIViewController+Extension.swift in Sources */ = {isa = PBXBuildFile; fileRef = 85075C5928CC90E900FAF6BA /* UIViewController+Extension.swift */; };
		85075C5F28CC923500FAF6BA /* WriteViewController.swift in Sources */ = {isa = PBXBuildFile; fileRef = 85075C5E28CC923500FAF6BA /* WriteViewController.swift */; };
		85075C6128CC93CE00FAF6BA /* WriteViewModel.swift in Sources */ = {isa = PBXBuildFile; fileRef = 85075C6028CC93CE00FAF6BA /* WriteViewModel.swift */; };
		8514435128FEBC2F003BB1E9 /* AnimalNameButton.swift in Sources */ = {isa = PBXBuildFile; fileRef = 8514435028FEBC2F003BB1E9 /* AnimalNameButton.swift */; };
		853111BF28E2D5EE007F1804 /* AcknowList in Frameworks */ = {isa = PBXBuildFile; productRef = 853111BE28E2D5EE007F1804 /* AcknowList */; };
		853111C128E2DC86007F1804 /* Package.resolved in Resources */ = {isa = PBXBuildFile; fileRef = 853111C028E2DC86007F1804 /* Package.resolved */; };
		8543831C2A6D180900E7FF25 /* WriteView.swift in Sources */ = {isa = PBXBuildFile; fileRef = 8543831B2A6D180900E7FF25 /* WriteView.swift */; };
		854A00E328F54CA100575556 /* FirebaseAnalyticsWithoutAdIdSupport in Frameworks */ = {isa = PBXBuildFile; productRef = 854A00E228F54CA100575556 /* FirebaseAnalyticsWithoutAdIdSupport */; };
		854A00E528F54CA100575556 /* FirebaseCrashlytics in Frameworks */ = {isa = PBXBuildFile; productRef = 854A00E428F54CA100575556 /* FirebaseCrashlytics */; };
		854A00E728F54CA100575556 /* FirebaseMessaging in Frameworks */ = {isa = PBXBuildFile; productRef = 854A00E628F54CA100575556 /* FirebaseMessaging */; };
		854A00E928F5514200575556 /* GoogleService-Info.plist in Resources */ = {isa = PBXBuildFile; fileRef = 854A00E828F5514200575556 /* GoogleService-Info.plist */; };
		8556329428CA2D110055159E /* SelectButtonCollectionView.swift in Sources */ = {isa = PBXBuildFile; fileRef = 8556329328CA2D110055159E /* SelectButtonCollectionView.swift */; };
		8556329628CA2EB00055159E /* SelectButtonCollectionViewCell.swift in Sources */ = {isa = PBXBuildFile; fileRef = 8556329528CA2EB00055159E /* SelectButtonCollectionViewCell.swift */; };
		857541D528C9BBF1004DD880 /* AppDelegate.swift in Sources */ = {isa = PBXBuildFile; fileRef = 857541D428C9BBF1004DD880 /* AppDelegate.swift */; };
		857541D728C9BBF1004DD880 /* SceneDelegate.swift in Sources */ = {isa = PBXBuildFile; fileRef = 857541D628C9BBF1004DD880 /* SceneDelegate.swift */; };
		857541DE28C9BBF2004DD880 /* Assets.xcassets in Resources */ = {isa = PBXBuildFile; fileRef = 857541DD28C9BBF2004DD880 /* Assets.xcassets */; };
		857541E128C9BBF2004DD880 /* LaunchScreen.storyboard in Resources */ = {isa = PBXBuildFile; fileRef = 857541DF28C9BBF2004DD880 /* LaunchScreen.storyboard */; };
		857541E928C9BD0E004DD880 /* Documentation.docc in Sources */ = {isa = PBXBuildFile; fileRef = 857541E828C9BD0E004DD880 /* Documentation.docc */; };
		857541F128C9BF56004DD880 /* BaseViewController.swift in Sources */ = {isa = PBXBuildFile; fileRef = 857541F028C9BF56004DD880 /* BaseViewController.swift */; };
		857541F328C9BF84004DD880 /* BaseView.swift in Sources */ = {isa = PBXBuildFile; fileRef = 857541F228C9BF84004DD880 /* BaseView.swift */; };
		857541F628C9C074004DD880 /* HomeViewViewController.swift in Sources */ = {isa = PBXBuildFile; fileRef = 857541F528C9C074004DD880 /* HomeViewViewController.swift */; };
		857541F828C9C099004DD880 /* SearchViewController.swift in Sources */ = {isa = PBXBuildFile; fileRef = 857541F728C9C099004DD880 /* SearchViewController.swift */; };
		857541FA28C9C0B1004DD880 /* SettingViewController.swift in Sources */ = {isa = PBXBuildFile; fileRef = 857541F928C9C0B1004DD880 /* SettingViewController.swift */; };
		857541FD28C9C957004DD880 /* SnapKit in Frameworks */ = {isa = PBXBuildFile; productRef = 857541FC28C9C957004DD880 /* SnapKit */; };
		8575420028C9C985004DD880 /* FSCalendar in Frameworks */ = {isa = PBXBuildFile; productRef = 857541FF28C9C985004DD880 /* FSCalendar */; };
		8575420228C9C9CF004DD880 /* HomeView.swift in Sources */ = {isa = PBXBuildFile; fileRef = 8575420128C9C9CF004DD880 /* HomeView.swift */; };
		8575420528C9CC8E004DD880 /* HomeTableView.swift in Sources */ = {isa = PBXBuildFile; fileRef = 8575420428C9CC8E004DD880 /* HomeTableView.swift */; };
		8575422A28C9D1C3004DD880 /* ReusableProtocol.swift in Sources */ = {isa = PBXBuildFile; fileRef = 8575422928C9D1C3004DD880 /* ReusableProtocol.swift */; };
		8575422C28C9D8C6004DD880 /* CalendarView.swift in Sources */ = {isa = PBXBuildFile; fileRef = 8575422B28C9D8C6004DD880 /* CalendarView.swift */; };
		8594820228DC8327000C6AD7 /* WalkTroughViewController.swift in Sources */ = {isa = PBXBuildFile; fileRef = 8594820128DC8327000C6AD7 /* WalkTroughViewController.swift */; };
		8594820428DC838C000C6AD7 /* WalkThroughView.swift in Sources */ = {isa = PBXBuildFile; fileRef = 8594820328DC838C000C6AD7 /* WalkThroughView.swift */; };
		8594820728DC8675000C6AD7 /* WalkThroughViewModel.swift in Sources */ = {isa = PBXBuildFile; fileRef = 8594820628DC8675000C6AD7 /* WalkThroughViewModel.swift */; };
		8594820A28DC984A000C6AD7 /* UserDefaultsKey.swift in Sources */ = {isa = PBXBuildFile; fileRef = 8594820928DC984A000C6AD7 /* UserDefaultsKey.swift */; };
		8594820F28DCAB10000C6AD7 /* DocumentManager.swift in Sources */ = {isa = PBXBuildFile; fileRef = 8594820E28DCAB10000C6AD7 /* DocumentManager.swift */; };
		8594821228DCAC69000C6AD7 /* Zip in Frameworks */ = {isa = PBXBuildFile; productRef = 8594821128DCAC69000C6AD7 /* Zip */; };
		8594821428DCB2DA000C6AD7 /* Date+Extension.swift in Sources */ = {isa = PBXBuildFile; fileRef = 8594821328DCB2DA000C6AD7 /* Date+Extension.swift */; };
		8594821928DDF2AA000C6AD7 /* AlarmListTableViewCell.swift in Sources */ = {isa = PBXBuildFile; fileRef = 8594821828DDF2AA000C6AD7 /* AlarmListTableViewCell.swift */; };
		859BBCE528CB7035006EF18A /* Observable.swift in Sources */ = {isa = PBXBuildFile; fileRef = 859BBCE428CB7035006EF18A /* Observable.swift */; };
		859BBCE928CB7473006EF18A /* HomeViewModel.swift in Sources */ = {isa = PBXBuildFile; fileRef = 859BBCE828CB7473006EF18A /* HomeViewModel.swift */; };
		859D68062947037F00B4C617 /* Realm in Frameworks */ = {isa = PBXBuildFile; productRef = 859D68052947037F00B4C617 /* Realm */; };
		859D68082947037F00B4C617 /* RealmSwift in Frameworks */ = {isa = PBXBuildFile; productRef = 859D68072947037F00B4C617 /* RealmSwift */; };
		85A8D00928CEFA4400F22A80 /* FontList.swift in Sources */ = {isa = PBXBuildFile; fileRef = 85A8D00828CEFA4400F22A80 /* FontList.swift */; };
		85A8D00E28CF0AA000F22A80 /* Jalnan.ttf in Resources */ = {isa = PBXBuildFile; fileRef = 85A8D00D28CF0AA000F22A80 /* Jalnan.ttf */; };
		85A8D01028CF0DBF00F22A80 /* UIColor+Extension.swift in Sources */ = {isa = PBXBuildFile; fileRef = 85A8D00F28CF0DBF00F22A80 /* UIColor+Extension.swift */; };
		85A8D01428CF611400F22A80 /* SelectButtonModel.swift in Sources */ = {isa = PBXBuildFile; fileRef = 85A8D01328CF611400F22A80 /* SelectButtonModel.swift */; };
		85A8D01928CF89F900F22A80 /* MemoView.swift in Sources */ = {isa = PBXBuildFile; fileRef = 85A8D01828CF89F900F22A80 /* MemoView.swift */; };
		85A8D01F28D0763500F22A80 /* SearchView.swift in Sources */ = {isa = PBXBuildFile; fileRef = 85A8D01E28D0763500F22A80 /* SearchView.swift */; };
		85A8D02228D0798200F22A80 /* SearchViewModel.swift in Sources */ = {isa = PBXBuildFile; fileRef = 85A8D02128D0798200F22A80 /* SearchViewModel.swift */; };
		85A8D02828D0BE6D00F22A80 /* SettingViewModel.swift in Sources */ = {isa = PBXBuildFile; fileRef = 85A8D02728D0BE6D00F22A80 /* SettingViewModel.swift */; };
		85A8D02A28D0BE8000F22A80 /* SettingView.swift in Sources */ = {isa = PBXBuildFile; fileRef = 85A8D02928D0BE8000F22A80 /* SettingView.swift */; };
		85A8D02C28D0C08900F22A80 /* SettingTableViewCell.swift in Sources */ = {isa = PBXBuildFile; fileRef = 85A8D02B28D0C08900F22A80 /* SettingTableViewCell.swift */; };
		85A8D02E28D0CA1600F22A80 /* BaseTableViewCell.swift in Sources */ = {isa = PBXBuildFile; fileRef = 85A8D02D28D0CA1600F22A80 /* BaseTableViewCell.swift */; };
		85A8D03228D0DB6400F22A80 /* MemoListTableViewCell.swift in Sources */ = {isa = PBXBuildFile; fileRef = 85A8D03128D0DB6400F22A80 /* MemoListTableViewCell.swift */; };
		85A8D03828D1A45F00F22A80 /* IQKeyboardManagerSwift in Frameworks */ = {isa = PBXBuildFile; productRef = 85A8D03728D1A45F00F22A80 /* IQKeyboardManagerSwift */; };
		85A8D03F28D216A000F22A80 /* UserDiaryRepository.swift in Sources */ = {isa = PBXBuildFile; fileRef = 85A8D03E28D216A000F22A80 /* UserDiaryRepository.swift */; };
		85A8D04128D216B300F22A80 /* Diary.swift in Sources */ = {isa = PBXBuildFile; fileRef = 85A8D04028D216B300F22A80 /* Diary.swift */; };
		85A8E7B92A2DE0F300587C6B /* ImageCollectionViewCell.swift in Sources */ = {isa = PBXBuildFile; fileRef = 85A8E7B82A2DE0F300587C6B /* ImageCollectionViewCell.swift */; };
		85A93CD828D30232006C06D6 /* CommonViewModel.swift in Sources */ = {isa = PBXBuildFile; fileRef = 85A93CD728D30232006C06D6 /* CommonViewModel.swift */; };
		85A93CDA28D31A90006C06D6 /* String+Extension.swift in Sources */ = {isa = PBXBuildFile; fileRef = 85A93CD928D31A90006C06D6 /* String+Extension.swift */; };
		85A93CDF28D49623006C06D6 /* MemoHeaderView.swift in Sources */ = {isa = PBXBuildFile; fileRef = 85A93CDE28D49623006C06D6 /* MemoHeaderView.swift */; };
		85B3C27728E089F400B592C9 /* CropViewController in Frameworks */ = {isa = PBXBuildFile; productRef = 85B3C27628E089F400B592C9 /* CropViewController */; };
		85B3C27928E089F400B592C9 /* TOCropViewController in Frameworks */ = {isa = PBXBuildFile; productRef = 85B3C27828E089F400B592C9 /* TOCropViewController */; };
		85C1381C28FE9E4700ACBC8E /* AnimalNameCollectionViewCell.swift in Sources */ = {isa = PBXBuildFile; fileRef = 85C1381B28FE9E4700ACBC8E /* AnimalNameCollectionViewCell.swift */; };
		85C42F8029C09EA900FBC470 /* ProfileView.swift in Sources */ = {isa = PBXBuildFile; fileRef = 85C42F7F29C09EA900FBC470 /* ProfileView.swift */; };
		85CCEAE828D8978C0086E5CA /* AlarmView.swift in Sources */ = {isa = PBXBuildFile; fileRef = 85CCEAE728D8978C0086E5CA /* AlarmView.swift */; };
		85CCEAEC28D89C350086E5CA /* AlarmViewController.swift in Sources */ = {isa = PBXBuildFile; fileRef = 85CCEAEB28D89C350086E5CA /* AlarmViewController.swift */; };
		85CCEAEE28D89CAE0086E5CA /* AlarmViewModel.swift in Sources */ = {isa = PBXBuildFile; fileRef = 85CCEAED28D89CAE0086E5CA /* AlarmViewModel.swift */; };
		85E17B012961CE5400124C89 /* Category.swift in Sources */ = {isa = PBXBuildFile; fileRef = 85E17B002961CE5400124C89 /* Category.swift */; };
		85E17B072961DDF800124C89 /* MainTabViewController.swift in Sources */ = {isa = PBXBuildFile; fileRef = 85E17B062961DDF800124C89 /* MainTabViewController.swift */; };
		85EC496028D6392B0095EEB4 /* LineView.swift in Sources */ = {isa = PBXBuildFile; fileRef = 85EC495F28D6392B0095EEB4 /* LineView.swift */; };
/* End PBXBuildFile section */

/* Begin PBXFileReference section */
		85075C5928CC90E900FAF6BA /* UIViewController+Extension.swift */ = {isa = PBXFileReference; lastKnownFileType = sourcecode.swift; path = "UIViewController+Extension.swift"; sourceTree = "<group>"; };
		85075C5E28CC923500FAF6BA /* WriteViewController.swift */ = {isa = PBXFileReference; lastKnownFileType = sourcecode.swift; path = WriteViewController.swift; sourceTree = "<group>"; };
		85075C6028CC93CE00FAF6BA /* WriteViewModel.swift */ = {isa = PBXFileReference; lastKnownFileType = sourcecode.swift; path = WriteViewModel.swift; sourceTree = "<group>"; };
		8514435028FEBC2F003BB1E9 /* AnimalNameButton.swift */ = {isa = PBXFileReference; lastKnownFileType = sourcecode.swift; path = AnimalNameButton.swift; sourceTree = "<group>"; };
		853111C028E2DC86007F1804 /* Package.resolved */ = {isa = PBXFileReference; fileEncoding = 4; lastKnownFileType = text; name = Package.resolved; path = BanGiDa.xcodeproj/project.xcworkspace/xcshareddata/swiftpm/Package.resolved; sourceTree = "<group>"; };
		8543831B2A6D180900E7FF25 /* WriteView.swift */ = {isa = PBXFileReference; lastKnownFileType = sourcecode.swift; path = WriteView.swift; sourceTree = "<group>"; };
		854A00E828F5514200575556 /* GoogleService-Info.plist */ = {isa = PBXFileReference; fileEncoding = 4; lastKnownFileType = text.plist.xml; path = "GoogleService-Info.plist"; sourceTree = "<group>"; };
		854A00EA28F5539E00575556 /* BanGiDa.entitlements */ = {isa = PBXFileReference; lastKnownFileType = text.plist.entitlements; path = BanGiDa.entitlements; sourceTree = "<group>"; };
		8556329328CA2D110055159E /* SelectButtonCollectionView.swift */ = {isa = PBXFileReference; lastKnownFileType = sourcecode.swift; path = SelectButtonCollectionView.swift; sourceTree = "<group>"; };
		8556329528CA2EB00055159E /* SelectButtonCollectionViewCell.swift */ = {isa = PBXFileReference; lastKnownFileType = sourcecode.swift; path = SelectButtonCollectionViewCell.swift; sourceTree = "<group>"; };
		857541D128C9BBF1004DD880 /* BanGiDa.app */ = {isa = PBXFileReference; explicitFileType = wrapper.application; includeInIndex = 0; path = BanGiDa.app; sourceTree = BUILT_PRODUCTS_DIR; };
		857541D428C9BBF1004DD880 /* AppDelegate.swift */ = {isa = PBXFileReference; lastKnownFileType = sourcecode.swift; path = AppDelegate.swift; sourceTree = "<group>"; };
		857541D628C9BBF1004DD880 /* SceneDelegate.swift */ = {isa = PBXFileReference; lastKnownFileType = sourcecode.swift; path = SceneDelegate.swift; sourceTree = "<group>"; };
		857541DD28C9BBF2004DD880 /* Assets.xcassets */ = {isa = PBXFileReference; lastKnownFileType = folder.assetcatalog; path = Assets.xcassets; sourceTree = "<group>"; };
		857541E028C9BBF2004DD880 /* Base */ = {isa = PBXFileReference; lastKnownFileType = file.storyboard; name = Base; path = Base.lproj/LaunchScreen.storyboard; sourceTree = "<group>"; };
		857541E228C9BBF2004DD880 /* Info.plist */ = {isa = PBXFileReference; lastKnownFileType = text.plist.xml; path = Info.plist; sourceTree = "<group>"; };
		857541E828C9BD0E004DD880 /* Documentation.docc */ = {isa = PBXFileReference; lastKnownFileType = folder.documentationcatalog; path = Documentation.docc; sourceTree = "<group>"; };
		857541F028C9BF56004DD880 /* BaseViewController.swift */ = {isa = PBXFileReference; lastKnownFileType = sourcecode.swift; path = BaseViewController.swift; sourceTree = "<group>"; };
		857541F228C9BF84004DD880 /* BaseView.swift */ = {isa = PBXFileReference; lastKnownFileType = sourcecode.swift; path = BaseView.swift; sourceTree = "<group>"; };
		857541F528C9C074004DD880 /* HomeViewViewController.swift */ = {isa = PBXFileReference; lastKnownFileType = sourcecode.swift; path = HomeViewViewController.swift; sourceTree = "<group>"; };
		857541F728C9C099004DD880 /* SearchViewController.swift */ = {isa = PBXFileReference; lastKnownFileType = sourcecode.swift; path = SearchViewController.swift; sourceTree = "<group>"; };
		857541F928C9C0B1004DD880 /* SettingViewController.swift */ = {isa = PBXFileReference; lastKnownFileType = sourcecode.swift; path = SettingViewController.swift; sourceTree = "<group>"; };
		8575420128C9C9CF004DD880 /* HomeView.swift */ = {isa = PBXFileReference; lastKnownFileType = sourcecode.swift; path = HomeView.swift; sourceTree = "<group>"; };
		8575420428C9CC8E004DD880 /* HomeTableView.swift */ = {isa = PBXFileReference; lastKnownFileType = sourcecode.swift; path = HomeTableView.swift; sourceTree = "<group>"; };
		8575422928C9D1C3004DD880 /* ReusableProtocol.swift */ = {isa = PBXFileReference; lastKnownFileType = sourcecode.swift; path = ReusableProtocol.swift; sourceTree = "<group>"; };
		8575422B28C9D8C6004DD880 /* CalendarView.swift */ = {isa = PBXFileReference; lastKnownFileType = sourcecode.swift; path = CalendarView.swift; sourceTree = "<group>"; };
		8594820128DC8327000C6AD7 /* WalkTroughViewController.swift */ = {isa = PBXFileReference; lastKnownFileType = sourcecode.swift; path = WalkTroughViewController.swift; sourceTree = "<group>"; };
		8594820328DC838C000C6AD7 /* WalkThroughView.swift */ = {isa = PBXFileReference; lastKnownFileType = sourcecode.swift; path = WalkThroughView.swift; sourceTree = "<group>"; };
		8594820628DC8675000C6AD7 /* WalkThroughViewModel.swift */ = {isa = PBXFileReference; lastKnownFileType = sourcecode.swift; path = WalkThroughViewModel.swift; sourceTree = "<group>"; };
		8594820928DC984A000C6AD7 /* UserDefaultsKey.swift */ = {isa = PBXFileReference; lastKnownFileType = sourcecode.swift; path = UserDefaultsKey.swift; sourceTree = "<group>"; };
		8594820E28DCAB10000C6AD7 /* DocumentManager.swift */ = {isa = PBXFileReference; lastKnownFileType = sourcecode.swift; path = DocumentManager.swift; sourceTree = "<group>"; };
		8594821328DCB2DA000C6AD7 /* Date+Extension.swift */ = {isa = PBXFileReference; lastKnownFileType = sourcecode.swift; path = "Date+Extension.swift"; sourceTree = "<group>"; };
		8594821828DDF2AA000C6AD7 /* AlarmListTableViewCell.swift */ = {isa = PBXFileReference; lastKnownFileType = sourcecode.swift; path = AlarmListTableViewCell.swift; sourceTree = "<group>"; };
		859BBCE428CB7035006EF18A /* Observable.swift */ = {isa = PBXFileReference; lastKnownFileType = sourcecode.swift; path = Observable.swift; sourceTree = "<group>"; };
		859BBCE828CB7473006EF18A /* HomeViewModel.swift */ = {isa = PBXFileReference; lastKnownFileType = sourcecode.swift; path = HomeViewModel.swift; sourceTree = "<group>"; };
		85A8D00828CEFA4400F22A80 /* FontList.swift */ = {isa = PBXFileReference; lastKnownFileType = sourcecode.swift; path = FontList.swift; sourceTree = "<group>"; };
		85A8D00D28CF0AA000F22A80 /* Jalnan.ttf */ = {isa = PBXFileReference; lastKnownFileType = file; path = Jalnan.ttf; sourceTree = "<group>"; };
		85A8D00F28CF0DBF00F22A80 /* UIColor+Extension.swift */ = {isa = PBXFileReference; lastKnownFileType = sourcecode.swift; path = "UIColor+Extension.swift"; sourceTree = "<group>"; };
		85A8D01328CF611400F22A80 /* SelectButtonModel.swift */ = {isa = PBXFileReference; lastKnownFileType = sourcecode.swift; path = SelectButtonModel.swift; sourceTree = "<group>"; };
		85A8D01828CF89F900F22A80 /* MemoView.swift */ = {isa = PBXFileReference; lastKnownFileType = sourcecode.swift; path = MemoView.swift; sourceTree = "<group>"; };
		85A8D01E28D0763500F22A80 /* SearchView.swift */ = {isa = PBXFileReference; lastKnownFileType = sourcecode.swift; path = SearchView.swift; sourceTree = "<group>"; };
		85A8D02128D0798200F22A80 /* SearchViewModel.swift */ = {isa = PBXFileReference; lastKnownFileType = sourcecode.swift; path = SearchViewModel.swift; sourceTree = "<group>"; };
		85A8D02728D0BE6D00F22A80 /* SettingViewModel.swift */ = {isa = PBXFileReference; lastKnownFileType = sourcecode.swift; path = SettingViewModel.swift; sourceTree = "<group>"; };
		85A8D02928D0BE8000F22A80 /* SettingView.swift */ = {isa = PBXFileReference; lastKnownFileType = sourcecode.swift; path = SettingView.swift; sourceTree = "<group>"; };
		85A8D02B28D0C08900F22A80 /* SettingTableViewCell.swift */ = {isa = PBXFileReference; lastKnownFileType = sourcecode.swift; path = SettingTableViewCell.swift; sourceTree = "<group>"; };
		85A8D02D28D0CA1600F22A80 /* BaseTableViewCell.swift */ = {isa = PBXFileReference; lastKnownFileType = sourcecode.swift; path = BaseTableViewCell.swift; sourceTree = "<group>"; };
		85A8D03128D0DB6400F22A80 /* MemoListTableViewCell.swift */ = {isa = PBXFileReference; lastKnownFileType = sourcecode.swift; path = MemoListTableViewCell.swift; sourceTree = "<group>"; };
		85A8D03E28D216A000F22A80 /* UserDiaryRepository.swift */ = {isa = PBXFileReference; lastKnownFileType = sourcecode.swift; path = UserDiaryRepository.swift; sourceTree = "<group>"; };
		85A8D04028D216B300F22A80 /* Diary.swift */ = {isa = PBXFileReference; lastKnownFileType = sourcecode.swift; path = Diary.swift; sourceTree = "<group>"; };
		85A8E7B82A2DE0F300587C6B /* ImageCollectionViewCell.swift */ = {isa = PBXFileReference; lastKnownFileType = sourcecode.swift; path = ImageCollectionViewCell.swift; sourceTree = "<group>"; };
		85A93CD728D30232006C06D6 /* CommonViewModel.swift */ = {isa = PBXFileReference; lastKnownFileType = sourcecode.swift; path = CommonViewModel.swift; sourceTree = "<group>"; };
		85A93CD928D31A90006C06D6 /* String+Extension.swift */ = {isa = PBXFileReference; lastKnownFileType = sourcecode.swift; path = "String+Extension.swift"; sourceTree = "<group>"; };
		85A93CDE28D49623006C06D6 /* MemoHeaderView.swift */ = {isa = PBXFileReference; lastKnownFileType = sourcecode.swift; path = MemoHeaderView.swift; sourceTree = "<group>"; };
		85C1381B28FE9E4700ACBC8E /* AnimalNameCollectionViewCell.swift */ = {isa = PBXFileReference; lastKnownFileType = sourcecode.swift; path = AnimalNameCollectionViewCell.swift; sourceTree = "<group>"; };
		85C42F7F29C09EA900FBC470 /* ProfileView.swift */ = {isa = PBXFileReference; lastKnownFileType = sourcecode.swift; path = ProfileView.swift; sourceTree = "<group>"; };
		85CCEAE728D8978C0086E5CA /* AlarmView.swift */ = {isa = PBXFileReference; lastKnownFileType = sourcecode.swift; path = AlarmView.swift; sourceTree = "<group>"; };
		85CCEAEB28D89C350086E5CA /* AlarmViewController.swift */ = {isa = PBXFileReference; lastKnownFileType = sourcecode.swift; path = AlarmViewController.swift; sourceTree = "<group>"; };
		85CCEAED28D89CAE0086E5CA /* AlarmViewModel.swift */ = {isa = PBXFileReference; lastKnownFileType = sourcecode.swift; path = AlarmViewModel.swift; sourceTree = "<group>"; };
		85E17B002961CE5400124C89 /* Category.swift */ = {isa = PBXFileReference; lastKnownFileType = sourcecode.swift; path = Category.swift; sourceTree = "<group>"; };
		85E17B062961DDF800124C89 /* MainTabViewController.swift */ = {isa = PBXFileReference; lastKnownFileType = sourcecode.swift; name = MainTabViewController.swift; path = BanGiDa/Presentation/Common/Util/MainTabViewController.swift; sourceTree = SOURCE_ROOT; };
		85EC495F28D6392B0095EEB4 /* LineView.swift */ = {isa = PBXFileReference; lastKnownFileType = sourcecode.swift; path = LineView.swift; sourceTree = "<group>"; };
/* End PBXFileReference section */

/* Begin PBXFrameworksBuildPhase section */
		857541CE28C9BBF1004DD880 /* Frameworks */ = {
			isa = PBXFrameworksBuildPhase;
			buildActionMask = 2147483647;
			files = (
				859D68082947037F00B4C617 /* RealmSwift in Frameworks */,
				859D68062947037F00B4C617 /* Realm in Frameworks */,
				854A00E728F54CA100575556 /* FirebaseMessaging in Frameworks */,
				8594821228DCAC69000C6AD7 /* Zip in Frameworks */,
				854A00E328F54CA100575556 /* FirebaseAnalyticsWithoutAdIdSupport in Frameworks */,
				853111BF28E2D5EE007F1804 /* AcknowList in Frameworks */,
				857541FD28C9C957004DD880 /* SnapKit in Frameworks */,
				854A00E528F54CA100575556 /* FirebaseCrashlytics in Frameworks */,
				85B3C27928E089F400B592C9 /* TOCropViewController in Frameworks */,
				8575420028C9C985004DD880 /* FSCalendar in Frameworks */,
				85A8D03828D1A45F00F22A80 /* IQKeyboardManagerSwift in Frameworks */,
				85B3C27728E089F400B592C9 /* CropViewController in Frameworks */,
			);
			runOnlyForDeploymentPostprocessing = 0;
		};
/* End PBXFrameworksBuildPhase section */

/* Begin PBXGroup section */
		85075C5828CC90DA00FAF6BA /* Extension */ = {
			isa = PBXGroup;
			children = (
				85075C5928CC90E900FAF6BA /* UIViewController+Extension.swift */,
				85A8D00F28CF0DBF00F22A80 /* UIColor+Extension.swift */,
				85A93CD928D31A90006C06D6 /* String+Extension.swift */,
				8594821328DCB2DA000C6AD7 /* Date+Extension.swift */,
			);
			path = Extension;
			sourceTree = "<group>";
		};
		85075C5B28CC91F200FAF6BA /* Write */ = {
			isa = PBXGroup;
			children = (
				85075C5D28CC921500FAF6BA /* ViewModel */,
				85075C5C28CC920F00FAF6BA /* View */,
			);
			path = Write;
			sourceTree = "<group>";
		};
		85075C5C28CC920F00FAF6BA /* View */ = {
			isa = PBXGroup;
			children = (
				85A8D01728CF89DA00F22A80 /* MemoView */,
				85075C5E28CC923500FAF6BA /* WriteViewController.swift */,
			);
			path = View;
			sourceTree = "<group>";
		};
		85075C5D28CC921500FAF6BA /* ViewModel */ = {
			isa = PBXGroup;
			children = (
				85075C6028CC93CE00FAF6BA /* WriteViewModel.swift */,
			);
			path = ViewModel;
			sourceTree = "<group>";
		};
		85719E762917C0ED00E8F88D /* Application */ = {
			isa = PBXGroup;
			children = (
				8594820828DC9833000C6AD7 /* Utility */,
				857541D428C9BBF1004DD880 /* AppDelegate.swift */,
				857541D628C9BBF1004DD880 /* SceneDelegate.swift */,
			);
			path = Application;
			sourceTree = "<group>";
		};
		857541C828C9BBF1004DD880 = {
			isa = PBXGroup;
			children = (
				853111C028E2DC86007F1804 /* Package.resolved */,
				857541E828C9BD0E004DD880 /* Documentation.docc */,
				857541D328C9BBF1004DD880 /* BanGiDa */,
				857541D228C9BBF1004DD880 /* Products */,
			);
			sourceTree = "<group>";
		};
		857541D228C9BBF1004DD880 /* Products */ = {
			isa = PBXGroup;
			children = (
				857541D128C9BBF1004DD880 /* BanGiDa.app */,
			);
			name = Products;
			sourceTree = "<group>";
		};
		857541D328C9BBF1004DD880 /* BanGiDa */ = {
			isa = PBXGroup;
			children = (
				854A00EA28F5539E00575556 /* BanGiDa.entitlements */,
				854A00E828F5514200575556 /* GoogleService-Info.plist */,
				85719E762917C0ED00E8F88D /* Application */,
				8594820D28DCAAE6000C6AD7 /* DataBase */,
				85A8D01628CF777F00F22A80 /* Presentation */,
				85A8D00328CEF8BF00F22A80 /* Resource */,
				85075C5828CC90DA00FAF6BA /* Extension */,
				8575422828C9D1AC004DD880 /* Protocol */,
				857541DD28C9BBF2004DD880 /* Assets.xcassets */,
				857541DF28C9BBF2004DD880 /* LaunchScreen.storyboard */,
				857541E228C9BBF2004DD880 /* Info.plist */,
			);
			path = BanGiDa;
			sourceTree = "<group>";
		};
		857541EB28C9BEFA004DD880 /* Search */ = {
			isa = PBXGroup;
			children = (
				85A8D01B28D0761300F22A80 /* ViewModel */,
				85A8D01C28D0762000F22A80 /* View */,
			);
			path = Search;
			sourceTree = "<group>";
		};
		857541EC28C9BF1E004DD880 /* Setting */ = {
			isa = PBXGroup;
			children = (
				85A8D02628D0BE6200F22A80 /* ViewModel */,
				85A8D02528D0BE5900F22A80 /* View */,
			);
			path = Setting;
			sourceTree = "<group>";
		};
		857541EF28C9BF48004DD880 /* Base */ = {
			isa = PBXGroup;
			children = (
				857541F028C9BF56004DD880 /* BaseViewController.swift */,
				857541F228C9BF84004DD880 /* BaseView.swift */,
				85A8D02D28D0CA1600F22A80 /* BaseTableViewCell.swift */,
			);
			path = Base;
			sourceTree = "<group>";
		};
		8575420328C9CA74004DD880 /* View */ = {
			isa = PBXGroup;
			children = (
				859BBCE728CB742D006EF18A /* HomeView */,
				857541F528C9C074004DD880 /* HomeViewViewController.swift */,
			);
			path = View;
			sourceTree = "<group>";
		};
		8575422828C9D1AC004DD880 /* Protocol */ = {
			isa = PBXGroup;
			children = (
				8575422928C9D1C3004DD880 /* ReusableProtocol.swift */,
			);
			path = Protocol;
			sourceTree = "<group>";
		};
		859481FF28DC8309000C6AD7 /* WalkTrough */ = {
			isa = PBXGroup;
			children = (
				8594820528DC8664000C6AD7 /* ViewModel */,
				8594820028DC831C000C6AD7 /* View */,
			);
			path = WalkTrough;
			sourceTree = "<group>";
		};
		8594820028DC831C000C6AD7 /* View */ = {
			isa = PBXGroup;
			children = (
				8594820328DC838C000C6AD7 /* WalkThroughView.swift */,
				8594820128DC8327000C6AD7 /* WalkTroughViewController.swift */,
			);
			path = View;
			sourceTree = "<group>";
		};
		8594820528DC8664000C6AD7 /* ViewModel */ = {
			isa = PBXGroup;
			children = (
				8594820628DC8675000C6AD7 /* WalkThroughViewModel.swift */,
			);
			path = ViewModel;
			sourceTree = "<group>";
		};
		8594820828DC9833000C6AD7 /* Utility */ = {
			isa = PBXGroup;
			children = (
				859BBCE428CB7035006EF18A /* Observable.swift */,
			);
			path = Utility;
			sourceTree = "<group>";
		};
		8594820D28DCAAE6000C6AD7 /* DataBase */ = {
			isa = PBXGroup;
			children = (
				85A8D03D28D2167800F22A80 /* Realm */,
				8594820928DC984A000C6AD7 /* UserDefaultsKey.swift */,
				8594820E28DCAB10000C6AD7 /* DocumentManager.swift */,
				85A8D03E28D216A000F22A80 /* UserDiaryRepository.swift */,
			);
			path = DataBase;
			sourceTree = "<group>";
		};
		859BBCE628CB729A006EF18A /* ViewModel */ = {
			isa = PBXGroup;
			children = (
				859BBCE828CB7473006EF18A /* HomeViewModel.swift */,
			);
			path = ViewModel;
			sourceTree = "<group>";
		};
		859BBCE728CB742D006EF18A /* HomeView */ = {
			isa = PBXGroup;
			children = (
				8575420128C9C9CF004DD880 /* HomeView.swift */,
				8575422B28C9D8C6004DD880 /* CalendarView.swift */,
				8575420428C9CC8E004DD880 /* HomeTableView.swift */,
			);
			path = HomeView;
			sourceTree = "<group>";
		};
		85A8D00328CEF8BF00F22A80 /* Resource */ = {
			isa = PBXGroup;
			children = (
				85A8D00D28CF0AA000F22A80 /* Jalnan.ttf */,
				85A8D00828CEFA4400F22A80 /* FontList.swift */,
			);
			path = Resource;
			sourceTree = "<group>";
		};
		85A8D01128CF60ED00F22A80 /* Home */ = {
			isa = PBXGroup;
			children = (
				859BBCE628CB729A006EF18A /* ViewModel */,
				8575420328C9CA74004DD880 /* View */,
			);
			path = Home;
			sourceTree = "<group>";
		};
		85A8D01228CF60F700F22A80 /* Button */ = {
			isa = PBXGroup;
			children = (
				85C1381D28FEBBAE00ACBC8E /* Category */,
			);
			path = Button;
			sourceTree = "<group>";
		};
		85A8D01628CF777F00F22A80 /* Presentation */ = {
			isa = PBXGroup;
			children = (
				85A8D02028D0776400F22A80 /* Common */,
				859481FF28DC8309000C6AD7 /* WalkTrough */,
				85E17B042961DDB000124C89 /* Main */,
			);
			path = Presentation;
			sourceTree = "<group>";
		};
		85A8D01728CF89DA00F22A80 /* MemoView */ = {
			isa = PBXGroup;
			children = (
				85A8E7B72A2DE0E600587C6B /* Cell */,
				85A8D01828CF89F900F22A80 /* MemoView.swift */,
				8543831B2A6D180900E7FF25 /* WriteView.swift */,
			);
			path = MemoView;
			sourceTree = "<group>";
		};
		85A8D01B28D0761300F22A80 /* ViewModel */ = {
			isa = PBXGroup;
			children = (
				85A8D02128D0798200F22A80 /* SearchViewModel.swift */,
			);
			path = ViewModel;
			sourceTree = "<group>";
		};
		85A8D01C28D0762000F22A80 /* View */ = {
			isa = PBXGroup;
			children = (
				85A8D01D28D0762900F22A80 /* SearchView */,
				857541F728C9C099004DD880 /* SearchViewController.swift */,
			);
			path = View;
			sourceTree = "<group>";
		};
		85A8D01D28D0762900F22A80 /* SearchView */ = {
			isa = PBXGroup;
			children = (
				85A8D01E28D0763500F22A80 /* SearchView.swift */,
			);
			path = SearchView;
			sourceTree = "<group>";
		};
		85A8D02028D0776400F22A80 /* Common */ = {
			isa = PBXGroup;
			children = (
				85E17AFF2961CDD700124C89 /* Util */,
				857541EF28C9BF48004DD880 /* Base */,
				85A93CD628D30224006C06D6 /* ViewModel */,
				85A8D02F28D0DAE700F22A80 /* Style */,
			);
			path = Common;
			sourceTree = "<group>";
		};
		85A8D02528D0BE5900F22A80 /* View */ = {
			isa = PBXGroup;
			children = (
				85A8D02928D0BE8000F22A80 /* SettingView.swift */,
				85A8D02B28D0C08900F22A80 /* SettingTableViewCell.swift */,
				857541F928C9C0B1004DD880 /* SettingViewController.swift */,
				85C42F7F29C09EA900FBC470 /* ProfileView.swift */,
			);
			path = View;
			sourceTree = "<group>";
		};
		85A8D02628D0BE6200F22A80 /* ViewModel */ = {
			isa = PBXGroup;
			children = (
				85A8D02728D0BE6D00F22A80 /* SettingViewModel.swift */,
			);
			path = ViewModel;
			sourceTree = "<group>";
		};
		85A8D02F28D0DAE700F22A80 /* Style */ = {
			isa = PBXGroup;
			children = (
				85EC495E28D639070095EEB4 /* View */,
				85A8D03028D0DB0600F22A80 /* MemoList */,
				85A8D01228CF60F700F22A80 /* Button */,
			);
			path = Style;
			sourceTree = "<group>";
		};
		85A8D03028D0DB0600F22A80 /* MemoList */ = {
			isa = PBXGroup;
			children = (
				85A8D03128D0DB6400F22A80 /* MemoListTableViewCell.swift */,
				85A93CDE28D49623006C06D6 /* MemoHeaderView.swift */,
				8594821828DDF2AA000C6AD7 /* AlarmListTableViewCell.swift */,
			);
			path = MemoList;
			sourceTree = "<group>";
		};
		85A8D03D28D2167800F22A80 /* Realm */ = {
			isa = PBXGroup;
			children = (
				85A8D04028D216B300F22A80 /* Diary.swift */,
			);
			path = Realm;
			sourceTree = "<group>";
		};
		85A8E7B72A2DE0E600587C6B /* Cell */ = {
			isa = PBXGroup;
			children = (
				85C1381B28FE9E4700ACBC8E /* AnimalNameCollectionViewCell.swift */,
				85A8E7B82A2DE0F300587C6B /* ImageCollectionViewCell.swift */,
			);
			path = Cell;
			sourceTree = "<group>";
		};
		85A93CD628D30224006C06D6 /* ViewModel */ = {
			isa = PBXGroup;
			children = (
				85A93CD728D30232006C06D6 /* CommonViewModel.swift */,
			);
			path = ViewModel;
			sourceTree = "<group>";
		};
		85C1381D28FEBBAE00ACBC8E /* Category */ = {
			isa = PBXGroup;
			children = (
				8556329328CA2D110055159E /* SelectButtonCollectionView.swift */,
				8556329528CA2EB00055159E /* SelectButtonCollectionViewCell.swift */,
				85A8D01328CF611400F22A80 /* SelectButtonModel.swift */,
				8514435028FEBC2F003BB1E9 /* AnimalNameButton.swift */,
			);
			path = Category;
			sourceTree = "<group>";
		};
		85CCEAE628D897800086E5CA /* Alarm */ = {
			isa = PBXGroup;
			children = (
				85CCEAE928D897900086E5CA /* ViewModel */,
				85CCEAEA28D897960086E5CA /* View */,
			);
			path = Alarm;
			sourceTree = "<group>";
		};
		85CCEAE928D897900086E5CA /* ViewModel */ = {
			isa = PBXGroup;
			children = (
				85CCEAED28D89CAE0086E5CA /* AlarmViewModel.swift */,
			);
			path = ViewModel;
			sourceTree = "<group>";
		};
		85CCEAEA28D897960086E5CA /* View */ = {
			isa = PBXGroup;
			children = (
				85CCEAE728D8978C0086E5CA /* AlarmView.swift */,
				85CCEAEB28D89C350086E5CA /* AlarmViewController.swift */,
			);
			path = View;
			sourceTree = "<group>";
		};
		85E17AFF2961CDD700124C89 /* Util */ = {
			isa = PBXGroup;
			children = (
				85E17B002961CE5400124C89 /* Category.swift */,
			);
			path = Util;
			sourceTree = "<group>";
		};
		85E17B042961DDB000124C89 /* Main */ = {
			isa = PBXGroup;
			children = (
				85E17B052961DDCA00124C89 /* TabBar */,
				85CCEAE628D897800086E5CA /* Alarm */,
				85075C5B28CC91F200FAF6BA /* Write */,
				85A8D01128CF60ED00F22A80 /* Home */,
				857541EB28C9BEFA004DD880 /* Search */,
				857541EC28C9BF1E004DD880 /* Setting */,
			);
			path = Main;
			sourceTree = "<group>";
		};
		85E17B052961DDCA00124C89 /* TabBar */ = {
			isa = PBXGroup;
			children = (
				85E17B062961DDF800124C89 /* MainTabViewController.swift */,
			);
			path = TabBar;
			sourceTree = "<group>";
		};
		85EC495E28D639070095EEB4 /* View */ = {
			isa = PBXGroup;
			children = (
				85EC495F28D6392B0095EEB4 /* LineView.swift */,
			);
			path = View;
			sourceTree = "<group>";
		};
/* End PBXGroup section */

/* Begin PBXNativeTarget section */
		857541D028C9BBF1004DD880 /* BanGiDa */ = {
			isa = PBXNativeTarget;
			buildConfigurationList = 857541E528C9BBF2004DD880 /* Build configuration list for PBXNativeTarget "BanGiDa" */;
			buildPhases = (
				857541CD28C9BBF1004DD880 /* Sources */,
				857541CE28C9BBF1004DD880 /* Frameworks */,
				857541CF28C9BBF1004DD880 /* Resources */,
				854A00EB28F5670500575556 /* ShellScript */,
			);
			buildRules = (
			);
			dependencies = (
			);
			name = BanGiDa;
			packageProductDependencies = (
				857541FC28C9C957004DD880 /* SnapKit */,
				857541FF28C9C985004DD880 /* FSCalendar */,
				85A8D03728D1A45F00F22A80 /* IQKeyboardManagerSwift */,
				8594821128DCAC69000C6AD7 /* Zip */,
				85B3C27628E089F400B592C9 /* CropViewController */,
				85B3C27828E089F400B592C9 /* TOCropViewController */,
				853111BE28E2D5EE007F1804 /* AcknowList */,
				854A00E228F54CA100575556 /* FirebaseAnalyticsWithoutAdIdSupport */,
				854A00E428F54CA100575556 /* FirebaseCrashlytics */,
				854A00E628F54CA100575556 /* FirebaseMessaging */,
				859D68052947037F00B4C617 /* Realm */,
				859D68072947037F00B4C617 /* RealmSwift */,
			);
			productName = BanGiDa;
			productReference = 857541D128C9BBF1004DD880 /* BanGiDa.app */;
			productType = "com.apple.product-type.application";
		};
/* End PBXNativeTarget section */

/* Begin PBXProject section */
		857541C928C9BBF1004DD880 /* Project object */ = {
			isa = PBXProject;
			attributes = {
				BuildIndependentTargetsInParallel = 1;
				LastSwiftUpdateCheck = 1340;
				LastUpgradeCheck = 1340;
				TargetAttributes = {
					857541D028C9BBF1004DD880 = {
						CreatedOnToolsVersion = 13.4.1;
					};
				};
			};
			buildConfigurationList = 857541CC28C9BBF1004DD880 /* Build configuration list for PBXProject "BanGiDa" */;
			compatibilityVersion = "Xcode 13.0";
			developmentRegion = en;
			hasScannedForEncodings = 0;
			knownRegions = (
				en,
				Base,
			);
			mainGroup = 857541C828C9BBF1004DD880;
			packageReferences = (
				857541FB28C9C957004DD880 /* XCRemoteSwiftPackageReference "SnapKit" */,
				857541FE28C9C985004DD880 /* XCRemoteSwiftPackageReference "FSCalendar" */,
				85A8D03628D1A45F00F22A80 /* XCRemoteSwiftPackageReference "IQKeyboardManager" */,
				8594821028DCAC69000C6AD7 /* XCRemoteSwiftPackageReference "Zip" */,
				85B3C27528E089F400B592C9 /* XCRemoteSwiftPackageReference "TOCropViewController" */,
				853111BD28E2D5EE007F1804 /* XCRemoteSwiftPackageReference "AcknowList" */,
				854A00E128F54CA100575556 /* XCRemoteSwiftPackageReference "firebase-ios-sdk" */,
				859D68042947037F00B4C617 /* XCRemoteSwiftPackageReference "realm-swift" */,
			);
			productRefGroup = 857541D228C9BBF1004DD880 /* Products */;
			projectDirPath = "";
			projectRoot = "";
			targets = (
				857541D028C9BBF1004DD880 /* BanGiDa */,
			);
		};
/* End PBXProject section */

/* Begin PBXResourcesBuildPhase section */
		857541CF28C9BBF1004DD880 /* Resources */ = {
			isa = PBXResourcesBuildPhase;
			buildActionMask = 2147483647;
			files = (
				85A8D00E28CF0AA000F22A80 /* Jalnan.ttf in Resources */,
				857541E128C9BBF2004DD880 /* LaunchScreen.storyboard in Resources */,
				854A00E928F5514200575556 /* GoogleService-Info.plist in Resources */,
				853111C128E2DC86007F1804 /* Package.resolved in Resources */,
				857541DE28C9BBF2004DD880 /* Assets.xcassets in Resources */,
			);
			runOnlyForDeploymentPostprocessing = 0;
		};
/* End PBXResourcesBuildPhase section */

/* Begin PBXShellScriptBuildPhase section */
		854A00EB28F5670500575556 /* ShellScript */ = {
			isa = PBXShellScriptBuildPhase;
			buildActionMask = 2147483647;
			files = (
			);
			inputFileListPaths = (
			);
			inputPaths = (
				"${DWARF_DSYM_FOLDER_PATH}/${DWARF_DSYM_FILE_NAME}/Contents/Resources/DWARF/${TARGET_NAME}",
				"$(SRCROOT)/$(BUILT_PRODUCTS_DIR)/$(INFOPLIST_PATH)",
			);
			outputFileListPaths = (
			);
			outputPaths = (
			);
			runOnlyForDeploymentPostprocessing = 0;
			shellPath = /bin/sh;
			shellScript = "# Type a script or drag a script file from your workspace to insert its path.\n\"${BUILD_DIR%/Build/*}/SourcePackages/checkouts/firebase-ios-sdk/Crashlytics/run\"\n";
		};
/* End PBXShellScriptBuildPhase section */

/* Begin PBXSourcesBuildPhase section */
		857541CD28C9BBF1004DD880 /* Sources */ = {
			isa = PBXSourcesBuildPhase;
			buildActionMask = 2147483647;
			files = (
				8514435128FEBC2F003BB1E9 /* AnimalNameButton.swift in Sources */,
				85075C5A28CC90E900FAF6BA /* UIViewController+Extension.swift in Sources */,
				85A8D01428CF611400F22A80 /* SelectButtonModel.swift in Sources */,
				85075C5F28CC923500FAF6BA /* WriteViewController.swift in Sources */,
				85A8D03228D0DB6400F22A80 /* MemoListTableViewCell.swift in Sources */,
				85CCEAEE28D89CAE0086E5CA /* AlarmViewModel.swift in Sources */,
				85E17B012961CE5400124C89 /* Category.swift in Sources */,
				859BBCE928CB7473006EF18A /* HomeViewModel.swift in Sources */,
				85A8D01028CF0DBF00F22A80 /* UIColor+Extension.swift in Sources */,
				859BBCE528CB7035006EF18A /* Observable.swift in Sources */,
				85A93CD828D30232006C06D6 /* CommonViewModel.swift in Sources */,
				85A93CDA28D31A90006C06D6 /* String+Extension.swift in Sources */,
				85A8D02C28D0C08900F22A80 /* SettingTableViewCell.swift in Sources */,
				8594820428DC838C000C6AD7 /* WalkThroughView.swift in Sources */,
				8594820A28DC984A000C6AD7 /* UserDefaultsKey.swift in Sources */,
				85E17B072961DDF800124C89 /* MainTabViewController.swift in Sources */,
				8575420228C9C9CF004DD880 /* HomeView.swift in Sources */,
				857541D528C9BBF1004DD880 /* AppDelegate.swift in Sources */,
				85A8E7B92A2DE0F300587C6B /* ImageCollectionViewCell.swift in Sources */,
				85CCEAE828D8978C0086E5CA /* AlarmView.swift in Sources */,
				85A8D01928CF89F900F22A80 /* MemoView.swift in Sources */,
				8543831C2A6D180900E7FF25 /* WriteView.swift in Sources */,
				8594821928DDF2AA000C6AD7 /* AlarmListTableViewCell.swift in Sources */,
				85075C6128CC93CE00FAF6BA /* WriteViewModel.swift in Sources */,
				8594820228DC8327000C6AD7 /* WalkTroughViewController.swift in Sources */,
				8594820F28DCAB10000C6AD7 /* DocumentManager.swift in Sources */,
				8575422A28C9D1C3004DD880 /* ReusableProtocol.swift in Sources */,
				85A8D04128D216B300F22A80 /* Diary.swift in Sources */,
				857541F828C9C099004DD880 /* SearchViewController.swift in Sources */,
				857541F128C9BF56004DD880 /* BaseViewController.swift in Sources */,
				85A8D03F28D216A000F22A80 /* UserDiaryRepository.swift in Sources */,
				857541FA28C9C0B1004DD880 /* SettingViewController.swift in Sources */,
				85A8D00928CEFA4400F22A80 /* FontList.swift in Sources */,
				85A8D02828D0BE6D00F22A80 /* SettingViewModel.swift in Sources */,
				85A8D01F28D0763500F22A80 /* SearchView.swift in Sources */,
				85CCEAEC28D89C350086E5CA /* AlarmViewController.swift in Sources */,
				8575422C28C9D8C6004DD880 /* CalendarView.swift in Sources */,
				8594820728DC8675000C6AD7 /* WalkThroughViewModel.swift in Sources */,
				85A93CDF28D49623006C06D6 /* MemoHeaderView.swift in Sources */,
				85A8D02E28D0CA1600F22A80 /* BaseTableViewCell.swift in Sources */,
				85A8D02228D0798200F22A80 /* SearchViewModel.swift in Sources */,
				8594821428DCB2DA000C6AD7 /* Date+Extension.swift in Sources */,
				857541F328C9BF84004DD880 /* BaseView.swift in Sources */,
				8556329428CA2D110055159E /* SelectButtonCollectionView.swift in Sources */,
				8575420528C9CC8E004DD880 /* HomeTableView.swift in Sources */,
				85C42F8029C09EA900FBC470 /* ProfileView.swift in Sources */,
				8556329628CA2EB00055159E /* SelectButtonCollectionViewCell.swift in Sources */,
				85C1381C28FE9E4700ACBC8E /* AnimalNameCollectionViewCell.swift in Sources */,
				857541D728C9BBF1004DD880 /* SceneDelegate.swift in Sources */,
				85EC496028D6392B0095EEB4 /* LineView.swift in Sources */,
				857541F628C9C074004DD880 /* HomeViewViewController.swift in Sources */,
				85A8D02A28D0BE8000F22A80 /* SettingView.swift in Sources */,
				857541E928C9BD0E004DD880 /* Documentation.docc in Sources */,
			);
			runOnlyForDeploymentPostprocessing = 0;
		};
/* End PBXSourcesBuildPhase section */

/* Begin PBXVariantGroup section */
		857541DF28C9BBF2004DD880 /* LaunchScreen.storyboard */ = {
			isa = PBXVariantGroup;
			children = (
				857541E028C9BBF2004DD880 /* Base */,
			);
			name = LaunchScreen.storyboard;
			sourceTree = "<group>";
		};
/* End PBXVariantGroup section */

/* Begin XCBuildConfiguration section */
		857541E328C9BBF2004DD880 /* Debug */ = {
			isa = XCBuildConfiguration;
			buildSettings = {
				ALWAYS_SEARCH_USER_PATHS = NO;
				CLANG_ANALYZER_NONNULL = YES;
				CLANG_ANALYZER_NUMBER_OBJECT_CONVERSION = YES_AGGRESSIVE;
				CLANG_CXX_LANGUAGE_STANDARD = "gnu++17";
				CLANG_ENABLE_MODULES = YES;
				CLANG_ENABLE_OBJC_ARC = YES;
				CLANG_ENABLE_OBJC_WEAK = YES;
				CLANG_WARN_BLOCK_CAPTURE_AUTORELEASING = YES;
				CLANG_WARN_BOOL_CONVERSION = YES;
				CLANG_WARN_COMMA = YES;
				CLANG_WARN_CONSTANT_CONVERSION = YES;
				CLANG_WARN_DEPRECATED_OBJC_IMPLEMENTATIONS = YES;
				CLANG_WARN_DIRECT_OBJC_ISA_USAGE = YES_ERROR;
				CLANG_WARN_DOCUMENTATION_COMMENTS = YES;
				CLANG_WARN_EMPTY_BODY = YES;
				CLANG_WARN_ENUM_CONVERSION = YES;
				CLANG_WARN_INFINITE_RECURSION = YES;
				CLANG_WARN_INT_CONVERSION = YES;
				CLANG_WARN_NON_LITERAL_NULL_CONVERSION = YES;
				CLANG_WARN_OBJC_IMPLICIT_RETAIN_SELF = YES;
				CLANG_WARN_OBJC_LITERAL_CONVERSION = YES;
				CLANG_WARN_OBJC_ROOT_CLASS = YES_ERROR;
				CLANG_WARN_QUOTED_INCLUDE_IN_FRAMEWORK_HEADER = YES;
				CLANG_WARN_RANGE_LOOP_ANALYSIS = YES;
				CLANG_WARN_STRICT_PROTOTYPES = YES;
				CLANG_WARN_SUSPICIOUS_MOVE = YES;
				CLANG_WARN_UNGUARDED_AVAILABILITY = YES_AGGRESSIVE;
				CLANG_WARN_UNREACHABLE_CODE = YES;
				CLANG_WARN__DUPLICATE_METHOD_MATCH = YES;
				COPY_PHASE_STRIP = NO;
				DEBUG_INFORMATION_FORMAT = dwarf;
				ENABLE_STRICT_OBJC_MSGSEND = YES;
				ENABLE_TESTABILITY = YES;
				GCC_C_LANGUAGE_STANDARD = gnu11;
				GCC_DYNAMIC_NO_PIC = NO;
				GCC_NO_COMMON_BLOCKS = YES;
				GCC_OPTIMIZATION_LEVEL = 0;
				GCC_PREPROCESSOR_DEFINITIONS = (
					"DEBUG=1",
					"$(inherited)",
				);
				GCC_WARN_64_TO_32_BIT_CONVERSION = YES;
				GCC_WARN_ABOUT_RETURN_TYPE = YES_ERROR;
				GCC_WARN_UNDECLARED_SELECTOR = YES;
				GCC_WARN_UNINITIALIZED_AUTOS = YES_AGGRESSIVE;
				GCC_WARN_UNUSED_FUNCTION = YES;
				GCC_WARN_UNUSED_VARIABLE = YES;
				IPHONEOS_DEPLOYMENT_TARGET = 14.0;
				MTL_ENABLE_DEBUG_INFO = INCLUDE_SOURCE;
				MTL_FAST_MATH = YES;
				ONLY_ACTIVE_ARCH = YES;
				SDKROOT = iphoneos;
				SWIFT_ACTIVE_COMPILATION_CONDITIONS = DEBUG;
				SWIFT_OPTIMIZATION_LEVEL = "-Onone";
			};
			name = Debug;
		};
		857541E428C9BBF2004DD880 /* Release */ = {
			isa = XCBuildConfiguration;
			buildSettings = {
				ALWAYS_SEARCH_USER_PATHS = NO;
				CLANG_ANALYZER_NONNULL = YES;
				CLANG_ANALYZER_NUMBER_OBJECT_CONVERSION = YES_AGGRESSIVE;
				CLANG_CXX_LANGUAGE_STANDARD = "gnu++17";
				CLANG_ENABLE_MODULES = YES;
				CLANG_ENABLE_OBJC_ARC = YES;
				CLANG_ENABLE_OBJC_WEAK = YES;
				CLANG_WARN_BLOCK_CAPTURE_AUTORELEASING = YES;
				CLANG_WARN_BOOL_CONVERSION = YES;
				CLANG_WARN_COMMA = YES;
				CLANG_WARN_CONSTANT_CONVERSION = YES;
				CLANG_WARN_DEPRECATED_OBJC_IMPLEMENTATIONS = YES;
				CLANG_WARN_DIRECT_OBJC_ISA_USAGE = YES_ERROR;
				CLANG_WARN_DOCUMENTATION_COMMENTS = YES;
				CLANG_WARN_EMPTY_BODY = YES;
				CLANG_WARN_ENUM_CONVERSION = YES;
				CLANG_WARN_INFINITE_RECURSION = YES;
				CLANG_WARN_INT_CONVERSION = YES;
				CLANG_WARN_NON_LITERAL_NULL_CONVERSION = YES;
				CLANG_WARN_OBJC_IMPLICIT_RETAIN_SELF = YES;
				CLANG_WARN_OBJC_LITERAL_CONVERSION = YES;
				CLANG_WARN_OBJC_ROOT_CLASS = YES_ERROR;
				CLANG_WARN_QUOTED_INCLUDE_IN_FRAMEWORK_HEADER = YES;
				CLANG_WARN_RANGE_LOOP_ANALYSIS = YES;
				CLANG_WARN_STRICT_PROTOTYPES = YES;
				CLANG_WARN_SUSPICIOUS_MOVE = YES;
				CLANG_WARN_UNGUARDED_AVAILABILITY = YES_AGGRESSIVE;
				CLANG_WARN_UNREACHABLE_CODE = YES;
				CLANG_WARN__DUPLICATE_METHOD_MATCH = YES;
				COPY_PHASE_STRIP = NO;
				DEBUG_INFORMATION_FORMAT = "dwarf-with-dsym";
				ENABLE_NS_ASSERTIONS = NO;
				ENABLE_STRICT_OBJC_MSGSEND = YES;
				GCC_C_LANGUAGE_STANDARD = gnu11;
				GCC_NO_COMMON_BLOCKS = YES;
				GCC_WARN_64_TO_32_BIT_CONVERSION = YES;
				GCC_WARN_ABOUT_RETURN_TYPE = YES_ERROR;
				GCC_WARN_UNDECLARED_SELECTOR = YES;
				GCC_WARN_UNINITIALIZED_AUTOS = YES_AGGRESSIVE;
				GCC_WARN_UNUSED_FUNCTION = YES;
				GCC_WARN_UNUSED_VARIABLE = YES;
				IPHONEOS_DEPLOYMENT_TARGET = 14.0;
				MTL_ENABLE_DEBUG_INFO = NO;
				MTL_FAST_MATH = YES;
				SDKROOT = iphoneos;
				SWIFT_COMPILATION_MODE = wholemodule;
				SWIFT_OPTIMIZATION_LEVEL = "-O";
				VALIDATE_PRODUCT = YES;
			};
			name = Release;
		};
		857541E628C9BBF2004DD880 /* Debug */ = {
			isa = XCBuildConfiguration;
			buildSettings = {
				ASSETCATALOG_COMPILER_APPICON_NAME = AppIcon;
				ASSETCATALOG_COMPILER_GLOBAL_ACCENT_COLOR_NAME = AccentColor;
				CODE_SIGN_ENTITLEMENTS = BanGiDa/BanGiDa.entitlements;
				CODE_SIGN_STYLE = Automatic;
				CURRENT_PROJECT_VERSION = 1;
				DEBUG_INFORMATION_FORMAT = "dwarf-with-dsym";
				DEVELOPMENT_TEAM = 3K4KWAG7KD;
				GENERATE_INFOPLIST_FILE = YES;
				INFOPLIST_FILE = BanGiDa/Info.plist;
				INFOPLIST_KEY_CFBundleDisplayName = "반기다";
				INFOPLIST_KEY_LSApplicationCategoryType = "public.app-category.lifestyle";
				INFOPLIST_KEY_UIApplicationSupportsIndirectInputEvents = YES;
				INFOPLIST_KEY_UILaunchStoryboardName = LaunchScreen;
				INFOPLIST_KEY_UISupportedInterfaceOrientations = UIInterfaceOrientationPortrait;
				INFOPLIST_KEY_UISupportedInterfaceOrientations_iPad = "UIInterfaceOrientationLandscapeLeft UIInterfaceOrientationLandscapeRight UIInterfaceOrientationPortrait UIInterfaceOrientationPortraitUpsideDown";
				IPHONEOS_DEPLOYMENT_TARGET = 14.0;
				LD_RUNPATH_SEARCH_PATHS = (
					"$(inherited)",
					"@executable_path/Frameworks",
				);
				MARKETING_VERSION = 1.1.1;
				PRODUCT_BUNDLE_IDENTIFIER = com.hsj.bangida;
				PRODUCT_NAME = "$(TARGET_NAME)";
				SUPPORTED_PLATFORMS = "iphoneos iphonesimulator";
				SUPPORTS_MACCATALYST = NO;
				SUPPORTS_MAC_DESIGNED_FOR_IPHONE_IPAD = NO;
				SWIFT_EMIT_LOC_STRINGS = YES;
				SWIFT_VERSION = 5.0;
				TARGETED_DEVICE_FAMILY = 1;
			};
			name = Debug;
		};
		857541E728C9BBF2004DD880 /* Release */ = {
			isa = XCBuildConfiguration;
			buildSettings = {
				ASSETCATALOG_COMPILER_APPICON_NAME = AppIcon;
				ASSETCATALOG_COMPILER_GLOBAL_ACCENT_COLOR_NAME = AccentColor;
				CODE_SIGN_ENTITLEMENTS = BanGiDa/BanGiDa.entitlements;
				CODE_SIGN_STYLE = Automatic;
				CURRENT_PROJECT_VERSION = 1;
				DEBUG_INFORMATION_FORMAT = "dwarf-with-dsym";
				DEVELOPMENT_TEAM = 3K4KWAG7KD;
				GENERATE_INFOPLIST_FILE = YES;
				INFOPLIST_FILE = BanGiDa/Info.plist;
				INFOPLIST_KEY_CFBundleDisplayName = "반기다";
				INFOPLIST_KEY_LSApplicationCategoryType = "public.app-category.lifestyle";
				INFOPLIST_KEY_UIApplicationSupportsIndirectInputEvents = YES;
				INFOPLIST_KEY_UILaunchStoryboardName = LaunchScreen;
				INFOPLIST_KEY_UISupportedInterfaceOrientations = UIInterfaceOrientationPortrait;
				INFOPLIST_KEY_UISupportedInterfaceOrientations_iPad = "UIInterfaceOrientationLandscapeLeft UIInterfaceOrientationLandscapeRight UIInterfaceOrientationPortrait UIInterfaceOrientationPortraitUpsideDown";
				IPHONEOS_DEPLOYMENT_TARGET = 14.0;
				LD_RUNPATH_SEARCH_PATHS = (
					"$(inherited)",
					"@executable_path/Frameworks",
				);
				MARKETING_VERSION = 1.1.1;
				PRODUCT_BUNDLE_IDENTIFIER = com.hsj.bangida;
				PRODUCT_NAME = "$(TARGET_NAME)";
				SUPPORTED_PLATFORMS = "iphoneos iphonesimulator";
				SUPPORTS_MACCATALYST = NO;
				SUPPORTS_MAC_DESIGNED_FOR_IPHONE_IPAD = NO;
				SWIFT_EMIT_LOC_STRINGS = YES;
				SWIFT_VERSION = 5.0;
				TARGETED_DEVICE_FAMILY = 1;
			};
			name = Release;
		};
/* End XCBuildConfiguration section */

/* Begin XCConfigurationList section */
		857541CC28C9BBF1004DD880 /* Build configuration list for PBXProject "BanGiDa" */ = {
			isa = XCConfigurationList;
			buildConfigurations = (
				857541E328C9BBF2004DD880 /* Debug */,
				857541E428C9BBF2004DD880 /* Release */,
			);
			defaultConfigurationIsVisible = 0;
			defaultConfigurationName = Release;
		};
		857541E528C9BBF2004DD880 /* Build configuration list for PBXNativeTarget "BanGiDa" */ = {
			isa = XCConfigurationList;
			buildConfigurations = (
				857541E628C9BBF2004DD880 /* Debug */,
				857541E728C9BBF2004DD880 /* Release */,
			);
			defaultConfigurationIsVisible = 0;
			defaultConfigurationName = Release;
		};
/* End XCConfigurationList section */

/* Begin XCRemoteSwiftPackageReference section */
		853111BD28E2D5EE007F1804 /* XCRemoteSwiftPackageReference "AcknowList" */ = {
			isa = XCRemoteSwiftPackageReference;
			repositoryURL = "https://github.com/vtourraine/AcknowList.git";
			requirement = {
				kind = upToNextMajorVersion;
				minimumVersion = 3.0.0;
			};
		};
		854A00E128F54CA100575556 /* XCRemoteSwiftPackageReference "firebase-ios-sdk" */ = {
			isa = XCRemoteSwiftPackageReference;
			repositoryURL = "https://github.com/firebase/firebase-ios-sdk";
			requirement = {
				kind = upToNextMajorVersion;
				minimumVersion = 9.0.0;
			};
		};
		857541FB28C9C957004DD880 /* XCRemoteSwiftPackageReference "SnapKit" */ = {
			isa = XCRemoteSwiftPackageReference;
			repositoryURL = "https://github.com/SnapKit/SnapKit.git";
			requirement = {
				kind = upToNextMajorVersion;
				minimumVersion = 5.0.0;
			};
		};
		857541FE28C9C985004DD880 /* XCRemoteSwiftPackageReference "FSCalendar" */ = {
			isa = XCRemoteSwiftPackageReference;
			repositoryURL = "https://github.com/WenchaoD/FSCalendar";
			requirement = {
				kind = upToNextMajorVersion;
				minimumVersion = 2.0.0;
			};
		};
		8594821028DCAC69000C6AD7 /* XCRemoteSwiftPackageReference "Zip" */ = {
			isa = XCRemoteSwiftPackageReference;
			repositoryURL = "https://github.com/marmelroy/Zip.git";
			requirement = {
				kind = upToNextMajorVersion;
				minimumVersion = 2.0.0;
			};
		};
		859D68042947037F00B4C617 /* XCRemoteSwiftPackageReference "realm-swift" */ = {
			isa = XCRemoteSwiftPackageReference;
			repositoryURL = "https://github.com/realm/realm-swift.git";
			requirement = {
				kind = upToNextMajorVersion;
				minimumVersion = 10.33.0;
			};
		};
		85A8D03628D1A45F00F22A80 /* XCRemoteSwiftPackageReference "IQKeyboardManager" */ = {
			isa = XCRemoteSwiftPackageReference;
			repositoryURL = "https://github.com/hackiftekhar/IQKeyboardManager.git";
			requirement = {
				kind = upToNextMajorVersion;
				minimumVersion = 6.5.0;
			};
		};
		85B3C27528E089F400B592C9 /* XCRemoteSwiftPackageReference "TOCropViewController" */ = {
			isa = XCRemoteSwiftPackageReference;
			repositoryURL = "https://github.com/TimOliver/TOCropViewController.git";
			requirement = {
				kind = upToNextMajorVersion;
				minimumVersion = 2.0.0;
			};
		};
/* End XCRemoteSwiftPackageReference section */

/* Begin XCSwiftPackageProductDependency section */
		853111BE28E2D5EE007F1804 /* AcknowList */ = {
			isa = XCSwiftPackageProductDependency;
			package = 853111BD28E2D5EE007F1804 /* XCRemoteSwiftPackageReference "AcknowList" */;
			productName = AcknowList;
		};
		854A00E228F54CA100575556 /* FirebaseAnalyticsWithoutAdIdSupport */ = {
			isa = XCSwiftPackageProductDependency;
			package = 854A00E128F54CA100575556 /* XCRemoteSwiftPackageReference "firebase-ios-sdk" */;
			productName = FirebaseAnalyticsWithoutAdIdSupport;
		};
		854A00E428F54CA100575556 /* FirebaseCrashlytics */ = {
			isa = XCSwiftPackageProductDependency;
			package = 854A00E128F54CA100575556 /* XCRemoteSwiftPackageReference "firebase-ios-sdk" */;
			productName = FirebaseCrashlytics;
		};
		854A00E628F54CA100575556 /* FirebaseMessaging */ = {
			isa = XCSwiftPackageProductDependency;
			package = 854A00E128F54CA100575556 /* XCRemoteSwiftPackageReference "firebase-ios-sdk" */;
			productName = FirebaseMessaging;
		};
		857541FC28C9C957004DD880 /* SnapKit */ = {
			isa = XCSwiftPackageProductDependency;
			package = 857541FB28C9C957004DD880 /* XCRemoteSwiftPackageReference "SnapKit" */;
			productName = SnapKit;
		};
		857541FF28C9C985004DD880 /* FSCalendar */ = {
			isa = XCSwiftPackageProductDependency;
			package = 857541FE28C9C985004DD880 /* XCRemoteSwiftPackageReference "FSCalendar" */;
			productName = FSCalendar;
		};
		8594821128DCAC69000C6AD7 /* Zip */ = {
			isa = XCSwiftPackageProductDependency;
			package = 8594821028DCAC69000C6AD7 /* XCRemoteSwiftPackageReference "Zip" */;
			productName = Zip;
		};
		859D68052947037F00B4C617 /* Realm */ = {
			isa = XCSwiftPackageProductDependency;
			package = 859D68042947037F00B4C617 /* XCRemoteSwiftPackageReference "realm-swift" */;
			productName = Realm;
		};
		859D68072947037F00B4C617 /* RealmSwift */ = {
			isa = XCSwiftPackageProductDependency;
			package = 859D68042947037F00B4C617 /* XCRemoteSwiftPackageReference "realm-swift" */;
			productName = RealmSwift;
		};
		85A8D03728D1A45F00F22A80 /* IQKeyboardManagerSwift */ = {
			isa = XCSwiftPackageProductDependency;
			package = 85A8D03628D1A45F00F22A80 /* XCRemoteSwiftPackageReference "IQKeyboardManager" */;
			productName = IQKeyboardManagerSwift;
		};
		85B3C27628E089F400B592C9 /* CropViewController */ = {
			isa = XCSwiftPackageProductDependency;
			package = 85B3C27528E089F400B592C9 /* XCRemoteSwiftPackageReference "TOCropViewController" */;
			productName = CropViewController;
		};
		85B3C27828E089F400B592C9 /* TOCropViewController */ = {
			isa = XCSwiftPackageProductDependency;
			package = 85B3C27528E089F400B592C9 /* XCRemoteSwiftPackageReference "TOCropViewController" */;
			productName = TOCropViewController;
		};
/* End XCSwiftPackageProductDependency section */
	};
	rootObject = 857541C928C9BBF1004DD880 /* Project object */;
}
