// !$*UTF8*$!
{
	archiveVersion = 1;
	classes = {
	};
	objectVersion = 55;
	objects = {

/* Begin PBXBuildFile section */
		00558901FE7176C1E2209FBD /* DiaryType.swift in Sources */ = {isa = PBXBuildFile; fileRef = 92421B06EC033F54846AE3B1 /* DiaryType.swift */; };
		0536AF7D3CA39F8AD1825EFA /* HomeViewModel.swift in Sources */ = {isa = PBXBuildFile; fileRef = 1FA71DE674BBC7B87C76B7AA /* HomeViewModel.swift */; };
		07D92C35C200E2174D2245AA /* StoryView.swift in Sources */ = {isa = PBXBuildFile; fileRef = D673D1A32701424839FEE01D /* StoryView.swift */; };
		07F3F426EF399C8EC0D43E36 /* CalendarView.swift in Sources */ = {isa = PBXBuildFile; fileRef = C943FF4E3DF7D78EF1DFC0C7 /* CalendarView.swift */; };
		0BBA3FAD10F545603BB2F23A /* libz.tbd in Frameworks */ = {isa = PBXBuildFile; fileRef = 1ACC07707C56B84761416C9E /* libz.tbd */; };
		0E5B70A32C7FBEBC8971C733 /* ReusableProtocol.swift in Sources */ = {isa = PBXBuildFile; fileRef = 5C0B98E63B5B4A9F72236B35 /* ReusableProtocol.swift */; };
		0FB893C18CE0B4A7D63D6ACE /* CropViewController.framework in Frameworks */ = {isa = PBXBuildFile; fileRef = E45AF10EADA33CBDBD54D78B /* CropViewController.framework */; };
		10F63065FFBD9900258F1534 /* RemoveNotificationUseCase.swift in Sources */ = {isa = PBXBuildFile; fileRef = 6A5C53FB3ACB40CE39D30ED3 /* RemoveNotificationUseCase.swift */; };
		1192D892400BB3CE20F35D2B /* ResetDataUseCase.swift in Sources */ = {isa = PBXBuildFile; fileRef = B37D2BFEBCD7A31F4AC07DBD /* ResetDataUseCase.swift */; };
		11F92E40BE2125A48F1C8A61 /* RestoreNotificationsUseCase.swift in Sources */ = {isa = PBXBuildFile; fileRef = D6F586FA644A8EC9162B474B /* RestoreNotificationsUseCase.swift */; };
		1266AEF5A882856446C3DB3F /* UpdateDiaryUseCase.swift in Sources */ = {isa = PBXBuildFile; fileRef = 68CFB4A5E9F32B831EA43728 /* UpdateDiaryUseCase.swift */; };
		140E3A0E48770F6E5B5C5C5A /* RequestNotificationAuthorizationUseCase.swift in Sources */ = {isa = PBXBuildFile; fileRef = B29BEC2E05CAD58D7AEE0735 /* RequestNotificationAuthorizationUseCase.swift */; };
		149EB238C812034078827CD3 /* ToggleStoryLikeUseCase.swift in Sources */ = {isa = PBXBuildFile; fileRef = 2FC269A36088A47E9050BD0B /* ToggleStoryLikeUseCase.swift */; };
		17CA6EB81398EA1B628E2CE7 /* UIColor+Extension.swift in Sources */ = {isa = PBXBuildFile; fileRef = 5B137A9C267C69825C5A1AB0 /* UIColor+Extension.swift */; };
		18316EBFD3D75F6DAC2EEFCF /* WriteViewModel.swift in Sources */ = {isa = PBXBuildFile; fileRef = BAF2FFBECC41E706EAA610A9 /* WriteViewModel.swift */; };
		186E6894519E6E57E1189754 /* UserPreferencesRepositoryImpl.swift in Sources */ = {isa = PBXBuildFile; fileRef = C7E275407A3F62BC85AE2AA7 /* UserPreferencesRepositoryImpl.swift */; };
		18805B1772F8112B2C6E1854 /* StoryRepositoryImpl.swift in Sources */ = {isa = PBXBuildFile; fileRef = 5B3AF1BCD346572312DDDDF8 /* StoryRepositoryImpl.swift */; };
		195DA79B9F8C7E14D9F53482 /* UserError.swift in Sources */ = {isa = PBXBuildFile; fileRef = EA51CB295F31DDA5F188A8BB /* UserError.swift */; };
		1C65BD76876F0C69FC850793 /* BaseTableViewCell.swift in Sources */ = {isa = PBXBuildFile; fileRef = F07DC4FBC45BA4E83169B916 /* BaseTableViewCell.swift */; };
		1E73E6F73D11D57C01C833EC /* ProfileView.swift in Sources */ = {isa = PBXBuildFile; fileRef = F8AAB81FDBF63667330A63CE /* ProfileView.swift */; };
		22A8885F27AAD10FF9C77235 /* SceneDelegate.swift in Sources */ = {isa = PBXBuildFile; fileRef = 967AB4532254E0022F81B156 /* SceneDelegate.swift */; };
		259AF37EBA1428A30E425072 /* Realm.framework in Frameworks */ = {isa = PBXBuildFile; fileRef = CA73AA68189E9864B15E363E /* Realm.framework */; };
		25D79D4D4E8465F02E9BCB99 /* RealmDatabase_RealmCoreResources.bundle in Resources */ = {isa = PBXBuildFile; fileRef = AD26A3440CC7897FE2364159 /* RealmDatabase_RealmCoreResources.bundle */; };
		2648F1F4177111639233090B /* ImageRepositoryImpl.swift in Sources */ = {isa = PBXBuildFile; fileRef = 8FDE3FFC07F1288D500FA467 /* ImageRepositoryImpl.swift */; };
		2695119C27D4E9F9274B938B /* FirebaseCrashlytics in Frameworks */ = {isa = PBXBuildFile; productRef = 5987A8356A670EE979D21007 /* FirebaseCrashlytics */; };
		2B6A8DAE4527FB69C6CC7960 /* SearchViewModel.swift in Sources */ = {isa = PBXBuildFile; fileRef = D2887E246039A14A9A82B4F4 /* SearchViewModel.swift */; };
		2C9AD67D73B5B842395F7C15 /* CreateBackupUseCase.swift in Sources */ = {isa = PBXBuildFile; fileRef = FAD9ECCB0815CD5C5978EA46 /* CreateBackupUseCase.swift */; };
		2F7C3E9042B20CA00B6279FE /* SettingViewController.swift in Sources */ = {isa = PBXBuildFile; fileRef = 5FEB4217CF81F93AA9F1A77C /* SettingViewController.swift */; };
		32119C76788F7282D27D22A0 /* WriteStoryUseCase.swift in Sources */ = {isa = PBXBuildFile; fileRef = 500C2ABC69A1749926C5594C /* WriteStoryUseCase.swift */; };
		328B1AE8844CECE4235D9417 /* FirebaseStorage in Frameworks */ = {isa = PBXBuildFile; productRef = C4C31B54D118098D789F24B8 /* FirebaseStorage */; };
		34D4E0F037C2BB02B0344649 /* WriteViewController.swift in Sources */ = {isa = PBXBuildFile; fileRef = 48E88AE0006F57C5E0063246 /* WriteViewController.swift */; };
		3592953E289345516FD2E338 /* SettingView.swift in Sources */ = {isa = PBXBuildFile; fileRef = 0D4BAA64846036B1ED5BB589 /* SettingView.swift */; };
		36D47BC5DD2E2D7515FA8C2B /* TuistPlists+BanGiDa.swift in Sources */ = {isa = PBXBuildFile; fileRef = 06B4059BA5454A635BAA94D8 /* TuistPlists+BanGiDa.swift */; };
		38A9735D67F7A4537EA3C4D7 /* RealmDiary+Mapping.swift in Sources */ = {isa = PBXBuildFile; fileRef = 0D84876FD8616798100B25A7 /* RealmDiary+Mapping.swift */; };
		3B416F7CDE996164B29B4517 /* AnalyticsRepository.swift in Sources */ = {isa = PBXBuildFile; fileRef = BEF693CF86EAE4C8DFD782C4 /* AnalyticsRepository.swift */; };
		418FE61806CE53748BEDFB83 /* IQKeyboardManagerSwift.framework in Frameworks */ = {isa = PBXBuildFile; fileRef = E4391371AE2D3DC89511D514 /* IQKeyboardManagerSwift.framework */; };
		42C6AA422A76A025DE3FA990 /* AlarmRepeat.swift in Sources */ = {isa = PBXBuildFile; fileRef = 7C1726A1395CCA6E085D5933 /* AlarmRepeat.swift */; };
		44743705617EB5925112168D /* AlarmRepeat+Realm.swift in Sources */ = {isa = PBXBuildFile; fileRef = FD4F35A1B1943B0CE151D7DC /* AlarmRepeat+Realm.swift */; };
		46941499BF1316D40BB2CA18 /* Injected.swift in Sources */ = {isa = PBXBuildFile; fileRef = 6EFFF5EF8F5B44B9D3257C20 /* Injected.swift */; };
		470943594CFC71B9FE7C3C72 /* RealmSwift.framework in Embed Frameworks */ = {isa = PBXBuildFile; fileRef = 7D079002C47A7594FCE44DB7 /* RealmSwift.framework */; settings = {ATTRIBUTES = (CodeSignOnCopy, RemoveHeadersOnCopy, ); }; };
		4814E5733E09E078354653D3 /* SaveAlarmUseCase.swift in Sources */ = {isa = PBXBuildFile; fileRef = E0ADCFE513365B6130BF572D /* SaveAlarmUseCase.swift */; };
		4B514F52624644930639DC12 /* TOCropViewController_TOCropViewController.bundle in Dependencies */ = {isa = PBXBuildFile; fileRef = 0548CF8584C96D89451639BF /* TOCropViewController_TOCropViewController.bundle */; };
		4E9E6696EB89200E0648A729 /* SelectButtonCollectionView.swift in Sources */ = {isa = PBXBuildFile; fileRef = 6D1ABBAEA9E857A84CED0738 /* SelectButtonCollectionView.swift */; };
		4EED467B5D422E5912EEFE7A /* FontList.swift in Resources */ = {isa = PBXBuildFile; fileRef = 750186CDC3688EA3267EAF9D /* FontList.swift */; };
		4F46817D28151AAB10121389 /* NotificationRepositoryImpl.swift in Sources */ = {isa = PBXBuildFile; fileRef = 9573DAE2EDF68AC5AA21DAC9 /* NotificationRepositoryImpl.swift */; };
		504A0ADF837559A9D0F4C38B /* CachedAsyncImage.swift in Sources */ = {isa = PBXBuildFile; fileRef = AA895A324186F10A682FD151 /* CachedAsyncImage.swift */; };
		5224506C6D90A5598618FCC5 /* WriteStoryViewModel.swift in Sources */ = {isa = PBXBuildFile; fileRef = B7031C4962986521003E295C /* WriteStoryViewModel.swift */; };
		524995CCB7CBDBB49615090B /* NotificationRepository.swift in Sources */ = {isa = PBXBuildFile; fileRef = B83BA7BB39391916EF4F6189 /* NotificationRepository.swift */; };
		52FA332166F8DBB6EBC455B2 /* SnapKit_SnapKit.bundle in Dependencies */ = {isa = PBXBuildFile; fileRef = 1569BC7F1942DE463AC74F6A /* SnapKit_SnapKit.bundle */; };
		5486F64651C2B7197C5E9E1A /* UserPreferencesRepository.swift in Sources */ = {isa = PBXBuildFile; fileRef = A7AA396DDAFCA38E96F90A8A /* UserPreferencesRepository.swift */; };
		55192D1A40CEDDD29E0160B4 /* StoryTypes.swift in Sources */ = {isa = PBXBuildFile; fileRef = 0642A6E2379113846324D7B2 /* StoryTypes.swift */; };
		5527E5F9EBC1F26B22F4BD3F /* TuistAssets+BanGiDa.swift in Sources */ = {isa = PBXBuildFile; fileRef = CA5CB30418C03CDA9A01E7A4 /* TuistAssets+BanGiDa.swift */; };
		5741B839EA718BA643BEAB90 /* Assets.xcassets in Resources */ = {isa = PBXBuildFile; fileRef = BC7C106FD0D5538D375419D7 /* Assets.xcassets */; };
		57537B4FD5946F8C87B9CBE4 /* CreateAuthUserUseCase.swift in Sources */ = {isa = PBXBuildFile; fileRef = 6A7C272671062142A6F79398 /* CreateAuthUserUseCase.swift */; };
		59A2E112609CDDECCC75E6AE /* ReportSheetView.swift in Sources */ = {isa = PBXBuildFile; fileRef = A21F45F74F87D36B0E1FBC5B /* ReportSheetView.swift */; };
		5BDB8A8F1BB4B7FD0B3291D2 /* LineView.swift in Sources */ = {isa = PBXBuildFile; fileRef = CFC60D90EB6BE0172C2D0D2D /* LineView.swift */; };
		5FB8B716E1E43254BC3EFD17 /* RealmDatabase_RealmCoreResources.bundle in Dependencies */ = {isa = PBXBuildFile; fileRef = AD26A3440CC7897FE2364159 /* RealmDatabase_RealmCoreResources.bundle */; };
		60E2EB8A9F08311B7DED6A43 /* AppDelegate.swift in Sources */ = {isa = PBXBuildFile; fileRef = E745AC058B67B77900B2511E /* AppDelegate.swift */; };
		61CDD88E6363904B54C1D64E /* ReportViewModel.swift in Sources */ = {isa = PBXBuildFile; fileRef = B20F86691F915A4A252C526F /* ReportViewModel.swift */; };
		622DEA0F8521EDB483C54731 /* AcknowList_AcknowList.bundle in Resources */ = {isa = PBXBuildFile; fileRef = C9EFE334E846528275E4DA00 /* AcknowList_AcknowList.bundle */; };
		663701B28F883B31DEE630DF /* AnalyticsRepositoryImpl.swift in Sources */ = {isa = PBXBuildFile; fileRef = 7EE45DCE327091885DC44222 /* AnalyticsRepositoryImpl.swift */; };
		6940C7471848F46834E44A9D /* ScheduleNotificationUseCase.swift in Sources */ = {isa = PBXBuildFile; fileRef = CB896A0ADF97336628672029 /* ScheduleNotificationUseCase.swift */; };
		69EA6C98361662615C3AC775 /* BaseViewController.swift in Sources */ = {isa = PBXBuildFile; fileRef = 37643C2A1F49EA6E38F5DAF6 /* BaseViewController.swift */; };
		6BAA7F1037B4F2ABB0086661 /* UserPreferencesUseCase.swift in Sources */ = {isa = PBXBuildFile; fileRef = 913DCECDFAE3CBF351F0D2BA /* UserPreferencesUseCase.swift */; };
		6FF88C37BED3F59E8403BC13 /* WriteStoryView.swift in Sources */ = {isa = PBXBuildFile; fileRef = 8837A867BF491DF6DBBBC962 /* WriteStoryView.swift */; };
		706BCCD654709852D7292B55 /* FirebaseMessaging in Frameworks */ = {isa = PBXBuildFile; productRef = 973563C05F6E0BCF430D4819 /* FirebaseMessaging */; };
		70771C918527E4E564102A50 /* MainTabViewController.swift in Sources */ = {isa = PBXBuildFile; fileRef = 9181A4AE469001E58432E6C4 /* MainTabViewController.swift */; };
		71AFA328EB9C16E8C402B31C /* HomeViewViewController.swift in Sources */ = {isa = PBXBuildFile; fileRef = 518499AA849A687D88599057 /* HomeViewViewController.swift */; };
		733E472CB53E9B213F89A2CF /* AnimalNameButton.swift in Sources */ = {isa = PBXBuildFile; fileRef = 084CE5864B8D74F28EC160FD /* AnimalNameButton.swift */; };
		738FC3BB15CA5252B212A218 /* BackupRepository.swift in Sources */ = {isa = PBXBuildFile; fileRef = 1021E05723B6AC9E025236F3 /* BackupRepository.swift */; };
		7414709F83AA84CA8D814525 /* SearchViewController.swift in Sources */ = {isa = PBXBuildFile; fileRef = B9232E8B84AFFFB250797A27 /* SearchViewController.swift */; };
		74A8ED5E0BF2D92F73C69D77 /* FontList.swift in Sources */ = {isa = PBXBuildFile; fileRef = 750186CDC3688EA3267EAF9D /* FontList.swift */; };
		768004D612096E66368C1134 /* StoryViewModel.swift in Sources */ = {isa = PBXBuildFile; fileRef = C444C4655C2A1F9C07C0B0DE /* StoryViewModel.swift */; };
		7A14F7EFED303A7F436AD8D3 /* TOCropViewController.framework in Frameworks */ = {isa = PBXBuildFile; fileRef = 71D3E124ACA5CD3995578F17 /* TOCropViewController.framework */; };
		7FC71E6AB8EEC740D01569A2 /* MemoHeaderView.swift in Sources */ = {isa = PBXBuildFile; fileRef = CC8022317B9E74F73AC396C7 /* MemoHeaderView.swift */; };
		80894ADDC0403B3A66E019CB /* FetchDiariesByDateUseCase.swift in Sources */ = {isa = PBXBuildFile; fileRef = 0F03F4AEB90F1F38569C4B3B /* FetchDiariesByDateUseCase.swift */; };
		816E87CA4DBD710422254428 /* UpdateAlarmUseCase.swift in Sources */ = {isa = PBXBuildFile; fileRef = F5239E8A11363068CB8147FB /* UpdateAlarmUseCase.swift */; };
		821E7F35E7525BF11D29A21C /* Category.swift in Sources */ = {isa = PBXBuildFile; fileRef = 842D0774D9EA00FDF5DE0575 /* Category.swift */; };
		8374B6EB42C4579F2F419B73 /* WriteStoryError.swift in Sources */ = {isa = PBXBuildFile; fileRef = 3DA34565AD9F5768A865FEBA /* WriteStoryError.swift */; };
		88082D996A5A7733E368BF0E /* SaveImageUseCase.swift in Sources */ = {isa = PBXBuildFile; fileRef = 15DDEF1DB73B0D504568F9CE /* SaveImageUseCase.swift */; };
		8945F4AA81484ED126054D3A /* Swinject.framework in Frameworks */ = {isa = PBXBuildFile; fileRef = DD829BE01E004116D181BFDA /* Swinject.framework */; };
		8FAE1DB2B46EC3A7D533EAFA /* FirebaseAnalytics in Frameworks */ = {isa = PBXBuildFile; productRef = 56F1E844A156FFF4301696EB /* FirebaseAnalytics */; };
		923115D7785033CC2EEF1711 /* UIViewController+Extension.swift in Sources */ = {isa = PBXBuildFile; fileRef = AD608C953DC46997F30AA5DE /* UIViewController+Extension.swift */; };
		95880949A6E3C0ADE6E55257 /* FetchStoriesUseCase.swift in Sources */ = {isa = PBXBuildFile; fileRef = BC47F6A854D1D170B508C9C0 /* FetchStoriesUseCase.swift */; };
		9693CF746FB9E9A42E08A034 /* FSCalendar.framework in Frameworks */ = {isa = PBXBuildFile; fileRef = 0EA88386F084EB0DC6BFF422 /* FSCalendar.framework */; };
		96F21A7B8CBD75F30068DAB6 /* AcknowList.framework in Frameworks */ = {isa = PBXBuildFile; fileRef = 6F7A263FA9E17268C6D04B8F /* AcknowList.framework */; };
		9773CCC1BC3079F0292AE1B8 /* WalkTroughViewController.swift in Sources */ = {isa = PBXBuildFile; fileRef = C4EC1C6BA223CDF5EC107C6F /* WalkTroughViewController.swift */; };
		98B1A4AA1A81D8760AE24177 /* RealmDiaryRepository.swift in Sources */ = {isa = PBXBuildFile; fileRef = 1B8CADF7185070ABD899CD15 /* RealmDiaryRepository.swift */; };
		9902E446D5A38FCC9893EF59 /* ReportStoryUseCase.swift in Sources */ = {isa = PBXBuildFile; fileRef = 88DA7E8D486AB5FF9A42347A /* ReportStoryUseCase.swift */; };
		9A63899D39060267CA2696E3 /* SelectButtonCollectionViewCell.swift in Sources */ = {isa = PBXBuildFile; fileRef = 57224391E2B51049D630766C /* SelectButtonCollectionViewCell.swift */; };
		9BCA9394D08D94E6E30AAECD /* BaseView.swift in Sources */ = {isa = PBXBuildFile; fileRef = 75553C04E5EFE767D4BC90CD /* BaseView.swift */; };
		9C808295FCF34AE9237FE2B5 /* String+Extension.swift in Sources */ = {isa = PBXBuildFile; fileRef = AD263851995BDCCBA691FBA7 /* String+Extension.swift */; };
		9DBBA6FEEB616ADF09CF00BB /* SearchView.swift in Sources */ = {isa = PBXBuildFile; fileRef = 9D16C5D9067481094746EB8B /* SearchView.swift */; };
		9E16C4906616544ACDFDF285 /* Zip.framework in Frameworks */ = {isa = PBXBuildFile; fileRef = 5E9318D89DAE3A90E73ED93B /* Zip.framework */; };
		A2932C525E0977293DEFB45A /* RealmSwift.framework in Frameworks */ = {isa = PBXBuildFile; fileRef = 7D079002C47A7594FCE44DB7 /* RealmSwift.framework */; };
		A43EF7024817E4A546DF575A /* UserPreferences.swift in Sources */ = {isa = PBXBuildFile; fileRef = 619BCAE50E108EA566631093 /* UserPreferences.swift */; };
		A5C8852E18B08124D544E590 /* AnimalNameCollectionViewCell.swift in Sources */ = {isa = PBXBuildFile; fileRef = 836EA51219F02D1B8BE063EC /* AnimalNameCollectionViewCell.swift */; };
		A9AB83B2FA1A3B7F062814D9 /* DiaryEntry.swift in Sources */ = {isa = PBXBuildFile; fileRef = 3AF5F7EDA383BA33D2775471 /* DiaryEntry.swift */; };
		AAFB12DD221E4F8EC9429252 /* WalkThroughView.swift in Sources */ = {isa = PBXBuildFile; fileRef = EA3CFD1336761B6A97DE2DED /* WalkThroughView.swift */; };
		ABBA0DE3D76ABE587CD9247D /* CheckUserRegistrationUseCase.swift in Sources */ = {isa = PBXBuildFile; fileRef = 0631465D1C47D96EB0F893F6 /* CheckUserRegistrationUseCase.swift */; };
		AC38EB5AA28E956AF70FABED /* AlarmListTableViewCell.swift in Sources */ = {isa = PBXBuildFile; fileRef = D9F896B95BF186FB51549EEF /* AlarmListTableViewCell.swift */; };
		AC71FC2FB972218AA914F32D /* StoryGuideOverlay.swift in Sources */ = {isa = PBXBuildFile; fileRef = 25FA41BE97D4C05F08DA7774 /* StoryGuideOverlay.swift */; };
		AE6569CD63361472662A85E8 /* ImageRepository.swift in Sources */ = {isa = PBXBuildFile; fileRef = 0189709D7AEC8E6FC1FFA6D0 /* ImageRepository.swift */; };
		AE85C6FE27FA0BC886969B2F /* SnapKit_SnapKit.bundle in Resources */ = {isa = PBXBuildFile; fileRef = 1569BC7F1942DE463AC74F6A /* SnapKit_SnapKit.bundle */; };
		AE8C9478DA2FB2624D4E2B7C /* DiaryRepository.swift in Sources */ = {isa = PBXBuildFile; fileRef = F2A4F863BDE983913E8A8947 /* DiaryRepository.swift */; };
		AF0B86C77AF084779BE3A78E /* Diary.swift in Sources */ = {isa = PBXBuildFile; fileRef = EDA2B0529BE4FB072CCA8FB0 /* Diary.swift */; };
		B3ED6C73C4E16B13E4D5BFB8 /* DeleteDiaryUseCase.swift in Sources */ = {isa = PBXBuildFile; fileRef = AE74CD63FDEE814D36E665CE /* DeleteDiaryUseCase.swift */; };
		B447845B3AAD7E8A92308DC8 /* AlarmView.swift in Sources */ = {isa = PBXBuildFile; fileRef = 99121A04F39AC8578B41CB55 /* AlarmView.swift */; };
		B4974833A20C6298EA5109D7 /* SettingTableViewCell.swift in Sources */ = {isa = PBXBuildFile; fileRef = 6277D538148A80087EDB9774 /* SettingTableViewCell.swift */; };
		BB34EB316C21C8B5CA78C392 /* DocumentManager.swift in Sources */ = {isa = PBXBuildFile; fileRef = 5D01088415E1AE264CBD10FE /* DocumentManager.swift */; };
		BCCF8ECD52616356F5CBE385 /* TuistFonts+BanGiDa.swift in Sources */ = {isa = PBXBuildFile; fileRef = 2F26CA786D3DB1C2044CA6BC /* TuistFonts+BanGiDa.swift */; };
		BDD40280F0C041E39873C071 /* HomeView.swift in Sources */ = {isa = PBXBuildFile; fileRef = D27AD12260A365E404D33925 /* HomeView.swift */; };
		BE50808B230C815947D5B8D6 /* LoadImageUseCase.swift in Sources */ = {isa = PBXBuildFile; fileRef = 24A1F7533C9414F46D609B40 /* LoadImageUseCase.swift */; };
		C4053AEC466DF3EF21D34E45 /* SettingTableHeaderView.swift in Sources */ = {isa = PBXBuildFile; fileRef = D4521DE16C30FB8EB1A19467 /* SettingTableHeaderView.swift */; };
		C4F04FBC89BAFBD81F95F924 /* GoogleService-Info.plist in Resources */ = {isa = PBXBuildFile; fileRef = 48E35F4FA606CBC78B68F11A /* GoogleService-Info.plist */; };
		C848C1F4FFBF178A3BC8C399 /* Jalnan.ttf in Resources */ = {isa = PBXBuildFile; fileRef = E1C6977FC332CCE73F1C48A5 /* Jalnan.ttf */; };
		CA6ACF04AC794A6D7FCE980C /* TOCropViewController_TOCropViewController.bundle in Resources */ = {isa = PBXBuildFile; fileRef = 0548CF8584C96D89451639BF /* TOCropViewController_TOCropViewController.bundle */; };
		CC418B95DE638BE1F4FABAB0 /* LaunchScreen.storyboard in Resources */ = {isa = PBXBuildFile; fileRef = 5B5FA363F100E46B66776142 /* LaunchScreen.storyboard */; };
		D1299EA7F0C5730B0032924C /* UserRepository.swift in Sources */ = {isa = PBXBuildFile; fileRef = AF77F84BB08617A2C24592E5 /* UserRepository.swift */; };
		D16F1ED48313601C9AB70AB1 /* BackupRepositoryImpl.swift in Sources */ = {isa = PBXBuildFile; fileRef = E2B1A955EBDEBD5AE0C94B69 /* BackupRepositoryImpl.swift */; };
		D2E3DB31886DA9AB3477CE7C /* Realm.framework in Embed Frameworks */ = {isa = PBXBuildFile; fileRef = CA73AA68189E9864B15E363E /* Realm.framework */; settings = {ATTRIBUTES = (CodeSignOnCopy, RemoveHeadersOnCopy, ); }; };
		D340376B109945AF98F0FF0F /* RestoreBackupUseCase.swift in Sources */ = {isa = PBXBuildFile; fileRef = 1659E08FE5AD2D2053E645BA /* RestoreBackupUseCase.swift */; };
		D4D0B38AFF6CE6584175EAA6 /* AlarmViewModel.swift in Sources */ = {isa = PBXBuildFile; fileRef = BCA955B34B9368CBA60FECBA /* AlarmViewModel.swift */; };
		D566F51A4BA81B6B3AA590EB /* MemoView.swift in Sources */ = {isa = PBXBuildFile; fileRef = E0DE018FBA51ED0BE8D499CD /* MemoView.swift */; };
		D70CCFDEAAA9E43378FAA566 /* Minizip.framework in Frameworks */ = {isa = PBXBuildFile; fileRef = C1AE72D9DA612CDF10678118 /* Minizip.framework */; };
		D78EF4E41040D8D132716FA0 /* FirebaseAuth in Frameworks */ = {isa = PBXBuildFile; productRef = D4CF82A7B46A8FA754590A03 /* FirebaseAuth */; };
		D86D65D4A47B6BC0573C9ADB /* StoryRow.swift in Sources */ = {isa = PBXBuildFile; fileRef = BE06F8916E4B84CB65F1C968 /* StoryRow.swift */; };
		D8E296D4C1E61CE71CBBA7FC /* FirebaseFirestore in Frameworks */ = {isa = PBXBuildFile; productRef = AE3E1ECFE414E396D8641CD4 /* FirebaseFirestore */; };
		DBC0C14CB0B3A68D115E027F /* PrivacyInfo.xcprivacy in Resources */ = {isa = PBXBuildFile; fileRef = 453806FF01FD77EC8EB92814 /* PrivacyInfo.xcprivacy */; };
		DFA32C31C678339A3F9957A3 /* SaveDiaryUseCase.swift in Sources */ = {isa = PBXBuildFile; fileRef = 67DE1273084669EDED45C199 /* SaveDiaryUseCase.swift */; };
		E0244A0314DACAB4B932F61C /* MemoListTableViewCell.swift in Sources */ = {isa = PBXBuildFile; fileRef = 2388F994FD6AD29FB60C2592 /* MemoListTableViewCell.swift */; };
		E1207BE563309068BFC63F45 /* WalkThroughViewModel.swift in Sources */ = {isa = PBXBuildFile; fileRef = DE2FA4A4762EF8290D0E375F /* WalkThroughViewModel.swift */; };
		E824F63F36C67F7761A153F1 /* StoryRepository.swift in Sources */ = {isa = PBXBuildFile; fileRef = 976D061531587396270A0ACE /* StoryRepository.swift */; };
		E8442834DAACDF929F332797 /* Story.swift in Sources */ = {isa = PBXBuildFile; fileRef = 60D5ED34841EF81595A560D0 /* Story.swift */; };
		E8678D26D2E7C99E899D21B3 /* TuistBundle+BanGiDa.swift in Sources */ = {isa = PBXBuildFile; fileRef = 6AE219E021DA6D4769E3AF21 /* TuistBundle+BanGiDa.swift */; };
		E9E76A949663B5681BE643CF /* DIContainer.swift in Sources */ = {isa = PBXBuildFile; fileRef = A31C0A7E792F5C50BEB1757A /* DIContainer.swift */; };
		EACA2D0C1A1E05EE5C5B07A4 /* HomeTableView.swift in Sources */ = {isa = PBXBuildFile; fileRef = 922A95CB7C3FDC91EA6D485D /* HomeTableView.swift */; };
		EBCDED72991CD4B9A523BD18 /* SearchDiariesUseCase.swift in Sources */ = {isa = PBXBuildFile; fileRef = F354EA0C9CFEF4FAE8343901 /* SearchDiariesUseCase.swift */; };
		ED7EF5176282AA8E218557FF /* SettingViewModel.swift in Sources */ = {isa = PBXBuildFile; fileRef = 2BE33B5BBAA89652F875C966 /* SettingViewModel.swift */; };
		EDD21E75917DD51A555BEE31 /* Date+Extension.swift in Sources */ = {isa = PBXBuildFile; fileRef = FF3D0CBD2233C1D9BF2A52A9 /* Date+Extension.swift */; };
		F2C1F7989BDF792E30CEF47D /* Color+Extension.swift in Sources */ = {isa = PBXBuildFile; fileRef = 3D3F4884BE143B7EB3D7D1C7 /* Color+Extension.swift */; };
		F2C2587B6557BB400F5D7CD8 /* SnapKit.framework in Frameworks */ = {isa = PBXBuildFile; fileRef = B86946FE6D04936894E20C90 /* SnapKit.framework */; };
		F483F7C19D96D638F91AF9B7 /* UpdateNicknameUseCase.swift in Sources */ = {isa = PBXBuildFile; fileRef = E3E29FFBC8A05CCE84AFBE4E /* UpdateNicknameUseCase.swift */; };
		F58B5E5753F91E595E0B4BFC /* FindDiaryByIDUseCase.swift in Sources */ = {isa = PBXBuildFile; fileRef = 749B174B4600852B438DC91F /* FindDiaryByIDUseCase.swift */; };
		F6A04C7491E104F3A61B6B61 /* AlarmViewController.swift in Sources */ = {isa = PBXBuildFile; fileRef = 5049BFBAB7BFA782F37A3CBB /* AlarmViewController.swift */; };
		F6A64BD445E37762C9BE94F2 /* AcknowList_AcknowList.bundle in Dependencies */ = {isa = PBXBuildFile; fileRef = C9EFE334E846528275E4DA00 /* AcknowList_AcknowList.bundle */; };
		F924A9916EB30688F2659C11 /* UserDefaultsKey.swift in Sources */ = {isa = PBXBuildFile; fileRef = C6A1763611BA9E4CB9363934 /* UserDefaultsKey.swift */; };
		FDDA4197F288D20846DB14E4 /* UserRepositoryImpl.swift in Sources */ = {isa = PBXBuildFile; fileRef = 94978FB11146EC9205040FB8 /* UserRepositoryImpl.swift */; };
/* End PBXBuildFile section */

/* Begin PBXCopyFilesBuildPhase section */
		615122F08747595EAA1CAFE5 /* Dependencies */ = {
			isa = PBXCopyFilesBuildPhase;
			buildActionMask = 8;
			dstSubfolderSpec = 16;
			files = (
				F6A64BD445E37762C9BE94F2 /* AcknowList_AcknowList.bundle in Dependencies */,
				5FB8B716E1E43254BC3EFD17 /* RealmDatabase_RealmCoreResources.bundle in Dependencies */,
				52FA332166F8DBB6EBC455B2 /* SnapKit_SnapKit.bundle in Dependencies */,
				4B514F52624644930639DC12 /* TOCropViewController_TOCropViewController.bundle in Dependencies */,
			);
			name = Dependencies;
			runOnlyForDeploymentPostprocessing = 1;
		};
		CF33097842F0613FE14B7AD6 /* Embed Frameworks */ = {
			isa = PBXCopyFilesBuildPhase;
			buildActionMask = 2147483647;
			dstPath = "";
			dstSubfolderSpec = 10;
			files = (
				D2E3DB31886DA9AB3477CE7C /* Realm.framework in Embed Frameworks */,
				470943594CFC71B9FE7C3C72 /* RealmSwift.framework in Embed Frameworks */,
			);
			name = "Embed Frameworks";
			runOnlyForDeploymentPostprocessing = 0;
		};
/* End PBXCopyFilesBuildPhase section */

/* Begin PBXFileReference section */
		0189709D7AEC8E6FC1FFA6D0 /* ImageRepository.swift */ = {isa = PBXFileReference; lastKnownFileType = sourcecode.swift; path = ImageRepository.swift; sourceTree = "<group>"; };
		0548CF8584C96D89451639BF /* TOCropViewController_TOCropViewController.bundle */ = {isa = PBXFileReference; explicitFileType = wrapper.cfbundle; includeInIndex = 0; path = TOCropViewController_TOCropViewController.bundle; sourceTree = BUILT_PRODUCTS_DIR; };
		0631465D1C47D96EB0F893F6 /* CheckUserRegistrationUseCase.swift */ = {isa = PBXFileReference; lastKnownFileType = sourcecode.swift; path = CheckUserRegistrationUseCase.swift; sourceTree = "<group>"; };
		0642A6E2379113846324D7B2 /* StoryTypes.swift */ = {isa = PBXFileReference; lastKnownFileType = sourcecode.swift; path = StoryTypes.swift; sourceTree = "<group>"; };
		06B4059BA5454A635BAA94D8 /* TuistPlists+BanGiDa.swift */ = {isa = PBXFileReference; lastKnownFileType = sourcecode.swift; path = "TuistPlists+BanGiDa.swift"; sourceTree = "<group>"; };
		084CE5864B8D74F28EC160FD /* AnimalNameButton.swift */ = {isa = PBXFileReference; lastKnownFileType = sourcecode.swift; path = AnimalNameButton.swift; sourceTree = "<group>"; };
		0D4BAA64846036B1ED5BB589 /* SettingView.swift */ = {isa = PBXFileReference; lastKnownFileType = sourcecode.swift; path = SettingView.swift; sourceTree = "<group>"; };
		0D84876FD8616798100B25A7 /* RealmDiary+Mapping.swift */ = {isa = PBXFileReference; lastKnownFileType = sourcecode.swift; path = "RealmDiary+Mapping.swift"; sourceTree = "<group>"; };
		0EA88386F084EB0DC6BFF422 /* FSCalendar.framework */ = {isa = PBXFileReference; explicitFileType = wrapper.framework; includeInIndex = 0; path = FSCalendar.framework; sourceTree = BUILT_PRODUCTS_DIR; };
		0F03F4AEB90F1F38569C4B3B /* FetchDiariesByDateUseCase.swift */ = {isa = PBXFileReference; lastKnownFileType = sourcecode.swift; path = FetchDiariesByDateUseCase.swift; sourceTree = "<group>"; };
		1021E05723B6AC9E025236F3 /* BackupRepository.swift */ = {isa = PBXFileReference; lastKnownFileType = sourcecode.swift; path = BackupRepository.swift; sourceTree = "<group>"; };
		1174A561F8027B3000B9166D /* BanGiDa-Info.plist */ = {isa = PBXFileReference; lastKnownFileType = text.plist; path = "BanGiDa-Info.plist"; sourceTree = "<group>"; };
		1569BC7F1942DE463AC74F6A /* SnapKit_SnapKit.bundle */ = {isa = PBXFileReference; explicitFileType = wrapper.cfbundle; includeInIndex = 0; path = SnapKit_SnapKit.bundle; sourceTree = BUILT_PRODUCTS_DIR; };
		15DDEF1DB73B0D504568F9CE /* SaveImageUseCase.swift */ = {isa = PBXFileReference; lastKnownFileType = sourcecode.swift; path = SaveImageUseCase.swift; sourceTree = "<group>"; };
		1659E08FE5AD2D2053E645BA /* RestoreBackupUseCase.swift */ = {isa = PBXFileReference; lastKnownFileType = sourcecode.swift; path = RestoreBackupUseCase.swift; sourceTree = "<group>"; };
		1ACC07707C56B84761416C9E /* libz.tbd */ = {isa = PBXFileReference; lastKnownFileType = "sourcecode.text-based-dylib-definition"; name = libz.tbd; path = Platforms/iPhoneOS.platform/Developer/SDKs/iPhoneOS.sdk/usr/lib/libz.tbd; sourceTree = DEVELOPER_DIR; };
		1B8CADF7185070ABD899CD15 /* RealmDiaryRepository.swift */ = {isa = PBXFileReference; lastKnownFileType = sourcecode.swift; path = RealmDiaryRepository.swift; sourceTree = "<group>"; };
		1FA71DE674BBC7B87C76B7AA /* HomeViewModel.swift */ = {isa = PBXFileReference; lastKnownFileType = sourcecode.swift; path = HomeViewModel.swift; sourceTree = "<group>"; };
		2388F994FD6AD29FB60C2592 /* MemoListTableViewCell.swift */ = {isa = PBXFileReference; lastKnownFileType = sourcecode.swift; path = MemoListTableViewCell.swift; sourceTree = "<group>"; };
		24A1F7533C9414F46D609B40 /* LoadImageUseCase.swift */ = {isa = PBXFileReference; lastKnownFileType = sourcecode.swift; path = LoadImageUseCase.swift; sourceTree = "<group>"; };
		25FA41BE97D4C05F08DA7774 /* StoryGuideOverlay.swift */ = {isa = PBXFileReference; lastKnownFileType = sourcecode.swift; path = StoryGuideOverlay.swift; sourceTree = "<group>"; };
		2BE33B5BBAA89652F875C966 /* SettingViewModel.swift */ = {isa = PBXFileReference; lastKnownFileType = sourcecode.swift; path = SettingViewModel.swift; sourceTree = "<group>"; };
		2F26CA786D3DB1C2044CA6BC /* TuistFonts+BanGiDa.swift */ = {isa = PBXFileReference; lastKnownFileType = sourcecode.swift; path = "TuistFonts+BanGiDa.swift"; sourceTree = "<group>"; };
		2FC269A36088A47E9050BD0B /* ToggleStoryLikeUseCase.swift */ = {isa = PBXFileReference; lastKnownFileType = sourcecode.swift; path = ToggleStoryLikeUseCase.swift; sourceTree = "<group>"; };
		37643C2A1F49EA6E38F5DAF6 /* BaseViewController.swift */ = {isa = PBXFileReference; lastKnownFileType = sourcecode.swift; path = BaseViewController.swift; sourceTree = "<group>"; };
		3AF5F7EDA383BA33D2775471 /* DiaryEntry.swift */ = {isa = PBXFileReference; lastKnownFileType = sourcecode.swift; path = DiaryEntry.swift; sourceTree = "<group>"; };
		3D3F4884BE143B7EB3D7D1C7 /* Color+Extension.swift */ = {isa = PBXFileReference; lastKnownFileType = sourcecode.swift; path = "Color+Extension.swift"; sourceTree = "<group>"; };
		3DA34565AD9F5768A865FEBA /* WriteStoryError.swift */ = {isa = PBXFileReference; lastKnownFileType = sourcecode.swift; path = WriteStoryError.swift; sourceTree = "<group>"; };
		453806FF01FD77EC8EB92814 /* PrivacyInfo.xcprivacy */ = {isa = PBXFileReference; path = PrivacyInfo.xcprivacy; sourceTree = "<group>"; };
		48E35F4FA606CBC78B68F11A /* GoogleService-Info.plist */ = {isa = PBXFileReference; lastKnownFileType = text.plist; path = "GoogleService-Info.plist"; sourceTree = "<group>"; };
		48E88AE0006F57C5E0063246 /* WriteViewController.swift */ = {isa = PBXFileReference; lastKnownFileType = sourcecode.swift; path = WriteViewController.swift; sourceTree = "<group>"; };
		500C2ABC69A1749926C5594C /* WriteStoryUseCase.swift */ = {isa = PBXFileReference; lastKnownFileType = sourcecode.swift; path = WriteStoryUseCase.swift; sourceTree = "<group>"; };
		5049BFBAB7BFA782F37A3CBB /* AlarmViewController.swift */ = {isa = PBXFileReference; lastKnownFileType = sourcecode.swift; path = AlarmViewController.swift; sourceTree = "<group>"; };
		5079251108D218A1341F7D2C /* BanGiDa.app */ = {isa = PBXFileReference; explicitFileType = wrapper.application; includeInIndex = 0; path = BanGiDa.app; sourceTree = BUILT_PRODUCTS_DIR; };
		50B8BDD7763B00029DA87D12 /* BanGiDa.entitlements */ = {isa = PBXFileReference; lastKnownFileType = text.plist.entitlements; path = BanGiDa.entitlements; sourceTree = "<group>"; };
		518499AA849A687D88599057 /* HomeViewViewController.swift */ = {isa = PBXFileReference; lastKnownFileType = sourcecode.swift; path = HomeViewViewController.swift; sourceTree = "<group>"; };
		57224391E2B51049D630766C /* SelectButtonCollectionViewCell.swift */ = {isa = PBXFileReference; lastKnownFileType = sourcecode.swift; path = SelectButtonCollectionViewCell.swift; sourceTree = "<group>"; };
		5B137A9C267C69825C5A1AB0 /* UIColor+Extension.swift */ = {isa = PBXFileReference; lastKnownFileType = sourcecode.swift; path = "UIColor+Extension.swift"; sourceTree = "<group>"; };
		5B3AF1BCD346572312DDDDF8 /* StoryRepositoryImpl.swift */ = {isa = PBXFileReference; lastKnownFileType = sourcecode.swift; path = StoryRepositoryImpl.swift; sourceTree = "<group>"; };
		5C0B98E63B5B4A9F72236B35 /* ReusableProtocol.swift */ = {isa = PBXFileReference; lastKnownFileType = sourcecode.swift; path = ReusableProtocol.swift; sourceTree = "<group>"; };
		5D01088415E1AE264CBD10FE /* DocumentManager.swift */ = {isa = PBXFileReference; lastKnownFileType = sourcecode.swift; path = DocumentManager.swift; sourceTree = "<group>"; };
		5E9318D89DAE3A90E73ED93B /* Zip.framework */ = {isa = PBXFileReference; explicitFileType = wrapper.framework; includeInIndex = 0; path = Zip.framework; sourceTree = BUILT_PRODUCTS_DIR; };
		5FEB4217CF81F93AA9F1A77C /* SettingViewController.swift */ = {isa = PBXFileReference; lastKnownFileType = sourcecode.swift; path = SettingViewController.swift; sourceTree = "<group>"; };
		60D5ED34841EF81595A560D0 /* Story.swift */ = {isa = PBXFileReference; lastKnownFileType = sourcecode.swift; path = Story.swift; sourceTree = "<group>"; };
		619BCAE50E108EA566631093 /* UserPreferences.swift */ = {isa = PBXFileReference; lastKnownFileType = sourcecode.swift; path = UserPreferences.swift; sourceTree = "<group>"; };
		6277D538148A80087EDB9774 /* SettingTableViewCell.swift */ = {isa = PBXFileReference; lastKnownFileType = sourcecode.swift; path = SettingTableViewCell.swift; sourceTree = "<group>"; };
		67DE1273084669EDED45C199 /* SaveDiaryUseCase.swift */ = {isa = PBXFileReference; lastKnownFileType = sourcecode.swift; path = SaveDiaryUseCase.swift; sourceTree = "<group>"; };
		68CFB4A5E9F32B831EA43728 /* UpdateDiaryUseCase.swift */ = {isa = PBXFileReference; lastKnownFileType = sourcecode.swift; path = UpdateDiaryUseCase.swift; sourceTree = "<group>"; };
		6A5C53FB3ACB40CE39D30ED3 /* RemoveNotificationUseCase.swift */ = {isa = PBXFileReference; lastKnownFileType = sourcecode.swift; path = RemoveNotificationUseCase.swift; sourceTree = "<group>"; };
		6A7C272671062142A6F79398 /* CreateAuthUserUseCase.swift */ = {isa = PBXFileReference; lastKnownFileType = sourcecode.swift; path = CreateAuthUserUseCase.swift; sourceTree = "<group>"; };
		6AE219E021DA6D4769E3AF21 /* TuistBundle+BanGiDa.swift */ = {isa = PBXFileReference; lastKnownFileType = sourcecode.swift; path = "TuistBundle+BanGiDa.swift"; sourceTree = "<group>"; };
		6D1ABBAEA9E857A84CED0738 /* SelectButtonCollectionView.swift */ = {isa = PBXFileReference; lastKnownFileType = sourcecode.swift; path = SelectButtonCollectionView.swift; sourceTree = "<group>"; };
		6EFFF5EF8F5B44B9D3257C20 /* Injected.swift */ = {isa = PBXFileReference; lastKnownFileType = sourcecode.swift; path = Injected.swift; sourceTree = "<group>"; };
		6F7A263FA9E17268C6D04B8F /* AcknowList.framework */ = {isa = PBXFileReference; explicitFileType = wrapper.framework; includeInIndex = 0; path = AcknowList.framework; sourceTree = BUILT_PRODUCTS_DIR; };
		71D3E124ACA5CD3995578F17 /* TOCropViewController.framework */ = {isa = PBXFileReference; explicitFileType = wrapper.framework; includeInIndex = 0; path = TOCropViewController.framework; sourceTree = BUILT_PRODUCTS_DIR; };
		749B174B4600852B438DC91F /* FindDiaryByIDUseCase.swift */ = {isa = PBXFileReference; lastKnownFileType = sourcecode.swift; path = FindDiaryByIDUseCase.swift; sourceTree = "<group>"; };
		750186CDC3688EA3267EAF9D /* FontList.swift */ = {isa = PBXFileReference; lastKnownFileType = sourcecode.swift; path = FontList.swift; sourceTree = "<group>"; };
		75553C04E5EFE767D4BC90CD /* BaseView.swift */ = {isa = PBXFileReference; lastKnownFileType = sourcecode.swift; path = BaseView.swift; sourceTree = "<group>"; };
		7C1726A1395CCA6E085D5933 /* AlarmRepeat.swift */ = {isa = PBXFileReference; lastKnownFileType = sourcecode.swift; path = AlarmRepeat.swift; sourceTree = "<group>"; };
		7D079002C47A7594FCE44DB7 /* RealmSwift.framework */ = {isa = PBXFileReference; explicitFileType = wrapper.framework; includeInIndex = 0; path = RealmSwift.framework; sourceTree = BUILT_PRODUCTS_DIR; };
		7EE45DCE327091885DC44222 /* AnalyticsRepositoryImpl.swift */ = {isa = PBXFileReference; lastKnownFileType = sourcecode.swift; path = AnalyticsRepositoryImpl.swift; sourceTree = "<group>"; };
		836EA51219F02D1B8BE063EC /* AnimalNameCollectionViewCell.swift */ = {isa = PBXFileReference; lastKnownFileType = sourcecode.swift; path = AnimalNameCollectionViewCell.swift; sourceTree = "<group>"; };
		842D0774D9EA00FDF5DE0575 /* Category.swift */ = {isa = PBXFileReference; lastKnownFileType = sourcecode.swift; path = Category.swift; sourceTree = "<group>"; };
		8837A867BF491DF6DBBBC962 /* WriteStoryView.swift */ = {isa = PBXFileReference; lastKnownFileType = sourcecode.swift; path = WriteStoryView.swift; sourceTree = "<group>"; };
		88DA7E8D486AB5FF9A42347A /* ReportStoryUseCase.swift */ = {isa = PBXFileReference; lastKnownFileType = sourcecode.swift; path = ReportStoryUseCase.swift; sourceTree = "<group>"; };
		8FDE3FFC07F1288D500FA467 /* ImageRepositoryImpl.swift */ = {isa = PBXFileReference; lastKnownFileType = sourcecode.swift; path = ImageRepositoryImpl.swift; sourceTree = "<group>"; };
		913DCECDFAE3CBF351F0D2BA /* UserPreferencesUseCase.swift */ = {isa = PBXFileReference; lastKnownFileType = sourcecode.swift; path = UserPreferencesUseCase.swift; sourceTree = "<group>"; };
		9181A4AE469001E58432E6C4 /* MainTabViewController.swift */ = {isa = PBXFileReference; lastKnownFileType = sourcecode.swift; path = MainTabViewController.swift; sourceTree = "<group>"; };
		922A95CB7C3FDC91EA6D485D /* HomeTableView.swift */ = {isa = PBXFileReference; lastKnownFileType = sourcecode.swift; path = HomeTableView.swift; sourceTree = "<group>"; };
		92421B06EC033F54846AE3B1 /* DiaryType.swift */ = {isa = PBXFileReference; lastKnownFileType = sourcecode.swift; path = DiaryType.swift; sourceTree = "<group>"; };
		94978FB11146EC9205040FB8 /* UserRepositoryImpl.swift */ = {isa = PBXFileReference; lastKnownFileType = sourcecode.swift; path = UserRepositoryImpl.swift; sourceTree = "<group>"; };
		9573DAE2EDF68AC5AA21DAC9 /* NotificationRepositoryImpl.swift */ = {isa = PBXFileReference; lastKnownFileType = sourcecode.swift; path = NotificationRepositoryImpl.swift; sourceTree = "<group>"; };
		967AB4532254E0022F81B156 /* SceneDelegate.swift */ = {isa = PBXFileReference; lastKnownFileType = sourcecode.swift; path = SceneDelegate.swift; sourceTree = "<group>"; };
		976D061531587396270A0ACE /* StoryRepository.swift */ = {isa = PBXFileReference; lastKnownFileType = sourcecode.swift; path = StoryRepository.swift; sourceTree = "<group>"; };
		99121A04F39AC8578B41CB55 /* AlarmView.swift */ = {isa = PBXFileReference; lastKnownFileType = sourcecode.swift; path = AlarmView.swift; sourceTree = "<group>"; };
		9A8C1FBA50922C40B1169F39 /* Base */ = {isa = PBXFileReference; lastKnownFileType = file.storyboard; name = Base; path = Base.lproj/LaunchScreen.storyboard; sourceTree = "<group>"; };
		9D16C5D9067481094746EB8B /* SearchView.swift */ = {isa = PBXFileReference; lastKnownFileType = sourcecode.swift; path = SearchView.swift; sourceTree = "<group>"; };
		A21F45F74F87D36B0E1FBC5B /* ReportSheetView.swift */ = {isa = PBXFileReference; lastKnownFileType = sourcecode.swift; path = ReportSheetView.swift; sourceTree = "<group>"; };
		A31C0A7E792F5C50BEB1757A /* DIContainer.swift */ = {isa = PBXFileReference; lastKnownFileType = sourcecode.swift; path = DIContainer.swift; sourceTree = "<group>"; };
		A7AA396DDAFCA38E96F90A8A /* UserPreferencesRepository.swift */ = {isa = PBXFileReference; lastKnownFileType = sourcecode.swift; path = UserPreferencesRepository.swift; sourceTree = "<group>"; };
		AA895A324186F10A682FD151 /* CachedAsyncImage.swift */ = {isa = PBXFileReference; lastKnownFileType = sourcecode.swift; path = CachedAsyncImage.swift; sourceTree = "<group>"; };
		AD263851995BDCCBA691FBA7 /* String+Extension.swift */ = {isa = PBXFileReference; lastKnownFileType = sourcecode.swift; path = "String+Extension.swift"; sourceTree = "<group>"; };
		AD26A3440CC7897FE2364159 /* RealmDatabase_RealmCoreResources.bundle */ = {isa = PBXFileReference; explicitFileType = wrapper.cfbundle; includeInIndex = 0; path = RealmDatabase_RealmCoreResources.bundle; sourceTree = BUILT_PRODUCTS_DIR; };
		AD608C953DC46997F30AA5DE /* UIViewController+Extension.swift */ = {isa = PBXFileReference; lastKnownFileType = sourcecode.swift; path = "UIViewController+Extension.swift"; sourceTree = "<group>"; };
		AE74CD63FDEE814D36E665CE /* DeleteDiaryUseCase.swift */ = {isa = PBXFileReference; lastKnownFileType = sourcecode.swift; path = DeleteDiaryUseCase.swift; sourceTree = "<group>"; };
		AF77F84BB08617A2C24592E5 /* UserRepository.swift */ = {isa = PBXFileReference; lastKnownFileType = sourcecode.swift; path = UserRepository.swift; sourceTree = "<group>"; };
		B20F86691F915A4A252C526F /* ReportViewModel.swift */ = {isa = PBXFileReference; lastKnownFileType = sourcecode.swift; path = ReportViewModel.swift; sourceTree = "<group>"; };
		B29BEC2E05CAD58D7AEE0735 /* RequestNotificationAuthorizationUseCase.swift */ = {isa = PBXFileReference; lastKnownFileType = sourcecode.swift; path = RequestNotificationAuthorizationUseCase.swift; sourceTree = "<group>"; };
		B37D2BFEBCD7A31F4AC07DBD /* ResetDataUseCase.swift */ = {isa = PBXFileReference; lastKnownFileType = sourcecode.swift; path = ResetDataUseCase.swift; sourceTree = "<group>"; };
		B7031C4962986521003E295C /* WriteStoryViewModel.swift */ = {isa = PBXFileReference; lastKnownFileType = sourcecode.swift; path = WriteStoryViewModel.swift; sourceTree = "<group>"; };
		B83BA7BB39391916EF4F6189 /* NotificationRepository.swift */ = {isa = PBXFileReference; lastKnownFileType = sourcecode.swift; path = NotificationRepository.swift; sourceTree = "<group>"; };
		B86946FE6D04936894E20C90 /* SnapKit.framework */ = {isa = PBXFileReference; explicitFileType = wrapper.framework; includeInIndex = 0; path = SnapKit.framework; sourceTree = BUILT_PRODUCTS_DIR; };
		B9232E8B84AFFFB250797A27 /* SearchViewController.swift */ = {isa = PBXFileReference; lastKnownFileType = sourcecode.swift; path = SearchViewController.swift; sourceTree = "<group>"; };
		BAF2FFBECC41E706EAA610A9 /* WriteViewModel.swift */ = {isa = PBXFileReference; lastKnownFileType = sourcecode.swift; path = WriteViewModel.swift; sourceTree = "<group>"; };
		BC47F6A854D1D170B508C9C0 /* FetchStoriesUseCase.swift */ = {isa = PBXFileReference; lastKnownFileType = sourcecode.swift; path = FetchStoriesUseCase.swift; sourceTree = "<group>"; };
		BC7C106FD0D5538D375419D7 /* Assets.xcassets */ = {isa = PBXFileReference; lastKnownFileType = folder.assetcatalog; path = Assets.xcassets; sourceTree = "<group>"; };
		BCA955B34B9368CBA60FECBA /* AlarmViewModel.swift */ = {isa = PBXFileReference; lastKnownFileType = sourcecode.swift; path = AlarmViewModel.swift; sourceTree = "<group>"; };
		BE06F8916E4B84CB65F1C968 /* StoryRow.swift */ = {isa = PBXFileReference; lastKnownFileType = sourcecode.swift; path = StoryRow.swift; sourceTree = "<group>"; };
		BEF693CF86EAE4C8DFD782C4 /* AnalyticsRepository.swift */ = {isa = PBXFileReference; lastKnownFileType = sourcecode.swift; path = AnalyticsRepository.swift; sourceTree = "<group>"; };
		C1AE72D9DA612CDF10678118 /* Minizip.framework */ = {isa = PBXFileReference; explicitFileType = wrapper.framework; includeInIndex = 0; path = Minizip.framework; sourceTree = BUILT_PRODUCTS_DIR; };
		C444C4655C2A1F9C07C0B0DE /* StoryViewModel.swift */ = {isa = PBXFileReference; lastKnownFileType = sourcecode.swift; path = StoryViewModel.swift; sourceTree = "<group>"; };
		C4EC1C6BA223CDF5EC107C6F /* WalkTroughViewController.swift */ = {isa = PBXFileReference; lastKnownFileType = sourcecode.swift; path = WalkTroughViewController.swift; sourceTree = "<group>"; };
		C6A1763611BA9E4CB9363934 /* UserDefaultsKey.swift */ = {isa = PBXFileReference; lastKnownFileType = sourcecode.swift; path = UserDefaultsKey.swift; sourceTree = "<group>"; };
		C7E275407A3F62BC85AE2AA7 /* UserPreferencesRepositoryImpl.swift */ = {isa = PBXFileReference; lastKnownFileType = sourcecode.swift; path = UserPreferencesRepositoryImpl.swift; sourceTree = "<group>"; };
		C943FF4E3DF7D78EF1DFC0C7 /* CalendarView.swift */ = {isa = PBXFileReference; lastKnownFileType = sourcecode.swift; path = CalendarView.swift; sourceTree = "<group>"; };
		C9EFE334E846528275E4DA00 /* AcknowList_AcknowList.bundle */ = {isa = PBXFileReference; explicitFileType = wrapper.cfbundle; includeInIndex = 0; path = AcknowList_AcknowList.bundle; sourceTree = BUILT_PRODUCTS_DIR; };
		CA5CB30418C03CDA9A01E7A4 /* TuistAssets+BanGiDa.swift */ = {isa = PBXFileReference; lastKnownFileType = sourcecode.swift; path = "TuistAssets+BanGiDa.swift"; sourceTree = "<group>"; };
		CA73AA68189E9864B15E363E /* Realm.framework */ = {isa = PBXFileReference; explicitFileType = wrapper.framework; includeInIndex = 0; path = Realm.framework; sourceTree = BUILT_PRODUCTS_DIR; };
		CB896A0ADF97336628672029 /* ScheduleNotificationUseCase.swift */ = {isa = PBXFileReference; lastKnownFileType = sourcecode.swift; path = ScheduleNotificationUseCase.swift; sourceTree = "<group>"; };
		CC8022317B9E74F73AC396C7 /* MemoHeaderView.swift */ = {isa = PBXFileReference; lastKnownFileType = sourcecode.swift; path = MemoHeaderView.swift; sourceTree = "<group>"; };
		CFC60D90EB6BE0172C2D0D2D /* LineView.swift */ = {isa = PBXFileReference; lastKnownFileType = sourcecode.swift; path = LineView.swift; sourceTree = "<group>"; };
		D27AD12260A365E404D33925 /* HomeView.swift */ = {isa = PBXFileReference; lastKnownFileType = sourcecode.swift; path = HomeView.swift; sourceTree = "<group>"; };
		D2887E246039A14A9A82B4F4 /* SearchViewModel.swift */ = {isa = PBXFileReference; lastKnownFileType = sourcecode.swift; path = SearchViewModel.swift; sourceTree = "<group>"; };
		D4521DE16C30FB8EB1A19467 /* SettingTableHeaderView.swift */ = {isa = PBXFileReference; lastKnownFileType = sourcecode.swift; path = SettingTableHeaderView.swift; sourceTree = "<group>"; };
		D673D1A32701424839FEE01D /* StoryView.swift */ = {isa = PBXFileReference; lastKnownFileType = sourcecode.swift; path = StoryView.swift; sourceTree = "<group>"; };
		D6F586FA644A8EC9162B474B /* RestoreNotificationsUseCase.swift */ = {isa = PBXFileReference; lastKnownFileType = sourcecode.swift; path = RestoreNotificationsUseCase.swift; sourceTree = "<group>"; };
		D9F896B95BF186FB51549EEF /* AlarmListTableViewCell.swift */ = {isa = PBXFileReference; lastKnownFileType = sourcecode.swift; path = AlarmListTableViewCell.swift; sourceTree = "<group>"; };
		DD829BE01E004116D181BFDA /* Swinject.framework */ = {isa = PBXFileReference; explicitFileType = wrapper.framework; includeInIndex = 0; path = Swinject.framework; sourceTree = BUILT_PRODUCTS_DIR; };
		DE2FA4A4762EF8290D0E375F /* WalkThroughViewModel.swift */ = {isa = PBXFileReference; lastKnownFileType = sourcecode.swift; path = WalkThroughViewModel.swift; sourceTree = "<group>"; };
		E0ADCFE513365B6130BF572D /* SaveAlarmUseCase.swift */ = {isa = PBXFileReference; lastKnownFileType = sourcecode.swift; path = SaveAlarmUseCase.swift; sourceTree = "<group>"; };
		E0DE018FBA51ED0BE8D499CD /* MemoView.swift */ = {isa = PBXFileReference; lastKnownFileType = sourcecode.swift; path = MemoView.swift; sourceTree = "<group>"; };
		E1C6977FC332CCE73F1C48A5 /* Jalnan.ttf */ = {isa = PBXFileReference; lastKnownFileType = file; path = Jalnan.ttf; sourceTree = "<group>"; };
		E2B1A955EBDEBD5AE0C94B69 /* BackupRepositoryImpl.swift */ = {isa = PBXFileReference; lastKnownFileType = sourcecode.swift; path = BackupRepositoryImpl.swift; sourceTree = "<group>"; };
		E3E29FFBC8A05CCE84AFBE4E /* UpdateNicknameUseCase.swift */ = {isa = PBXFileReference; lastKnownFileType = sourcecode.swift; path = UpdateNicknameUseCase.swift; sourceTree = "<group>"; };
		E4391371AE2D3DC89511D514 /* IQKeyboardManagerSwift.framework */ = {isa = PBXFileReference; explicitFileType = wrapper.framework; includeInIndex = 0; path = IQKeyboardManagerSwift.framework; sourceTree = BUILT_PRODUCTS_DIR; };
		E45AF10EADA33CBDBD54D78B /* CropViewController.framework */ = {isa = PBXFileReference; explicitFileType = wrapper.framework; includeInIndex = 0; path = CropViewController.framework; sourceTree = BUILT_PRODUCTS_DIR; };
		E745AC058B67B77900B2511E /* AppDelegate.swift */ = {isa = PBXFileReference; lastKnownFileType = sourcecode.swift; path = AppDelegate.swift; sourceTree = "<group>"; };
		EA3CFD1336761B6A97DE2DED /* WalkThroughView.swift */ = {isa = PBXFileReference; lastKnownFileType = sourcecode.swift; path = WalkThroughView.swift; sourceTree = "<group>"; };
		EA51CB295F31DDA5F188A8BB /* UserError.swift */ = {isa = PBXFileReference; lastKnownFileType = sourcecode.swift; path = UserError.swift; sourceTree = "<group>"; };
		EDA2B0529BE4FB072CCA8FB0 /* Diary.swift */ = {isa = PBXFileReference; lastKnownFileType = sourcecode.swift; path = Diary.swift; sourceTree = "<group>"; };
		F07DC4FBC45BA4E83169B916 /* BaseTableViewCell.swift */ = {isa = PBXFileReference; lastKnownFileType = sourcecode.swift; path = BaseTableViewCell.swift; sourceTree = "<group>"; };
		F2A4F863BDE983913E8A8947 /* DiaryRepository.swift */ = {isa = PBXFileReference; lastKnownFileType = sourcecode.swift; path = DiaryRepository.swift; sourceTree = "<group>"; };
		F354EA0C9CFEF4FAE8343901 /* SearchDiariesUseCase.swift */ = {isa = PBXFileReference; lastKnownFileType = sourcecode.swift; path = SearchDiariesUseCase.swift; sourceTree = "<group>"; };
		F5239E8A11363068CB8147FB /* UpdateAlarmUseCase.swift */ = {isa = PBXFileReference; lastKnownFileType = sourcecode.swift; path = UpdateAlarmUseCase.swift; sourceTree = "<group>"; };
		F8AAB81FDBF63667330A63CE /* ProfileView.swift */ = {isa = PBXFileReference; lastKnownFileType = sourcecode.swift; path = ProfileView.swift; sourceTree = "<group>"; };
		FAD9ECCB0815CD5C5978EA46 /* CreateBackupUseCase.swift */ = {isa = PBXFileReference; lastKnownFileType = sourcecode.swift; path = CreateBackupUseCase.swift; sourceTree = "<group>"; };
		FD4F35A1B1943B0CE151D7DC /* AlarmRepeat+Realm.swift */ = {isa = PBXFileReference; lastKnownFileType = sourcecode.swift; path = "AlarmRepeat+Realm.swift"; sourceTree = "<group>"; };
		FF3D0CBD2233C1D9BF2A52A9 /* Date+Extension.swift */ = {isa = PBXFileReference; lastKnownFileType = sourcecode.swift; path = "Date+Extension.swift"; sourceTree = "<group>"; };
/* End PBXFileReference section */

/* Begin PBXFrameworksBuildPhase section */
		0C12D9024DDAEB91832CB6A2 /* Frameworks */ = {
			isa = PBXFrameworksBuildPhase;
			buildActionMask = 2147483647;
			files = (
				0BBA3FAD10F545603BB2F23A /* libz.tbd in Frameworks */,
				96F21A7B8CBD75F30068DAB6 /* AcknowList.framework in Frameworks */,
				0FB893C18CE0B4A7D63D6ACE /* CropViewController.framework in Frameworks */,
				9693CF746FB9E9A42E08A034 /* FSCalendar.framework in Frameworks */,
				418FE61806CE53748BEDFB83 /* IQKeyboardManagerSwift.framework in Frameworks */,
				D70CCFDEAAA9E43378FAA566 /* Minizip.framework in Frameworks */,
				259AF37EBA1428A30E425072 /* Realm.framework in Frameworks */,
				A2932C525E0977293DEFB45A /* RealmSwift.framework in Frameworks */,
				F2C2587B6557BB400F5D7CD8 /* SnapKit.framework in Frameworks */,
				8945F4AA81484ED126054D3A /* Swinject.framework in Frameworks */,
				7A14F7EFED303A7F436AD8D3 /* TOCropViewController.framework in Frameworks */,
				9E16C4906616544ACDFDF285 /* Zip.framework in Frameworks */,
				8FAE1DB2B46EC3A7D533EAFA /* FirebaseAnalytics in Frameworks */,
				2695119C27D4E9F9274B938B /* FirebaseCrashlytics in Frameworks */,
				706BCCD654709852D7292B55 /* FirebaseMessaging in Frameworks */,
				D78EF4E41040D8D132716FA0 /* FirebaseAuth in Frameworks */,
				D8E296D4C1E61CE71CBBA7FC /* FirebaseFirestore in Frameworks */,
				328B1AE8844CECE4235D9417 /* FirebaseStorage in Frameworks */,
			);
			runOnlyForDeploymentPostprocessing = 0;
		};
/* End PBXFrameworksBuildPhase section */

/* Begin PBXGroup section */
		05FF606D1672AC2F135C780B /* Util */ = {
			isa = PBXGroup;
			children = (
				AA895A324186F10A682FD151 /* CachedAsyncImage.swift */,
				842D0774D9EA00FDF5DE0575 /* Category.swift */,
				9181A4AE469001E58432E6C4 /* MainTabViewController.swift */,
			);
			path = Util;
			sourceTree = "<group>";
		};
		063EB630AED0059B5952DF94 /* MemoView */ = {
			isa = PBXGroup;
			children = (
				836EA51219F02D1B8BE063EC /* AnimalNameCollectionViewCell.swift */,
				E0DE018FBA51ED0BE8D499CD /* MemoView.swift */,
			);
			path = MemoView;
			sourceTree = "<group>";
		};
		0AE7353DCF0C6DFB736E9729 /* Extension */ = {
			isa = PBXGroup;
			children = (
				3D3F4884BE143B7EB3D7D1C7 /* Color+Extension.swift */,
				FF3D0CBD2233C1D9BF2A52A9 /* Date+Extension.swift */,
				AD263851995BDCCBA691FBA7 /* String+Extension.swift */,
				5B137A9C267C69825C5A1AB0 /* UIColor+Extension.swift */,
				AD608C953DC46997F30AA5DE /* UIViewController+Extension.swift */,
			);
			path = Extension;
			sourceTree = "<group>";
		};
		0C163ED38653831ECFB560AC /* Errors */ = {
			isa = PBXGroup;
			children = (
				EA51CB295F31DDA5F188A8BB /* UserError.swift */,
				3DA34565AD9F5768A865FEBA /* WriteStoryError.swift */,
			);
			path = Errors;
			sourceTree = "<group>";
		};
		0E353B7A4CB8F0BCB045FAB8 /* Alarm */ = {
			isa = PBXGroup;
			children = (
				1C0BF6099B0A5678C6055CC9 /* View */,
				C1672C3E036350A4E20CD98A /* ViewModel */,
			);
			path = Alarm;
			sourceTree = "<group>";
		};
		0E3EF2C26C14B3AAD195B9C9 /* BanGiDa */ = {
			isa = PBXGroup;
			children = (
				DBBF3660A48999D1EA535A35 /* Application */,
				C5465391D29D157B8CBEC984 /* Core */,
				30BE361CC9A6796E7ED72C9B /* Data */,
				17404AF67F205020D40FA02F /* Domain */,
				0AE7353DCF0C6DFB736E9729 /* Extension */,
				5B5FA363F100E46B66776142 /* LaunchScreen.storyboard */,
				2007017E89B5748A72EA0F18 /* Presentation */,
				30D1041E745249C179A23F4C /* Protocol */,
				C90B2EE18AF55805CF2EED50 /* Resource */,
				BC7C106FD0D5538D375419D7 /* Assets.xcassets */,
				50B8BDD7763B00029DA87D12 /* BanGiDa.entitlements */,
				48E35F4FA606CBC78B68F11A /* GoogleService-Info.plist */,
				453806FF01FD77EC8EB92814 /* PrivacyInfo.xcprivacy */,
			);
			path = BanGiDa;
			sourceTree = "<group>";
		};
		0E57AF2EEC1A6E77862E1F49 /* Search */ = {
			isa = PBXGroup;
			children = (
				D8E12AD31AF57FC18CBFEFC3 /* View */,
				E5A877AA2F423867C1B9C37F /* ViewModel */,
			);
			path = Search;
			sourceTree = "<group>";
		};
		0EAC6E81A1E8D181839E78AF /* View */ = {
			isa = PBXGroup;
			children = (
				2E6C25BE201F96E7ED4E3828 /* Cells */,
				F8AAB81FDBF63667330A63CE /* ProfileView.swift */,
				D4521DE16C30FB8EB1A19467 /* SettingTableHeaderView.swift */,
				0D4BAA64846036B1ED5BB589 /* SettingView.swift */,
				5FEB4217CF81F93AA9F1A77C /* SettingViewController.swift */,
			);
			path = View;
			sourceTree = "<group>";
		};
		0ED544BAE8D68E93753261A5 /* Repository */ = {
			isa = PBXGroup;
			children = (
				BEF693CF86EAE4C8DFD782C4 /* AnalyticsRepository.swift */,
				1021E05723B6AC9E025236F3 /* BackupRepository.swift */,
				F2A4F863BDE983913E8A8947 /* DiaryRepository.swift */,
				0189709D7AEC8E6FC1FFA6D0 /* ImageRepository.swift */,
				B83BA7BB39391916EF4F6189 /* NotificationRepository.swift */,
				976D061531587396270A0ACE /* StoryRepository.swift */,
				A7AA396DDAFCA38E96F90A8A /* UserPreferencesRepository.swift */,
				AF77F84BB08617A2C24592E5 /* UserRepository.swift */,
			);
			path = Repository;
			sourceTree = "<group>";
		};
		16C5080317BFBFB33F5B1824 /* Project */ = {
			isa = PBXGroup;
			children = (
				0E3EF2C26C14B3AAD195B9C9 /* BanGiDa */,
				F3BA12CB97838BAB4195907C /* Derived */,
			);
			name = Project;
			sourceTree = "<group>";
		};
		17404AF67F205020D40FA02F /* Domain */ = {
			isa = PBXGroup;
			children = (
				7F05FB1848E20E468E420F6E /* Model */,
				0ED544BAE8D68E93753261A5 /* Repository */,
				AAFDD4C9F7C63660962C520B /* UseCase */,
			);
			path = Domain;
			sourceTree = "<group>";
		};
		1C0BF6099B0A5678C6055CC9 /* View */ = {
			isa = PBXGroup;
			children = (
				99121A04F39AC8578B41CB55 /* AlarmView.swift */,
				5049BFBAB7BFA782F37A3CBB /* AlarmViewController.swift */,
			);
			path = View;
			sourceTree = "<group>";
		};
		1E7F59133C6E2FE99661E740 /* ReportSheet */ = {
			isa = PBXGroup;
			children = (
				1EC1DD64135E6076DAEDA27A /* View */,
				9A0BF2600F61B362B7DC1661 /* ViewModel */,
			);
			path = ReportSheet;
			sourceTree = "<group>";
		};
		1EC1DD64135E6076DAEDA27A /* View */ = {
			isa = PBXGroup;
			children = (
				A21F45F74F87D36B0E1FBC5B /* ReportSheetView.swift */,
			);
			path = View;
			sourceTree = "<group>";
		};
		1EDD9CB9D59595DA6434F87D /* Alarm */ = {
			isa = PBXGroup;
			children = (
				6A5C53FB3ACB40CE39D30ED3 /* RemoveNotificationUseCase.swift */,
				B29BEC2E05CAD58D7AEE0735 /* RequestNotificationAuthorizationUseCase.swift */,
				D6F586FA644A8EC9162B474B /* RestoreNotificationsUseCase.swift */,
				E0ADCFE513365B6130BF572D /* SaveAlarmUseCase.swift */,
				CB896A0ADF97336628672029 /* ScheduleNotificationUseCase.swift */,
				F5239E8A11363068CB8147FB /* UpdateAlarmUseCase.swift */,
			);
			path = Alarm;
			sourceTree = "<group>";
		};
		1F5CB327AF8D7B5A2F5D64D1 /* SubViews */ = {
			isa = PBXGroup;
			children = (
				BE06F8916E4B84CB65F1C968 /* StoryRow.swift */,
			);
			path = SubViews;
			sourceTree = "<group>";
		};
		2007017E89B5748A72EA0F18 /* Presentation */ = {
			isa = PBXGroup;
			children = (
				BBD39987AAC1BF125FC88154 /* Common */,
				544391FCBE969C6D88DEC92F /* Main */,
				CAD56BDFF512FF04CE3D84BD /* WalkTrough */,
			);
			path = Presentation;
			sourceTree = "<group>";
		};
		2027D14B247B98F2230501D9 /* Write */ = {
			isa = PBXGroup;
			children = (
				203B45A88E281D0263730D48 /* View */,
				A93B0C361056AB43676E1FF9 /* ViewModel */,
			);
			path = Write;
			sourceTree = "<group>";
		};
		203B45A88E281D0263730D48 /* View */ = {
			isa = PBXGroup;
			children = (
				063EB630AED0059B5952DF94 /* MemoView */,
				48E88AE0006F57C5E0063246 /* WriteViewController.swift */,
			);
			path = View;
			sourceTree = "<group>";
		};
		2DED0648F514FC9D02B41B7C /* ViewModel */ = {
			isa = PBXGroup;
			children = (
				C444C4655C2A1F9C07C0B0DE /* StoryViewModel.swift */,
			);
			path = ViewModel;
			sourceTree = "<group>";
		};
		2E6C25BE201F96E7ED4E3828 /* Cells */ = {
			isa = PBXGroup;
			children = (
				6277D538148A80087EDB9774 /* SettingTableViewCell.swift */,
			);
			path = Cells;
			sourceTree = "<group>";
		};
		30BE361CC9A6796E7ED72C9B /* Data */ = {
			isa = PBXGroup;
			children = (
				95C71D846D5E88E33B58CC2B /* Backup */,
				631A773807B4892446EFE3B8 /* Firebase */,
				5EB06984BA2A1A19047A3C20 /* LocalStorage */,
				67D7B2ACAAC18D13163C6652 /* Notification */,
				EAF18C969947288CE6EFB7CF /* Realm */,
			);
			path = Data;
			sourceTree = "<group>";
		};
		30D1041E745249C179A23F4C /* Protocol */ = {
			isa = PBXGroup;
			children = (
				5C0B98E63B5B4A9F72236B35 /* ReusableProtocol.swift */,
			);
			path = Protocol;
			sourceTree = "<group>";
		};
		322E5B812CD9CC309A6E1C15 /* Preferences */ = {
			isa = PBXGroup;
			children = (
				913DCECDFAE3CBF351F0D2BA /* UserPreferencesUseCase.swift */,
			);
			path = Preferences;
			sourceTree = "<group>";
		};
		3766291473076E8E8B4C1663 /* View */ = {
			isa = PBXGroup;
			children = (
				FC237FD791617F5A9E0F47BA /* HomeView */,
				518499AA849A687D88599057 /* HomeViewViewController.swift */,
			);
			path = View;
			sourceTree = "<group>";
		};
		379A374BF541CB7DE08F42B4 /* ViewModel */ = {
			isa = PBXGroup;
			children = (
				2BE33B5BBAA89652F875C966 /* SettingViewModel.swift */,
			);
			path = ViewModel;
			sourceTree = "<group>";
		};
		45C836A697B9D3C99D1C2B54 /* View */ = {
			isa = PBXGroup;
			children = (
				EA3CFD1336761B6A97DE2DED /* WalkThroughView.swift */,
				C4EC1C6BA223CDF5EC107C6F /* WalkTroughViewController.swift */,
			);
			path = View;
			sourceTree = "<group>";
		};
		4A2567DBEA2B803EA6193C10 /* Category */ = {
			isa = PBXGroup;
			children = (
				084CE5864B8D74F28EC160FD /* AnimalNameButton.swift */,
				6D1ABBAEA9E857A84CED0738 /* SelectButtonCollectionView.swift */,
				57224391E2B51049D630766C /* SelectButtonCollectionViewCell.swift */,
			);
			path = Category;
			sourceTree = "<group>";
		};
		4FBB79C60897824D28D2F078 /* InfoPlists */ = {
			isa = PBXGroup;
			children = (
				1174A561F8027B3000B9166D /* BanGiDa-Info.plist */,
			);
			path = InfoPlists;
			sourceTree = "<group>";
		};
		5139D6E91A1EA16E470CC67A /* Base */ = {
			isa = PBXGroup;
			children = (
				F07DC4FBC45BA4E83169B916 /* BaseTableViewCell.swift */,
				75553C04E5EFE767D4BC90CD /* BaseView.swift */,
				37643C2A1F49EA6E38F5DAF6 /* BaseViewController.swift */,
			);
			path = Base;
			sourceTree = "<group>";
		};
		544391FCBE969C6D88DEC92F /* Main */ = {
			isa = PBXGroup;
			children = (
				0E353B7A4CB8F0BCB045FAB8 /* Alarm */,
				62415F86ACCC9E219B402390 /* Home */,
				0E57AF2EEC1A6E77862E1F49 /* Search */,
				C39F6F4A0378AC47EDDF6DEA /* Setting */,
				82FCD3161B811D3984EC246B /* Story */,
				2027D14B247B98F2230501D9 /* Write */,
			);
			path = Main;
			sourceTree = "<group>";
		};
		5EB06984BA2A1A19047A3C20 /* LocalStorage */ = {
			isa = PBXGroup;
			children = (
				5D01088415E1AE264CBD10FE /* DocumentManager.swift */,
				8FDE3FFC07F1288D500FA467 /* ImageRepositoryImpl.swift */,
				C6A1763611BA9E4CB9363934 /* UserDefaultsKey.swift */,
				C7E275407A3F62BC85AE2AA7 /* UserPreferencesRepositoryImpl.swift */,
			);
			path = LocalStorage;
			sourceTree = "<group>";
		};
		62415F86ACCC9E219B402390 /* Home */ = {
			isa = PBXGroup;
			children = (
				3766291473076E8E8B4C1663 /* View */,
				AA5C661CB9D4DBFB63E9E541 /* ViewModel */,
			);
			path = Home;
			sourceTree = "<group>";
		};
		631A773807B4892446EFE3B8 /* Firebase */ = {
			isa = PBXGroup;
			children = (
				7EE45DCE327091885DC44222 /* AnalyticsRepositoryImpl.swift */,
				5B3AF1BCD346572312DDDDF8 /* StoryRepositoryImpl.swift */,
				94978FB11146EC9205040FB8 /* UserRepositoryImpl.swift */,
			);
			path = Firebase;
			sourceTree = "<group>";
		};
		67D7B2ACAAC18D13163C6652 /* Notification */ = {
			isa = PBXGroup;
			children = (
				9573DAE2EDF68AC5AA21DAC9 /* NotificationRepositoryImpl.swift */,
			);
			path = Notification;
			sourceTree = "<group>";
		};
		6E456B42CE229AB80A2CB932 /* Button */ = {
			isa = PBXGroup;
			children = (
				4A2567DBEA2B803EA6193C10 /* Category */,
			);
			path = Button;
			sourceTree = "<group>";
		};
		73C7E0C3752601544159F682 /* Image */ = {
			isa = PBXGroup;
			children = (
				24A1F7533C9414F46D609B40 /* LoadImageUseCase.swift */,
				15DDEF1DB73B0D504568F9CE /* SaveImageUseCase.swift */,
			);
			path = Image;
			sourceTree = "<group>";
		};
		7F05FB1848E20E468E420F6E /* Model */ = {
			isa = PBXGroup;
			children = (
				7C1726A1395CCA6E085D5933 /* AlarmRepeat.swift */,
				3AF5F7EDA383BA33D2775471 /* DiaryEntry.swift */,
				92421B06EC033F54846AE3B1 /* DiaryType.swift */,
				0642A6E2379113846324D7B2 /* StoryTypes.swift */,
				619BCAE50E108EA566631093 /* UserPreferences.swift */,
			);
			path = Model;
			sourceTree = "<group>";
		};
		80DB02F588DFD33A967D16E3 /* ViewModel */ = {
			isa = PBXGroup;
			children = (
				DE2FA4A4762EF8290D0E375F /* WalkThroughViewModel.swift */,
			);
			path = ViewModel;
			sourceTree = "<group>";
		};
		82FCD3161B811D3984EC246B /* Story */ = {
			isa = PBXGroup;
			children = (
				C9AF1E3B5BF3AC97116A985E /* Model */,
				1E7F59133C6E2FE99661E740 /* ReportSheet */,
				D4441D967CDC89B21379120C /* View */,
				2DED0648F514FC9D02B41B7C /* ViewModel */,
				CF05B561B8DE554DEE65EE5C /* WriteStory */,
			);
			path = Story;
			sourceTree = "<group>";
		};
		863106BD6C659B7B1A0E8B01 /* ViewModel */ = {
			isa = PBXGroup;
			children = (
				B7031C4962986521003E295C /* WriteStoryViewModel.swift */,
			);
			path = ViewModel;
			sourceTree = "<group>";
		};
		8EF331B9FA978DD38B62ADE3 /* SearchView */ = {
			isa = PBXGroup;
			children = (
				9D16C5D9067481094746EB8B /* SearchView.swift */,
			);
			path = SearchView;
			sourceTree = "<group>";
		};
		9028EBA8D2CB6CB182B7ABB3 = {
			isa = PBXGroup;
			children = (
				CB66ACA693AF477B5B75923A /* Products */,
				16C5080317BFBFB33F5B1824 /* Project */,
				BB6FB7CE7557E77FE1366A04 /* Frameworks */,
			);
			sourceTree = "<group>";
		};
		91127F65225CD9FB7AE3FC04 /* View */ = {
			isa = PBXGroup;
			children = (
				CFC60D90EB6BE0172C2D0D2D /* LineView.swift */,
			);
			path = View;
			sourceTree = "<group>";
		};
		95C71D846D5E88E33B58CC2B /* Backup */ = {
			isa = PBXGroup;
			children = (
				E2B1A955EBDEBD5AE0C94B69 /* BackupRepositoryImpl.swift */,
			);
			path = Backup;
			sourceTree = "<group>";
		};
		96C09C1626BF915B94E5BEAE /* Diary */ = {
			isa = PBXGroup;
			children = (
				AE74CD63FDEE814D36E665CE /* DeleteDiaryUseCase.swift */,
				0F03F4AEB90F1F38569C4B3B /* FetchDiariesByDateUseCase.swift */,
				749B174B4600852B438DC91F /* FindDiaryByIDUseCase.swift */,
				67DE1273084669EDED45C199 /* SaveDiaryUseCase.swift */,
				F354EA0C9CFEF4FAE8343901 /* SearchDiariesUseCase.swift */,
				68CFB4A5E9F32B831EA43728 /* UpdateDiaryUseCase.swift */,
			);
			path = Diary;
			sourceTree = "<group>";
		};
		9A0BF2600F61B362B7DC1661 /* ViewModel */ = {
			isa = PBXGroup;
			children = (
				B20F86691F915A4A252C526F /* ReportViewModel.swift */,
			);
			path = ViewModel;
			sourceTree = "<group>";
		};
		A22176B7552BACF491217C43 /* MemoList */ = {
			isa = PBXGroup;
			children = (
				D9F896B95BF186FB51549EEF /* AlarmListTableViewCell.swift */,
				CC8022317B9E74F73AC396C7 /* MemoHeaderView.swift */,
				2388F994FD6AD29FB60C2592 /* MemoListTableViewCell.swift */,
			);
			path = MemoList;
			sourceTree = "<group>";
		};
		A93B0C361056AB43676E1FF9 /* ViewModel */ = {
			isa = PBXGroup;
			children = (
				BAF2FFBECC41E706EAA610A9 /* WriteViewModel.swift */,
			);
			path = ViewModel;
			sourceTree = "<group>";
		};
		AA5C661CB9D4DBFB63E9E541 /* ViewModel */ = {
			isa = PBXGroup;
			children = (
				1FA71DE674BBC7B87C76B7AA /* HomeViewModel.swift */,
			);
			path = ViewModel;
			sourceTree = "<group>";
		};
		AAFDD4C9F7C63660962C520B /* UseCase */ = {
			isa = PBXGroup;
			children = (
				1EDD9CB9D59595DA6434F87D /* Alarm */,
				B31960095D9876C5D6D2BCB2 /* Backup */,
				96C09C1626BF915B94E5BEAE /* Diary */,
				73C7E0C3752601544159F682 /* Image */,
				322E5B812CD9CC309A6E1C15 /* Preferences */,
				FE6263D33A148899AB0FE975 /* Story */,
				D50F4E81AF797E34DC1A12E0 /* User */,
			);
			path = UseCase;
			sourceTree = "<group>";
		};
		AB4A767A3336FE56C38B6D19 /* Sources */ = {
			isa = PBXGroup;
			children = (
				CA5CB30418C03CDA9A01E7A4 /* TuistAssets+BanGiDa.swift */,
				6AE219E021DA6D4769E3AF21 /* TuistBundle+BanGiDa.swift */,
				2F26CA786D3DB1C2044CA6BC /* TuistFonts+BanGiDa.swift */,
				06B4059BA5454A635BAA94D8 /* TuistPlists+BanGiDa.swift */,
			);
			path = Sources;
			sourceTree = "<group>";
		};
		AB5AB127E9B76B9E1B8E977F /* View */ = {
			isa = PBXGroup;
			children = (
				8837A867BF491DF6DBBBC962 /* WriteStoryView.swift */,
			);
			path = View;
			sourceTree = "<group>";
		};
		B31960095D9876C5D6D2BCB2 /* Backup */ = {
			isa = PBXGroup;
			children = (
				FAD9ECCB0815CD5C5978EA46 /* CreateBackupUseCase.swift */,
				B37D2BFEBCD7A31F4AC07DBD /* ResetDataUseCase.swift */,
				1659E08FE5AD2D2053E645BA /* RestoreBackupUseCase.swift */,
			);
			path = Backup;
			sourceTree = "<group>";
		};
		B8AA66C628BE9376B435D24E /* Utility */ = {
			isa = PBXGroup;
			children = (
				6EFFF5EF8F5B44B9D3257C20 /* Injected.swift */,
			);
			path = Utility;
			sourceTree = "<group>";
		};
		BB6FB7CE7557E77FE1366A04 /* Frameworks */ = {
			isa = PBXGroup;
			children = (
				1ACC07707C56B84761416C9E /* libz.tbd */,
			);
			name = Frameworks;
			sourceTree = "<group>";
		};
		BBD39987AAC1BF125FC88154 /* Common */ = {
			isa = PBXGroup;
			children = (
				5139D6E91A1EA16E470CC67A /* Base */,
				DAE6AB554438896F1DC050BD /* Style */,
				05FF606D1672AC2F135C780B /* Util */,
			);
			path = Common;
			sourceTree = "<group>";
		};
		C1672C3E036350A4E20CD98A /* ViewModel */ = {
			isa = PBXGroup;
			children = (
				BCA955B34B9368CBA60FECBA /* AlarmViewModel.swift */,
			);
			path = ViewModel;
			sourceTree = "<group>";
		};
		C39F6F4A0378AC47EDDF6DEA /* Setting */ = {
			isa = PBXGroup;
			children = (
				0EAC6E81A1E8D181839E78AF /* View */,
				379A374BF541CB7DE08F42B4 /* ViewModel */,
			);
			path = Setting;
			sourceTree = "<group>";
		};
		C5465391D29D157B8CBEC984 /* Core */ = {
			isa = PBXGroup;
			children = (
				0C163ED38653831ECFB560AC /* Errors */,
			);
			path = Core;
			sourceTree = "<group>";
		};
		C90B2EE18AF55805CF2EED50 /* Resource */ = {
			isa = PBXGroup;
			children = (
				750186CDC3688EA3267EAF9D /* FontList.swift */,
				E1C6977FC332CCE73F1C48A5 /* Jalnan.ttf */,
			);
			path = Resource;
			sourceTree = "<group>";
		};
		C9AF1E3B5BF3AC97116A985E /* Model */ = {
			isa = PBXGroup;
			children = (
				60D5ED34841EF81595A560D0 /* Story.swift */,
			);
			path = Model;
			sourceTree = "<group>";
		};
		CAD56BDFF512FF04CE3D84BD /* WalkTrough */ = {
			isa = PBXGroup;
			children = (
				45C836A697B9D3C99D1C2B54 /* View */,
				80DB02F588DFD33A967D16E3 /* ViewModel */,
			);
			path = WalkTrough;
			sourceTree = "<group>";
		};
		CB66ACA693AF477B5B75923A /* Products */ = {
			isa = PBXGroup;
			children = (
				C9EFE334E846528275E4DA00 /* AcknowList_AcknowList.bundle */,
				6F7A263FA9E17268C6D04B8F /* AcknowList.framework */,
				5079251108D218A1341F7D2C /* BanGiDa.app */,
				E45AF10EADA33CBDBD54D78B /* CropViewController.framework */,
				0EA88386F084EB0DC6BFF422 /* FSCalendar.framework */,
				E4391371AE2D3DC89511D514 /* IQKeyboardManagerSwift.framework */,
				C1AE72D9DA612CDF10678118 /* Minizip.framework */,
				CA73AA68189E9864B15E363E /* Realm.framework */,
				AD26A3440CC7897FE2364159 /* RealmDatabase_RealmCoreResources.bundle */,
				7D079002C47A7594FCE44DB7 /* RealmSwift.framework */,
				1569BC7F1942DE463AC74F6A /* SnapKit_SnapKit.bundle */,
				B86946FE6D04936894E20C90 /* SnapKit.framework */,
				DD829BE01E004116D181BFDA /* Swinject.framework */,
				0548CF8584C96D89451639BF /* TOCropViewController_TOCropViewController.bundle */,
				71D3E124ACA5CD3995578F17 /* TOCropViewController.framework */,
				5E9318D89DAE3A90E73ED93B /* Zip.framework */,
			);
			name = Products;
			sourceTree = "<group>";
		};
		CF05B561B8DE554DEE65EE5C /* WriteStory */ = {
			isa = PBXGroup;
			children = (
				AB5AB127E9B76B9E1B8E977F /* View */,
				863106BD6C659B7B1A0E8B01 /* ViewModel */,
			);
			path = WriteStory;
			sourceTree = "<group>";
		};
		D4441D967CDC89B21379120C /* View */ = {
			isa = PBXGroup;
			children = (
				1F5CB327AF8D7B5A2F5D64D1 /* SubViews */,
				25FA41BE97D4C05F08DA7774 /* StoryGuideOverlay.swift */,
				D673D1A32701424839FEE01D /* StoryView.swift */,
			);
			path = View;
			sourceTree = "<group>";
		};
		D50F4E81AF797E34DC1A12E0 /* User */ = {
			isa = PBXGroup;
			children = (
				0631465D1C47D96EB0F893F6 /* CheckUserRegistrationUseCase.swift */,
				6A7C272671062142A6F79398 /* CreateAuthUserUseCase.swift */,
				E3E29FFBC8A05CCE84AFBE4E /* UpdateNicknameUseCase.swift */,
			);
			path = User;
			sourceTree = "<group>";
		};
		D8E12AD31AF57FC18CBFEFC3 /* View */ = {
			isa = PBXGroup;
			children = (
				8EF331B9FA978DD38B62ADE3 /* SearchView */,
				B9232E8B84AFFFB250797A27 /* SearchViewController.swift */,
			);
			path = View;
			sourceTree = "<group>";
		};
		DAE6AB554438896F1DC050BD /* Style */ = {
			isa = PBXGroup;
			children = (
				6E456B42CE229AB80A2CB932 /* Button */,
				A22176B7552BACF491217C43 /* MemoList */,
				91127F65225CD9FB7AE3FC04 /* View */,
			);
			path = Style;
			sourceTree = "<group>";
		};
		DBBF3660A48999D1EA535A35 /* Application */ = {
			isa = PBXGroup;
			children = (
				B8AA66C628BE9376B435D24E /* Utility */,
				E745AC058B67B77900B2511E /* AppDelegate.swift */,
				A31C0A7E792F5C50BEB1757A /* DIContainer.swift */,
				967AB4532254E0022F81B156 /* SceneDelegate.swift */,
			);
			path = Application;
			sourceTree = "<group>";
		};
		E5A877AA2F423867C1B9C37F /* ViewModel */ = {
			isa = PBXGroup;
			children = (
				D2887E246039A14A9A82B4F4 /* SearchViewModel.swift */,
			);
			path = ViewModel;
			sourceTree = "<group>";
		};
		EAF18C969947288CE6EFB7CF /* Realm */ = {
			isa = PBXGroup;
			children = (
				FD4F35A1B1943B0CE151D7DC /* AlarmRepeat+Realm.swift */,
				EDA2B0529BE4FB072CCA8FB0 /* Diary.swift */,
				0D84876FD8616798100B25A7 /* RealmDiary+Mapping.swift */,
				1B8CADF7185070ABD899CD15 /* RealmDiaryRepository.swift */,
			);
			path = Realm;
			sourceTree = "<group>";
		};
		F3BA12CB97838BAB4195907C /* Derived */ = {
			isa = PBXGroup;
			children = (
				4FBB79C60897824D28D2F078 /* InfoPlists */,
				AB4A767A3336FE56C38B6D19 /* Sources */,
			);
			path = Derived;
			sourceTree = "<group>";
		};
		FC237FD791617F5A9E0F47BA /* HomeView */ = {
			isa = PBXGroup;
			children = (
				C943FF4E3DF7D78EF1DFC0C7 /* CalendarView.swift */,
				922A95CB7C3FDC91EA6D485D /* HomeTableView.swift */,
				D27AD12260A365E404D33925 /* HomeView.swift */,
			);
			path = HomeView;
			sourceTree = "<group>";
		};
		FE6263D33A148899AB0FE975 /* Story */ = {
			isa = PBXGroup;
			children = (
				BC47F6A854D1D170B508C9C0 /* FetchStoriesUseCase.swift */,
				88DA7E8D486AB5FF9A42347A /* ReportStoryUseCase.swift */,
				2FC269A36088A47E9050BD0B /* ToggleStoryLikeUseCase.swift */,
				500C2ABC69A1749926C5594C /* WriteStoryUseCase.swift */,
			);
			path = Story;
			sourceTree = "<group>";
		};
/* End PBXGroup section */

/* Begin PBXNativeTarget section */
		978029B7441340CD14E4D159 /* BanGiDa */ = {
			isa = PBXNativeTarget;
			buildConfigurationList = ACA26E5F678A0348D85858C3 /* Build configuration list for PBXNativeTarget "BanGiDa" */;
			buildPhases = (
				3C5710D1EF6DB64CF0C436E7 /* Sources */,
				46F3AF5AE101FA340158B989 /* Resources */,
				0C12D9024DDAEB91832CB6A2 /* Frameworks */,
				CF33097842F0613FE14B7AD6 /* Embed Frameworks */,
				615122F08747595EAA1CAFE5 /* Dependencies */,
			);
			buildRules = (
			);
			dependencies = (
			);
			name = BanGiDa;
			packageProductDependencies = (
				56F1E844A156FFF4301696EB /* FirebaseAnalytics */,
				5987A8356A670EE979D21007 /* FirebaseCrashlytics */,
				973563C05F6E0BCF430D4819 /* FirebaseMessaging */,
				D4CF82A7B46A8FA754590A03 /* FirebaseAuth */,
				AE3E1ECFE414E396D8641CD4 /* FirebaseFirestore */,
				C4C31B54D118098D789F24B8 /* FirebaseStorage */,
			);
			productName = BanGiDa;
			productReference = 5079251108D218A1341F7D2C /* BanGiDa.app */;
			productType = "com.apple.product-type.application";
		};
/* End PBXNativeTarget section */

/* Begin PBXProject section */
		80038661A29776837AE5C981 /* Project object */ = {
			isa = PBXProject;
			attributes = {
				BuildIndependentTargetsInParallel = YES;
				TargetAttributes = {
				};
			};
			buildConfigurationList = 10EFF87239EACD0B7E81E01E /* Build configuration list for PBXProject "BanGiDa" */;
			compatibilityVersion = "Xcode 14.0";
			developmentRegion = ko;
			hasScannedForEncodings = 0;
			knownRegions = (
				Base,
				ko,
			);
			mainGroup = 9028EBA8D2CB6CB182B7ABB3;
			packageReferences = (
				F504C2F951A4D707D57F5BBA /* XCRemoteSwiftPackageReference "firebase-ios-sdk" */,
			);
			productRefGroup = CB66ACA693AF477B5B75923A /* Products */;
			projectDirPath = "";
			projectRoot = "";
			targets = (
				978029B7441340CD14E4D159 /* BanGiDa */,
			);
		};
/* End PBXProject section */

/* Begin PBXResourcesBuildPhase section */
		46F3AF5AE101FA340158B989 /* Resources */ = {
			isa = PBXResourcesBuildPhase;
			buildActionMask = 2147483647;
			files = (
				5741B839EA718BA643BEAB90 /* Assets.xcassets in Resources */,
				CC418B95DE638BE1F4FABAB0 /* LaunchScreen.storyboard in Resources */,
				C4F04FBC89BAFBD81F95F924 /* GoogleService-Info.plist in Resources */,
				DBC0C14CB0B3A68D115E027F /* PrivacyInfo.xcprivacy in Resources */,
				4EED467B5D422E5912EEFE7A /* FontList.swift in Resources */,
				C848C1F4FFBF178A3BC8C399 /* Jalnan.ttf in Resources */,
				622DEA0F8521EDB483C54731 /* AcknowList_AcknowList.bundle in Resources */,
				25D79D4D4E8465F02E9BCB99 /* RealmDatabase_RealmCoreResources.bundle in Resources */,
				AE85C6FE27FA0BC886969B2F /* SnapKit_SnapKit.bundle in Resources */,
				CA6ACF04AC794A6D7FCE980C /* TOCropViewController_TOCropViewController.bundle in Resources */,
			);
			runOnlyForDeploymentPostprocessing = 0;
		};
/* End PBXResourcesBuildPhase section */

/* Begin PBXSourcesBuildPhase section */
		3C5710D1EF6DB64CF0C436E7 /* Sources */ = {
			isa = PBXSourcesBuildPhase;
			buildActionMask = 2147483647;
			files = (
				60E2EB8A9F08311B7DED6A43 /* AppDelegate.swift in Sources */,
				E9E76A949663B5681BE643CF /* DIContainer.swift in Sources */,
				22A8885F27AAD10FF9C77235 /* SceneDelegate.swift in Sources */,
				46941499BF1316D40BB2CA18 /* Injected.swift in Sources */,
				195DA79B9F8C7E14D9F53482 /* UserError.swift in Sources */,
				8374B6EB42C4579F2F419B73 /* WriteStoryError.swift in Sources */,
				D16F1ED48313601C9AB70AB1 /* BackupRepositoryImpl.swift in Sources */,
				663701B28F883B31DEE630DF /* AnalyticsRepositoryImpl.swift in Sources */,
				18805B1772F8112B2C6E1854 /* StoryRepositoryImpl.swift in Sources */,
				FDDA4197F288D20846DB14E4 /* UserRepositoryImpl.swift in Sources */,
				BB34EB316C21C8B5CA78C392 /* DocumentManager.swift in Sources */,
				2648F1F4177111639233090B /* ImageRepositoryImpl.swift in Sources */,
				F924A9916EB30688F2659C11 /* UserDefaultsKey.swift in Sources */,
				186E6894519E6E57E1189754 /* UserPreferencesRepositoryImpl.swift in Sources */,
				4F46817D28151AAB10121389 /* NotificationRepositoryImpl.swift in Sources */,
				44743705617EB5925112168D /* AlarmRepeat+Realm.swift in Sources */,
				AF0B86C77AF084779BE3A78E /* Diary.swift in Sources */,
				38A9735D67F7A4537EA3C4D7 /* RealmDiary+Mapping.swift in Sources */,
				98B1A4AA1A81D8760AE24177 /* RealmDiaryRepository.swift in Sources */,
				42C6AA422A76A025DE3FA990 /* AlarmRepeat.swift in Sources */,
				A9AB83B2FA1A3B7F062814D9 /* DiaryEntry.swift in Sources */,
				00558901FE7176C1E2209FBD /* DiaryType.swift in Sources */,
				55192D1A40CEDDD29E0160B4 /* StoryTypes.swift in Sources */,
				A43EF7024817E4A546DF575A /* UserPreferences.swift in Sources */,
				3B416F7CDE996164B29B4517 /* AnalyticsRepository.swift in Sources */,
				738FC3BB15CA5252B212A218 /* BackupRepository.swift in Sources */,
				AE8C9478DA2FB2624D4E2B7C /* DiaryRepository.swift in Sources */,
				AE6569CD63361472662A85E8 /* ImageRepository.swift in Sources */,
				524995CCB7CBDBB49615090B /* NotificationRepository.swift in Sources */,
				E824F63F36C67F7761A153F1 /* StoryRepository.swift in Sources */,
				5486F64651C2B7197C5E9E1A /* UserPreferencesRepository.swift in Sources */,
				D1299EA7F0C5730B0032924C /* UserRepository.swift in Sources */,
				10F63065FFBD9900258F1534 /* RemoveNotificationUseCase.swift in Sources */,
				140E3A0E48770F6E5B5C5C5A /* RequestNotificationAuthorizationUseCase.swift in Sources */,
				11F92E40BE2125A48F1C8A61 /* RestoreNotificationsUseCase.swift in Sources */,
				4814E5733E09E078354653D3 /* SaveAlarmUseCase.swift in Sources */,
				6940C7471848F46834E44A9D /* ScheduleNotificationUseCase.swift in Sources */,
				816E87CA4DBD710422254428 /* UpdateAlarmUseCase.swift in Sources */,
				2C9AD67D73B5B842395F7C15 /* CreateBackupUseCase.swift in Sources */,
				1192D892400BB3CE20F35D2B /* ResetDataUseCase.swift in Sources */,
				D340376B109945AF98F0FF0F /* RestoreBackupUseCase.swift in Sources */,
				B3ED6C73C4E16B13E4D5BFB8 /* DeleteDiaryUseCase.swift in Sources */,
				80894ADDC0403B3A66E019CB /* FetchDiariesByDateUseCase.swift in Sources */,
				F58B5E5753F91E595E0B4BFC /* FindDiaryByIDUseCase.swift in Sources */,
				DFA32C31C678339A3F9957A3 /* SaveDiaryUseCase.swift in Sources */,
				EBCDED72991CD4B9A523BD18 /* SearchDiariesUseCase.swift in Sources */,
				1266AEF5A882856446C3DB3F /* UpdateDiaryUseCase.swift in Sources */,
				BE50808B230C815947D5B8D6 /* LoadImageUseCase.swift in Sources */,
				88082D996A5A7733E368BF0E /* SaveImageUseCase.swift in Sources */,
				6BAA7F1037B4F2ABB0086661 /* UserPreferencesUseCase.swift in Sources */,
				95880949A6E3C0ADE6E55257 /* FetchStoriesUseCase.swift in Sources */,
				9902E446D5A38FCC9893EF59 /* ReportStoryUseCase.swift in Sources */,
				149EB238C812034078827CD3 /* ToggleStoryLikeUseCase.swift in Sources */,
				32119C76788F7282D27D22A0 /* WriteStoryUseCase.swift in Sources */,
				ABBA0DE3D76ABE587CD9247D /* CheckUserRegistrationUseCase.swift in Sources */,
				57537B4FD5946F8C87B9CBE4 /* CreateAuthUserUseCase.swift in Sources */,
				F483F7C19D96D638F91AF9B7 /* UpdateNicknameUseCase.swift in Sources */,
				F2C1F7989BDF792E30CEF47D /* Color+Extension.swift in Sources */,
				EDD21E75917DD51A555BEE31 /* Date+Extension.swift in Sources */,
				9C808295FCF34AE9237FE2B5 /* String+Extension.swift in Sources */,
				17CA6EB81398EA1B628E2CE7 /* UIColor+Extension.swift in Sources */,
				923115D7785033CC2EEF1711 /* UIViewController+Extension.swift in Sources */,
				1C65BD76876F0C69FC850793 /* BaseTableViewCell.swift in Sources */,
				9BCA9394D08D94E6E30AAECD /* BaseView.swift in Sources */,
				69EA6C98361662615C3AC775 /* BaseViewController.swift in Sources */,
				733E472CB53E9B213F89A2CF /* AnimalNameButton.swift in Sources */,
				4E9E6696EB89200E0648A729 /* SelectButtonCollectionView.swift in Sources */,
				9A63899D39060267CA2696E3 /* SelectButtonCollectionViewCell.swift in Sources */,
				AC38EB5AA28E956AF70FABED /* AlarmListTableViewCell.swift in Sources */,
				7FC71E6AB8EEC740D01569A2 /* MemoHeaderView.swift in Sources */,
				E0244A0314DACAB4B932F61C /* MemoListTableViewCell.swift in Sources */,
				5BDB8A8F1BB4B7FD0B3291D2 /* LineView.swift in Sources */,
				504A0ADF837559A9D0F4C38B /* CachedAsyncImage.swift in Sources */,
				821E7F35E7525BF11D29A21C /* Category.swift in Sources */,
				70771C918527E4E564102A50 /* MainTabViewController.swift in Sources */,
				B447845B3AAD7E8A92308DC8 /* AlarmView.swift in Sources */,
				F6A04C7491E104F3A61B6B61 /* AlarmViewController.swift in Sources */,
				D4D0B38AFF6CE6584175EAA6 /* AlarmViewModel.swift in Sources */,
				07F3F426EF399C8EC0D43E36 /* CalendarView.swift in Sources */,
				EACA2D0C1A1E05EE5C5B07A4 /* HomeTableView.swift in Sources */,
				BDD40280F0C041E39873C071 /* HomeView.swift in Sources */,
				71AFA328EB9C16E8C402B31C /* HomeViewViewController.swift in Sources */,
				0536AF7D3CA39F8AD1825EFA /* HomeViewModel.swift in Sources */,
				9DBBA6FEEB616ADF09CF00BB /* SearchView.swift in Sources */,
				7414709F83AA84CA8D814525 /* SearchViewController.swift in Sources */,
				2B6A8DAE4527FB69C6CC7960 /* SearchViewModel.swift in Sources */,
				B4974833A20C6298EA5109D7 /* SettingTableViewCell.swift in Sources */,
				1E73E6F73D11D57C01C833EC /* ProfileView.swift in Sources */,
				C4053AEC466DF3EF21D34E45 /* SettingTableHeaderView.swift in Sources */,
				3592953E289345516FD2E338 /* SettingView.swift in Sources */,
				2F7C3E9042B20CA00B6279FE /* SettingViewController.swift in Sources */,
				ED7EF5176282AA8E218557FF /* SettingViewModel.swift in Sources */,
				E8442834DAACDF929F332797 /* Story.swift in Sources */,
				59A2E112609CDDECCC75E6AE /* ReportSheetView.swift in Sources */,
				61CDD88E6363904B54C1D64E /* ReportViewModel.swift in Sources */,
				AC71FC2FB972218AA914F32D /* StoryGuideOverlay.swift in Sources */,
				07D92C35C200E2174D2245AA /* StoryView.swift in Sources */,
				D86D65D4A47B6BC0573C9ADB /* StoryRow.swift in Sources */,
				768004D612096E66368C1134 /* StoryViewModel.swift in Sources */,
				6FF88C37BED3F59E8403BC13 /* WriteStoryView.swift in Sources */,
				5224506C6D90A5598618FCC5 /* WriteStoryViewModel.swift in Sources */,
				A5C8852E18B08124D544E590 /* AnimalNameCollectionViewCell.swift in Sources */,
				D566F51A4BA81B6B3AA590EB /* MemoView.swift in Sources */,
				34D4E0F037C2BB02B0344649 /* WriteViewController.swift in Sources */,
				18316EBFD3D75F6DAC2EEFCF /* WriteViewModel.swift in Sources */,
				AAFB12DD221E4F8EC9429252 /* WalkThroughView.swift in Sources */,
				9773CCC1BC3079F0292AE1B8 /* WalkTroughViewController.swift in Sources */,
				E1207BE563309068BFC63F45 /* WalkThroughViewModel.swift in Sources */,
				0E5B70A32C7FBEBC8971C733 /* ReusableProtocol.swift in Sources */,
				74A8ED5E0BF2D92F73C69D77 /* FontList.swift in Sources */,
				5527E5F9EBC1F26B22F4BD3F /* TuistAssets+BanGiDa.swift in Sources */,
				E8678D26D2E7C99E899D21B3 /* TuistBundle+BanGiDa.swift in Sources */,
				BCCF8ECD52616356F5CBE385 /* TuistFonts+BanGiDa.swift in Sources */,
				36D47BC5DD2E2D7515FA8C2B /* TuistPlists+BanGiDa.swift in Sources */,
			);
			runOnlyForDeploymentPostprocessing = 0;
		};
/* End PBXSourcesBuildPhase section */

/* Begin PBXVariantGroup section */
		5B5FA363F100E46B66776142 /* LaunchScreen.storyboard */ = {
			isa = PBXVariantGroup;
			children = (
				9A8C1FBA50922C40B1169F39 /* Base */,
			);
			name = LaunchScreen.storyboard;
			sourceTree = "<group>";
		};
/* End PBXVariantGroup section */

/* Begin XCBuildConfiguration section */
		2910700F9144B75F914CA3CF /* Release */ = {
			isa = XCBuildConfiguration;
			buildSettings = {
				ALWAYS_SEARCH_USER_PATHS = NO;
				CLANG_ANALYZER_LOCALIZABILITY_NONLOCALIZED = YES;
				CLANG_ANALYZER_NONNULL = YES;
				CLANG_ANALYZER_NUMBER_OBJECT_CONVERSION = YES_AGGRESSIVE;
				CLANG_CXX_LANGUAGE_STANDARD = "gnu++14";
				CLANG_CXX_LIBRARY = "libc++";
				CLANG_ENABLE_MODULES = YES;
				CLANG_ENABLE_OBJC_ARC = YES;
				CLANG_ENABLE_OBJC_WEAK = YES;
				CLANG_WARN_BLOCK_CAPTURE_AUTORELEASING = YES;
				CLANG_WARN_BOOL_CONVERSION = YES;
				CLANG_WARN_COMMA = YES;
				CLANG_WARN_CONSTANT_CONVERSION = YES;
				CLANG_WARN_DEPRECATED_OBJC_IMPLEMENTATIONS = YES;
				CLANG_WARN_DIRECT_OBJC_ISA_USAGE = YES_ERROR;
				CLANG_WARN_DOCUMENTATION_COMMENTS = YES;
				CLANG_WARN_EMPTY_BODY = YES;
				CLANG_WARN_ENUM_CONVERSION = YES;
				CLANG_WARN_INFINITE_RECURSION = YES;
				CLANG_WARN_INT_CONVERSION = YES;
				CLANG_WARN_NON_LITERAL_NULL_CONVERSION = YES;
				CLANG_WARN_OBJC_IMPLICIT_RETAIN_SELF = YES;
				CLANG_WARN_OBJC_LITERAL_CONVERSION = YES;
				CLANG_WARN_OBJC_ROOT_CLASS = YES_ERROR;
				CLANG_WARN_QUOTED_INCLUDE_IN_FRAMEWORK_HEADER = YES;
				CLANG_WARN_RANGE_LOOP_ANALYSIS = YES;
				CLANG_WARN_STRICT_PROTOTYPES = YES;
				CLANG_WARN_SUSPICIOUS_MOVE = YES;
				CLANG_WARN_UNGUARDED_AVAILABILITY = YES_AGGRESSIVE;
				CLANG_WARN_UNREACHABLE_CODE = YES;
				CLANG_WARN__DUPLICATE_METHOD_MATCH = YES;
				CODE_SIGN_STYLE = Automatic;
				COPY_PHASE_STRIP = NO;
				CURRENT_PROJECT_VERSION = 6;
				DEAD_CODE_STRIPPING = YES;
				DEBUG_INFORMATION_FORMAT = "dwarf-with-dsym";
				DEVELOPMENT_TEAM = 3K4KWAG7KD;
				ENABLE_NS_ASSERTIONS = NO;
				ENABLE_STRICT_OBJC_MSGSEND = YES;
				GCC_C_LANGUAGE_STANDARD = gnu11;
				GCC_NO_COMMON_BLOCKS = YES;
				GCC_WARN_64_TO_32_BIT_CONVERSION = YES;
				GCC_WARN_ABOUT_RETURN_TYPE = YES_ERROR;
				GCC_WARN_UNDECLARED_SELECTOR = YES;
				GCC_WARN_UNINITIALIZED_AUTOS = YES_AGGRESSIVE;
				GCC_WARN_UNUSED_FUNCTION = YES;
				GCC_WARN_UNUSED_VARIABLE = YES;
				MARKETING_VERSION = 2.0.0;
				MTL_ENABLE_DEBUG_INFO = NO;
				PRODUCT_NAME = "$(TARGET_NAME)";
				SWIFT_EXPLICITLY_BUILT_MODULES = NO;
				VALIDATE_PRODUCT = YES;
			};
			name = Release;
		};
		4DCBB03E281CCB4E4006EFB2 /* Debug */ = {
			isa = XCBuildConfiguration;
			buildSettings = {
				ASSETCATALOG_COMPILER_APPICON_NAME = AppIcon;
				ASSETCATALOG_COMPILER_GLOBAL_ACCENT_COLOR_NAME = AccentColor;
				CODE_SIGN_ENTITLEMENTS = BanGiDa/BanGiDa.entitlements;
				CODE_SIGN_IDENTITY = "iPhone Developer";
				ENABLE_PREVIEWS = YES;
				HEADER_SEARCH_PATHS = (
					"$(inherited)",
					"$(SRCROOT)/Tuist/.build/checkouts/FSCalendar/FSCalendar/include",
					"$(SRCROOT)/Tuist/.build/checkouts/TOCropViewController/Objective-C/TOCropViewController/include",
					"$(SRCROOT)/Tuist/.build/checkouts/Zip/Zip/minizip/include",
					"$(SRCROOT)/Tuist/.build/checkouts/realm-core/src",
					"$(SRCROOT)/Tuist/.build/checkouts/realm-core/src/external",
					"$(SRCROOT)/Tuist/.build/checkouts/realm-core/src/external/IntelRDFPMathLib20U2/LIBRARY/src",
					"$(SRCROOT)/Tuist/.build/checkouts/realm-core/src/external/s2",
					"$(SRCROOT)/Tuist/.build/checkouts/realm-swift",
					"$(SRCROOT)/Tuist/.build/checkouts/realm-swift/include",
				);
				INFOPLIST_FILE = "Derived/InfoPlists/BanGiDa-Info.plist";
				IPHONEOS_DEPLOYMENT_TARGET = 16.0;
				LD_RUNPATH_SEARCH_PATHS = (
					"$(inherited)",
					"@executable_path/Frameworks",
				);
				OTHER_CFLAGS = (
					"$(inherited)",
					"-fmodule-map-file=$(SRCROOT)/Tuist/.build/checkouts/FSCalendar/FSCalendar/include/module.modulemap",
					"-fmodule-map-file=$(SRCROOT)/Tuist/.build/checkouts/TOCropViewController/Objective-C/TOCropViewController/include/module.modulemap",
					"-fmodule-map-file=$(SRCROOT)/Tuist/.build/checkouts/realm-core/src/module.modulemap",
					"-fmodule-map-file=$(SRCROOT)/Tuist/.build/checkouts/realm-swift/include/module.modulemap",
					"-fmodule-map-file=$(SRCROOT)/Tuist/.build/tuist-derived/Bid/Bid.modulemap",
					"-fmodule-map-file=$(SRCROOT)/Tuist/.build/tuist-derived/Minizip/Minizip.modulemap",
					"-fmodule-map-file=$(SRCROOT)/Tuist/.build/tuist-derived/s2geometry/s2geometry.modulemap",
				);
				OTHER_LDFLAGS = (
					"$(inherited) -ObjC",
					"-L$(DT_TOOLCHAIN_DIR)/usr/lib/swift/$(PLATFORM_NAME)",
				);
				OTHER_SWIFT_FLAGS = (
					"$(inherited)",
					"-Xcc",
					"-fmodule-map-file=$(SRCROOT)/Tuist/.build/checkouts/FSCalendar/FSCalendar/include/module.modulemap",
					"-Xcc",
					"-fmodule-map-file=$(SRCROOT)/Tuist/.build/checkouts/TOCropViewController/Objective-C/TOCropViewController/include/module.modulemap",
					"-Xcc",
					"-fmodule-map-file=$(SRCROOT)/Tuist/.build/checkouts/realm-core/src/module.modulemap",
					"-Xcc",
					"-fmodule-map-file=$(SRCROOT)/Tuist/.build/checkouts/realm-swift/include/module.modulemap",
					"-Xcc",
					"-fmodule-map-file=$(SRCROOT)/Tuist/.build/tuist-derived/Bid/Bid.modulemap",
					"-Xcc",
					"-fmodule-map-file=$(SRCROOT)/Tuist/.build/tuist-derived/Minizip/Minizip.modulemap",
					"-Xcc",
					"-fmodule-map-file=$(SRCROOT)/Tuist/.build/tuist-derived/s2geometry/s2geometry.modulemap",
				);
				PRODUCT_BUNDLE_IDENTIFIER = com.hsj.bangida;
				PRODUCT_NAME = BanGiDa;
				SDKROOT = iphoneos;
				SUPPORTS_MACCATALYST = NO;
				SUPPORTS_MAC_DESIGNED_FOR_IPHONE_IPAD = YES;
				SUPPORTS_XR_DESIGNED_FOR_IPHONE_IPAD = NO;
				SWIFT_ACTIVE_COMPILATION_CONDITIONS = (
					"$(inherited)",
					DEBUG,
				);
				SWIFT_COMPILATION_MODE = singlefile;
				SWIFT_OPTIMIZATION_LEVEL = "-Onone";
				SWIFT_VERSION = 5.0;
				TARGETED_DEVICE_FAMILY = "1,2";
			};
			name = Debug;
		};
		5F2908A7489D52C7E76D1DA7 /* Release */ = {
			isa = XCBuildConfiguration;
			buildSettings = {
				ASSETCATALOG_COMPILER_APPICON_NAME = AppIcon;
				ASSETCATALOG_COMPILER_GLOBAL_ACCENT_COLOR_NAME = AccentColor;
				CODE_SIGN_ENTITLEMENTS = BanGiDa/BanGiDa.entitlements;
				CODE_SIGN_IDENTITY = "iPhone Developer";
				ENABLE_PREVIEWS = YES;
				HEADER_SEARCH_PATHS = (
					"$(inherited)",
					"$(SRCROOT)/Tuist/.build/checkouts/FSCalendar/FSCalendar/include",
					"$(SRCROOT)/Tuist/.build/checkouts/TOCropViewController/Objective-C/TOCropViewController/include",
					"$(SRCROOT)/Tuist/.build/checkouts/Zip/Zip/minizip/include",
					"$(SRCROOT)/Tuist/.build/checkouts/realm-core/src",
					"$(SRCROOT)/Tuist/.build/checkouts/realm-core/src/external",
					"$(SRCROOT)/Tuist/.build/checkouts/realm-core/src/external/IntelRDFPMathLib20U2/LIBRARY/src",
					"$(SRCROOT)/Tuist/.build/checkouts/realm-core/src/external/s2",
					"$(SRCROOT)/Tuist/.build/checkouts/realm-swift",
					"$(SRCROOT)/Tuist/.build/checkouts/realm-swift/include",
				);
				INFOPLIST_FILE = "Derived/InfoPlists/BanGiDa-Info.plist";
				IPHONEOS_DEPLOYMENT_TARGET = 16.0;
				LD_RUNPATH_SEARCH_PATHS = (
					"$(inherited)",
					"@executable_path/Frameworks",
				);
				OTHER_CFLAGS = (
					"$(inherited)",
					"-fmodule-map-file=$(SRCROOT)/Tuist/.build/checkouts/FSCalendar/FSCalendar/include/module.modulemap",
					"-fmodule-map-file=$(SRCROOT)/Tuist/.build/checkouts/TOCropViewController/Objective-C/TOCropViewController/include/module.modulemap",
					"-fmodule-map-file=$(SRCROOT)/Tuist/.build/checkouts/realm-core/src/module.modulemap",
					"-fmodule-map-file=$(SRCROOT)/Tuist/.build/checkouts/realm-swift/include/module.modulemap",
					"-fmodule-map-file=$(SRCROOT)/Tuist/.build/tuist-derived/Bid/Bid.modulemap",
					"-fmodule-map-file=$(SRCROOT)/Tuist/.build/tuist-derived/Minizip/Minizip.modulemap",
					"-fmodule-map-file=$(SRCROOT)/Tuist/.build/tuist-derived/s2geometry/s2geometry.modulemap",
				);
				OTHER_LDFLAGS = (
					"$(inherited) -ObjC",
					"-L$(DT_TOOLCHAIN_DIR)/usr/lib/swift/$(PLATFORM_NAME)",
				);
				OTHER_SWIFT_FLAGS = (
					"$(inherited)",
					"-Xcc",
					"-fmodule-map-file=$(SRCROOT)/Tuist/.build/checkouts/FSCalendar/FSCalendar/include/module.modulemap",
					"-Xcc",
					"-fmodule-map-file=$(SRCROOT)/Tuist/.build/checkouts/TOCropViewController/Objective-C/TOCropViewController/include/module.modulemap",
					"-Xcc",
					"-fmodule-map-file=$(SRCROOT)/Tuist/.build/checkouts/realm-core/src/module.modulemap",
					"-Xcc",
					"-fmodule-map-file=$(SRCROOT)/Tuist/.build/checkouts/realm-swift/include/module.modulemap",
					"-Xcc",
					"-fmodule-map-file=$(SRCROOT)/Tuist/.build/tuist-derived/Bid/Bid.modulemap",
					"-Xcc",
					"-fmodule-map-file=$(SRCROOT)/Tuist/.build/tuist-derived/Minizip/Minizip.modulemap",
					"-Xcc",
					"-fmodule-map-file=$(SRCROOT)/Tuist/.build/tuist-derived/s2geometry/s2geometry.modulemap",
				);
				PRODUCT_BUNDLE_IDENTIFIER = com.hsj.bangida;
				PRODUCT_NAME = BanGiDa;
				SDKROOT = iphoneos;
				SUPPORTS_MACCATALYST = NO;
				SUPPORTS_MAC_DESIGNED_FOR_IPHONE_IPAD = YES;
				SUPPORTS_XR_DESIGNED_FOR_IPHONE_IPAD = NO;
				SWIFT_COMPILATION_MODE = wholemodule;
				SWIFT_OPTIMIZATION_LEVEL = "-O";
				SWIFT_VERSION = 5.0;
				TARGETED_DEVICE_FAMILY = "1,2";
			};
			name = Release;
		};
		EF37D278EDFC26B820ED3FEF /* Debug */ = {
			isa = XCBuildConfiguration;
			buildSettings = {
				ALWAYS_SEARCH_USER_PATHS = NO;
				CLANG_ANALYZER_LOCALIZABILITY_NONLOCALIZED = YES;
				CLANG_ANALYZER_NONNULL = YES;
				CLANG_ANALYZER_NUMBER_OBJECT_CONVERSION = YES_AGGRESSIVE;
				CLANG_CXX_LANGUAGE_STANDARD = "gnu++14";
				CLANG_CXX_LIBRARY = "libc++";
				CLANG_ENABLE_MODULES = YES;
				CLANG_ENABLE_OBJC_ARC = YES;
				CLANG_ENABLE_OBJC_WEAK = YES;
				CLANG_WARN_BLOCK_CAPTURE_AUTORELEASING = YES;
				CLANG_WARN_BOOL_CONVERSION = YES;
				CLANG_WARN_COMMA = YES;
				CLANG_WARN_CONSTANT_CONVERSION = YES;
				CLANG_WARN_DEPRECATED_OBJC_IMPLEMENTATIONS = YES;
				CLANG_WARN_DIRECT_OBJC_ISA_USAGE = YES_ERROR;
				CLANG_WARN_DOCUMENTATION_COMMENTS = YES;
				CLANG_WARN_EMPTY_BODY = YES;
				CLANG_WARN_ENUM_CONVERSION = YES;
				CLANG_WARN_INFINITE_RECURSION = YES;
				CLANG_WARN_INT_CONVERSION = YES;
				CLANG_WARN_NON_LITERAL_NULL_CONVERSION = YES;
				CLANG_WARN_OBJC_IMPLICIT_RETAIN_SELF = YES;
				CLANG_WARN_OBJC_LITERAL_CONVERSION = YES;
				CLANG_WARN_OBJC_ROOT_CLASS = YES_ERROR;
				CLANG_WARN_QUOTED_INCLUDE_IN_FRAMEWORK_HEADER = YES;
				CLANG_WARN_RANGE_LOOP_ANALYSIS = YES;
				CLANG_WARN_STRICT_PROTOTYPES = YES;
				CLANG_WARN_SUSPICIOUS_MOVE = YES;
				CLANG_WARN_UNGUARDED_AVAILABILITY = YES_AGGRESSIVE;
				CLANG_WARN_UNREACHABLE_CODE = YES;
				CLANG_WARN__DUPLICATE_METHOD_MATCH = YES;
				CODE_SIGN_STYLE = Automatic;
				COPY_PHASE_STRIP = NO;
				CURRENT_PROJECT_VERSION = 6;
				DEAD_CODE_STRIPPING = YES;
				DEBUG_INFORMATION_FORMAT = dwarf;
				DEVELOPMENT_TEAM = 3K4KWAG7KD;
				ENABLE_STRICT_OBJC_MSGSEND = YES;
				ENABLE_TESTABILITY = YES;
				GCC_C_LANGUAGE_STANDARD = gnu11;
				GCC_DYNAMIC_NO_PIC = NO;
				GCC_NO_COMMON_BLOCKS = YES;
				GCC_OPTIMIZATION_LEVEL = 0;
				GCC_PREPROCESSOR_DEFINITIONS = (
					"DEBUG=1",
					"$(inherited)",
				);
				GCC_WARN_64_TO_32_BIT_CONVERSION = YES;
				GCC_WARN_ABOUT_RETURN_TYPE = YES_ERROR;
				GCC_WARN_UNDECLARED_SELECTOR = YES;
				GCC_WARN_UNINITIALIZED_AUTOS = YES_AGGRESSIVE;
				GCC_WARN_UNUSED_FUNCTION = YES;
				GCC_WARN_UNUSED_VARIABLE = YES;
				MARKETING_VERSION = 2.0.0;
				MTL_ENABLE_DEBUG_INFO = YES;
				ONLY_ACTIVE_ARCH = YES;
				PRODUCT_NAME = "$(TARGET_NAME)";
				SWIFT_EXPLICITLY_BUILT_MODULES = NO;
			};
			name = Debug;
		};
/* End XCBuildConfiguration section */

/* Begin XCConfigurationList section */
		10EFF87239EACD0B7E81E01E /* Build configuration list for PBXProject "BanGiDa" */ = {
			isa = XCConfigurationList;
			buildConfigurations = (
				EF37D278EDFC26B820ED3FEF /* Debug */,
				2910700F9144B75F914CA3CF /* Release */,
			);
			defaultConfigurationIsVisible = 0;
			defaultConfigurationName = Release;
		};
		ACA26E5F678A0348D85858C3 /* Build configuration list for PBXNativeTarget "BanGiDa" */ = {
			isa = XCConfigurationList;
			buildConfigurations = (
				4DCBB03E281CCB4E4006EFB2 /* Debug */,
				5F2908A7489D52C7E76D1DA7 /* Release */,
			);
			defaultConfigurationIsVisible = 0;
			defaultConfigurationName = Release;
		};
/* End XCConfigurationList section */

/* Begin XCRemoteSwiftPackageReference section */
		F504C2F951A4D707D57F5BBA /* XCRemoteSwiftPackageReference "firebase-ios-sdk" */ = {
			isa = XCRemoteSwiftPackageReference;
			repositoryURL = "https://github.com/firebase/firebase-ios-sdk";
			requirement = {
				kind = upToNextMajorVersion;
				minimumVersion = 11.0.0;
			};
		};
/* End XCRemoteSwiftPackageReference section */

/* Begin XCSwiftPackageProductDependency section */
		56F1E844A156FFF4301696EB /* FirebaseAnalytics */ = {
			isa = XCSwiftPackageProductDependency;
			productName = FirebaseAnalytics;
		};
		5987A8356A670EE979D21007 /* FirebaseCrashlytics */ = {
			isa = XCSwiftPackageProductDependency;
			productName = FirebaseCrashlytics;
		};
		973563C05F6E0BCF430D4819 /* FirebaseMessaging */ = {
			isa = XCSwiftPackageProductDependency;
			productName = FirebaseMessaging;
		};
		AE3E1ECFE414E396D8641CD4 /* FirebaseFirestore */ = {
			isa = XCSwiftPackageProductDependency;
			productName = FirebaseFirestore;
		};
		C4C31B54D118098D789F24B8 /* FirebaseStorage */ = {
			isa = XCSwiftPackageProductDependency;
			productName = FirebaseStorage;
		};
		D4CF82A7B46A8FA754590A03 /* FirebaseAuth */ = {
			isa = XCSwiftPackageProductDependency;
			productName = FirebaseAuth;
		};
/* End XCSwiftPackageProductDependency section */
	};
	rootObject = 80038661A29776837AE5C981 /* Project object */;
}
